{
  "version": 4,
  "terraform_version": "1.8.2",
  "serial": 41,
  "lineage": "da28ea8d-71fe-4023-dc91-f68d37ded323",
  "outputs": {
    "api_url": {
      "value": "",
      "type": "string"
    },
    "ccs_enabled": {
      "value": true,
      "type": "bool"
    },
    "console_url": {
      "value": "",
      "type": "string"
    },
    "current_version": {
      "value": "4.15.0",
      "type": "string"
    },
    "domain": {
      "value": "rosa-ril1cq.j1v4.p1.openshiftapps.com",
      "type": "string"
    },
    "external_id": {
      "value": "",
      "type": "string"
    },
    "id": {
      "value": "2b4d0407gj4eaulia3nsgkcdme0r73an",
      "type": "string"
    },
    "infra_id": {
      "value": "",
      "type": "string"
    },
    "ocm_properties": {
      "value": {
        "rosa_creator_arn": "arn:aws:iam::036473323158:user/open-environment-pd5rd-admin"
      },
      "type": [
        "map",
        "string"
      ]
    },
    "state": {
      "value": "waiting",
      "type": "string"
    }
  },
  "resources": [
    {
      "mode": "data",
      "type": "aws_availability_zones",
      "name": "available",
      "provider": "provider[\"registry.terraform.io/hashicorp/aws\"]",
      "instances": [
        {
          "schema_version": 0,
          "attributes": {
            "all_availability_zones": null,
            "exclude_names": null,
            "exclude_zone_ids": null,
            "filter": null,
            "group_names": [
              "us-east-1"
            ],
            "id": "us-east-1",
            "names": [
              "us-east-1a",
              "us-east-1b",
              "us-east-1c",
              "us-east-1d",
              "us-east-1e",
              "us-east-1f"
            ],
            "state": null,
            "timeouts": null,
            "zone_ids": [
              "use1-az2",
              "use1-az4",
              "use1-az6",
              "use1-az1",
              "use1-az3",
              "use1-az5"
            ]
          },
          "sensitive_attributes": []
        }
      ]
    },
    {
      "mode": "data",
      "type": "aws_caller_identity",
      "name": "current",
      "provider": "provider[\"registry.terraform.io/hashicorp/aws\"]",
      "instances": [
        {
          "schema_version": 0,
          "attributes": {
            "account_id": "036473323158",
            "arn": "arn:aws:iam::036473323158:user/open-environment-pd5rd-admin",
            "id": "036473323158",
            "user_id": "AIDAQQ7P2X2LOS7XIUQVY"
          },
          "sensitive_attributes": []
        }
      ]
    },
    {
      "mode": "data",
      "type": "rhcs_policies",
      "name": "all_policies",
      "provider": "provider[\"registry.terraform.io/terraform-redhat/rhcs\"]",
      "instances": [
        {
          "schema_version": 0,
          "attributes": {
            "account_role_policies": {
              "sts_installer_permission_policy": "{\"Version\": \"2012-10-17\", \"Statement\": [{\"Action\": [\"autoscaling:DescribeAutoScalingGroups\", \"ec2:AllocateAddress\", \"ec2:AssociateAddress\", \"ec2:AssociateDhcpOptions\", \"ec2:AssociateRouteTable\", \"ec2:AttachInternetGateway\", \"ec2:AttachNetworkInterface\", \"ec2:AuthorizeSecurityGroupEgress\", \"ec2:AuthorizeSecurityGroupIngress\", \"ec2:CopyImage\", \"ec2:CreateDhcpOptions\", \"ec2:CreateInternetGateway\", \"ec2:CreateNatGateway\", \"ec2:CreateNetworkInterface\", \"ec2:CreateRoute\", \"ec2:CreateRouteTable\", \"ec2:CreateSecurityGroup\", \"ec2:CreateSubnet\", \"ec2:CreateTags\", \"ec2:CreateVolume\", \"ec2:CreateVpc\", \"ec2:CreateVpcEndpoint\", \"ec2:DeleteDhcpOptions\", \"ec2:DeleteInternetGateway\", \"ec2:DeleteNatGateway\", \"ec2:DeleteNetworkInterface\", \"ec2:DeleteRoute\", \"ec2:DeleteRouteTable\", \"ec2:DeleteSecurityGroup\", \"ec2:DeleteSnapshot\", \"ec2:DeleteSubnet\", \"ec2:DeleteTags\", \"ec2:DeleteVolume\", \"ec2:DeleteVpc\", \"ec2:DeleteVpcEndpoints\", \"ec2:DeregisterImage\", \"ec2:DescribeAccountAttributes\", \"ec2:DescribeAddresses\", \"ec2:DescribeAvailabilityZones\", \"ec2:DescribeDhcpOptions\", \"ec2:DescribeImages\", \"ec2:DescribeInstanceAttribute\", \"ec2:DescribeInstanceCreditSpecifications\", \"ec2:DescribeInstances\", \"ec2:DescribeInstanceStatus\", \"ec2:DescribeInstanceTypeOfferings\", \"ec2:DescribeInstanceTypes\", \"ec2:DescribeInternetGateways\", \"ec2:DescribeKeyPairs\", \"ec2:DescribeNatGateways\", \"ec2:DescribeNetworkAcls\", \"ec2:DescribeNetworkInterfaces\", \"ec2:DescribePrefixLists\", \"ec2:DescribeRegions\", \"ec2:DescribeReservedInstancesOfferings\", \"ec2:DescribeRouteTables\", \"ec2:DescribeSecurityGroups\", \"ec2:DescribeSecurityGroupRules\", \"ec2:DescribeSubnets\", \"ec2:DescribeTags\", \"ec2:DescribeVolumes\", \"ec2:DescribeVpcAttribute\", \"ec2:DescribeVpcClassicLink\", \"ec2:DescribeVpcClassicLinkDnsSupport\", \"ec2:DescribeVpcEndpoints\", \"ec2:DescribeVpcs\", \"ec2:DetachInternetGateway\", \"ec2:DisassociateRouteTable\", \"ec2:GetConsoleOutput\", \"ec2:GetEbsDefaultKmsKeyId\", \"ec2:ModifyInstanceAttribute\", \"ec2:ModifyNetworkInterfaceAttribute\", \"ec2:ModifySubnetAttribute\", \"ec2:ModifyVpcAttribute\", \"ec2:ReleaseAddress\", \"ec2:ReplaceRouteTableAssociation\", \"ec2:RevokeSecurityGroupEgress\", \"ec2:RevokeSecurityGroupIngress\", \"ec2:RunInstances\", \"ec2:StartInstances\", \"ec2:StopInstances\", \"ec2:TerminateInstances\", \"elasticloadbalancing:AddTags\", \"elasticloadbalancing:ApplySecurityGroupsToLoadBalancer\", \"elasticloadbalancing:AttachLoadBalancerToSubnets\", \"elasticloadbalancing:ConfigureHealthCheck\", \"elasticloadbalancing:CreateListener\", \"elasticloadbalancing:CreateLoadBalancer\", \"elasticloadbalancing:CreateLoadBalancerListeners\", \"elasticloadbalancing:CreateTargetGroup\", \"elasticloadbalancing:DeleteLoadBalancer\", \"elasticloadbalancing:DeleteTargetGroup\", \"elasticloadbalancing:DeregisterInstancesFromLoadBalancer\", \"elasticloadbalancing:DeregisterTargets\", \"elasticloadbalancing:DescribeAccountLimits\", \"elasticloadbalancing:DescribeInstanceHealth\", \"elasticloadbalancing:DescribeListeners\", \"elasticloadbalancing:DescribeLoadBalancerAttributes\", \"elasticloadbalancing:DescribeLoadBalancers\", \"elasticloadbalancing:DescribeTags\", \"elasticloadbalancing:DescribeTargetGroupAttributes\", \"elasticloadbalancing:DescribeTargetGroups\", \"elasticloadbalancing:DescribeTargetHealth\", \"elasticloadbalancing:ModifyLoadBalancerAttributes\", \"elasticloadbalancing:ModifyTargetGroup\", \"elasticloadbalancing:ModifyTargetGroupAttributes\", \"elasticloadbalancing:RegisterInstancesWithLoadBalancer\", \"elasticloadbalancing:RegisterTargets\", \"elasticloadbalancing:SetLoadBalancerPoliciesOfListener\", \"iam:AddRoleToInstanceProfile\", \"iam:CreateInstanceProfile\", \"iam:DeleteInstanceProfile\", \"iam:GetInstanceProfile\", \"iam:TagInstanceProfile\", \"iam:GetRole\", \"iam:GetRolePolicy\", \"iam:GetUser\", \"iam:ListAttachedRolePolicies\", \"iam:ListInstanceProfiles\", \"iam:ListInstanceProfilesForRole\", \"iam:ListRolePolicies\", \"iam:ListRoles\", \"iam:ListUserPolicies\", \"iam:ListUsers\", \"iam:PassRole\", \"iam:RemoveRoleFromInstanceProfile\", \"iam:SimulatePrincipalPolicy\", \"iam:TagRole\", \"iam:UntagRole\", \"route53:ChangeResourceRecordSets\", \"route53:ChangeTagsForResource\", \"route53:CreateHostedZone\", \"route53:DeleteHostedZone\", \"route53:GetAccountLimit\", \"route53:GetChange\", \"route53:GetHostedZone\", \"route53:ListHostedZones\", \"route53:ListHostedZonesByName\", \"route53:ListResourceRecordSets\", \"route53:ListTagsForResource\", \"route53:UpdateHostedZoneComment\", \"s3:CreateBucket\", \"s3:DeleteBucket\", \"s3:DeleteObject\", \"s3:DeleteObjectVersion\", \"s3:GetAccelerateConfiguration\", \"s3:GetBucketAcl\", \"s3:GetBucketCORS\", \"s3:GetBucketLocation\", \"s3:GetBucketLogging\", \"s3:GetBucketObjectLockConfiguration\", \"s3:GetBucketPolicy\", \"s3:GetBucketRequestPayment\", \"s3:GetBucketTagging\", \"s3:GetBucketVersioning\", \"s3:GetBucketWebsite\", \"s3:GetEncryptionConfiguration\", \"s3:GetLifecycleConfiguration\", \"s3:GetObject\", \"s3:GetObjectAcl\", \"s3:GetObjectTagging\", \"s3:GetObjectVersion\", \"s3:GetReplicationConfiguration\", \"s3:ListBucket\", \"s3:ListBucketVersions\", \"s3:PutBucketAcl\", \"s3:PutBucketTagging\", \"s3:PutBucketVersioning\", \"s3:PutEncryptionConfiguration\", \"s3:PutObject\", \"s3:PutObjectAcl\", \"s3:PutObjectTagging\", \"servicequotas:GetServiceQuota\", \"servicequotas:ListAWSDefaultServiceQuotas\", \"sts:AssumeRole\", \"sts:AssumeRoleWithWebIdentity\", \"sts:GetCallerIdentity\", \"tag:GetResources\", \"tag:UntagResources\", \"ec2:CreateVpcEndpointServiceConfiguration\", \"ec2:DeleteVpcEndpointServiceConfigurations\", \"ec2:DescribeVpcEndpointServiceConfigurations\", \"ec2:DescribeVpcEndpointServicePermissions\", \"ec2:DescribeVpcEndpointServices\", \"ec2:ModifyVpcEndpointServicePermissions\", \"kms:DescribeKey\", \"cloudwatch:GetMetricData\"], \"Effect\": \"Allow\", \"Resource\": \"*\"}, {\"Action\": [\"secretsmanager:GetSecretValue\"], \"Effect\": \"Allow\", \"Resource\": \"*\", \"Condition\": {\"StringEquals\": {\"aws:ResourceTag/red-hat-managed\": \"true\"}}}]}",
              "sts_instance_controlplane_permission_policy": "{\"Version\": \"2012-10-17\", \"Statement\": [{\"Sid\": \"ReadPermissions\", \"Action\": [\"ec2:DescribeAvailabilityZones\", \"ec2:DescribeInstances\", \"ec2:DescribeRouteTables\", \"ec2:DescribeSecurityGroups\", \"ec2:DescribeSubnets\", \"ec2:DescribeVpcs\", \"elasticloadbalancing:DescribeLoadBalancers\", \"elasticloadbalancing:DescribeLoadBalancerAttributes\", \"elasticloadbalancing:DescribeListeners\", \"elasticloadbalancing:DescribeTargetGroups\", \"elasticloadbalancing:DescribeTargetHealth\", \"elasticloadbalancing:DescribeLoadBalancerPolicies\"], \"Effect\": \"Allow\", \"Resource\": [\"*\"]}, {\"Sid\": \"KMSDescribeKey\", \"Action\": [\"kms:DescribeKey\"], \"Effect\": \"Allow\", \"Resource\": [\"*\"], \"Condition\": {\"StringEquals\": {\"aws:ResourceTag/red-hat\": \"true\"}}}, {\"Action\": [\"ec2:AttachVolume\", \"ec2:AuthorizeSecurityGroupIngress\", \"ec2:CreateSecurityGroup\", \"ec2:CreateTags\", \"ec2:CreateVolume\", \"ec2:DeleteSecurityGroup\", \"ec2:DeleteVolume\", \"ec2:DetachVolume\", \"ec2:ModifyInstanceAttribute\", \"ec2:ModifyVolume\", \"ec2:RevokeSecurityGroupIngress\", \"elasticloadbalancing:AddTags\", \"elasticloadbalancing:AttachLoadBalancerToSubnets\", \"elasticloadbalancing:ApplySecurityGroupsToLoadBalancer\", \"elasticloadbalancing:CreateListener\", \"elasticloadbalancing:CreateLoadBalancer\", \"elasticloadbalancing:CreateLoadBalancerPolicy\", \"elasticloadbalancing:CreateLoadBalancerListeners\", \"elasticloadbalancing:CreateTargetGroup\", \"elasticloadbalancing:ConfigureHealthCheck\", \"elasticloadbalancing:DeleteListener\", \"elasticloadbalancing:DeleteLoadBalancer\", \"elasticloadbalancing:DeleteLoadBalancerListeners\", \"elasticloadbalancing:DeleteTargetGroup\", \"elasticloadbalancing:DeregisterInstancesFromLoadBalancer\", \"elasticloadbalancing:DeregisterTargets\", \"elasticloadbalancing:DetachLoadBalancerFromSubnets\", \"elasticloadbalancing:ModifyListener\", \"elasticloadbalancing:ModifyLoadBalancerAttributes\", \"elasticloadbalancing:ModifyTargetGroup\", \"elasticloadbalancing:ModifyTargetGroupAttributes\", \"elasticloadbalancing:RegisterInstancesWithLoadBalancer\", \"elasticloadbalancing:RegisterTargets\", \"elasticloadbalancing:SetLoadBalancerPoliciesForBackendServer\", \"elasticloadbalancing:SetLoadBalancerPoliciesOfListener\"], \"Effect\": \"Allow\", \"Resource\": \"*\"}]}",
              "sts_instance_worker_permission_policy": "{\"Version\": \"2012-10-17\", \"Statement\": [{\"Action\": [\"ec2:DescribeInstances\", \"ec2:DescribeRegions\"], \"Effect\": \"Allow\", \"Resource\": \"*\"}]}",
              "sts_support_permission_policy": "{\"Version\": \"2012-10-17\", \"Statement\": [{\"Action\": [\"cloudtrail:DescribeTrails\", \"cloudtrail:LookupEvents\", \"cloudwatch:GetMetricData\", \"cloudwatch:GetMetricStatistics\", \"cloudwatch:ListMetrics\", \"ec2-instance-connect:SendSerialConsoleSSHPublicKey\", \"ec2:CopySnapshot\", \"ec2:CreateNetworkInsightsPath\", \"ec2:CreateSnapshot\", \"ec2:CreateSnapshots\", \"ec2:CreateTags\", \"ec2:DeleteNetworkInsightsAnalysis\", \"ec2:DeleteNetworkInsightsPath\", \"ec2:DeleteTags\", \"ec2:DescribeAccountAttributes\", \"ec2:DescribeAddresses\", \"ec2:DescribeAddressesAttribute\", \"ec2:DescribeAggregateIdFormat\", \"ec2:DescribeAvailabilityZones\", \"ec2:DescribeByoipCidrs\", \"ec2:DescribeCapacityReservations\", \"ec2:DescribeCarrierGateways\", \"ec2:DescribeClassicLinkInstances\", \"ec2:DescribeClientVpnAuthorizationRules\", \"ec2:DescribeClientVpnConnections\", \"ec2:DescribeClientVpnEndpoints\", \"ec2:DescribeClientVpnRoutes\", \"ec2:DescribeClientVpnTargetNetworks\", \"ec2:DescribeCoipPools\", \"ec2:DescribeCustomerGateways\", \"ec2:DescribeDhcpOptions\", \"ec2:DescribeEgressOnlyInternetGateways\", \"ec2:DescribeIamInstanceProfileAssociations\", \"ec2:DescribeIdentityIdFormat\", \"ec2:DescribeIdFormat\", \"ec2:DescribeImageAttribute\", \"ec2:DescribeImages\", \"ec2:DescribeInstanceAttribute\", \"ec2:DescribeInstances\", \"ec2:DescribeInstanceStatus\", \"ec2:DescribeInstanceTypeOfferings\", \"ec2:DescribeInstanceTypes\", \"ec2:DescribeInternetGateways\", \"ec2:DescribeIpv6Pools\", \"ec2:DescribeKeyPairs\", \"ec2:DescribeLaunchTemplates\", \"ec2:DescribeLocalGatewayRouteTables\", \"ec2:DescribeLocalGatewayRouteTableVirtualInterfaceGroupAssociations\", \"ec2:DescribeLocalGatewayRouteTableVpcAssociations\", \"ec2:DescribeLocalGateways\", \"ec2:DescribeLocalGatewayVirtualInterfaceGroups\", \"ec2:DescribeLocalGatewayVirtualInterfaces\", \"ec2:DescribeManagedPrefixLists\", \"ec2:DescribeNatGateways\", \"ec2:DescribeNetworkAcls\", \"ec2:DescribeNetworkInsightsAnalyses\", \"ec2:DescribeNetworkInsightsPaths\", \"ec2:DescribeNetworkInterfaces\", \"ec2:DescribePlacementGroups\", \"ec2:DescribePrefixLists\", \"ec2:DescribePrincipalIdFormat\", \"ec2:DescribePublicIpv4Pools\", \"ec2:DescribeRegions\", \"ec2:DescribeReservedInstances\", \"ec2:DescribeRouteTables\", \"ec2:DescribeScheduledInstances\", \"ec2:DescribeSecurityGroupReferences\", \"ec2:DescribeSecurityGroupRules\", \"ec2:DescribeSecurityGroups\", \"ec2:DescribeSnapshotAttribute\", \"ec2:DescribeSnapshots\", \"ec2:DescribeSpotFleetInstances\", \"ec2:DescribeStaleSecurityGroups\", \"ec2:DescribeSubnets\", \"ec2:DescribeTags\", \"ec2:DescribeTransitGatewayAttachments\", \"ec2:DescribeTransitGatewayConnectPeers\", \"ec2:DescribeTransitGatewayConnects\", \"ec2:DescribeTransitGatewayMulticastDomains\", \"ec2:DescribeTransitGatewayPeeringAttachments\", \"ec2:DescribeTransitGatewayRouteTables\", \"ec2:DescribeTransitGateways\", \"ec2:DescribeTransitGatewayVpcAttachments\", \"ec2:DescribeVolumeAttribute\", \"ec2:DescribeVolumes\", \"ec2:DescribeVolumesModifications\", \"ec2:DescribeVolumeStatus\", \"ec2:DescribeVpcAttribute\", \"ec2:DescribeVpcClassicLink\", \"ec2:DescribeVpcClassicLinkDnsSupport\", \"ec2:DescribeVpcEndpointConnectionNotifications\", \"ec2:DescribeVpcEndpointConnections\", \"ec2:DescribeVpcEndpoints\", \"ec2:DescribeVpcEndpointServiceConfigurations\", \"ec2:DescribeVpcEndpointServicePermissions\", \"ec2:DescribeVpcEndpointServices\", \"ec2:DescribeVpcPeeringConnections\", \"ec2:DescribeVpcs\", \"ec2:DescribeVpnConnections\", \"ec2:DescribeVpnGateways\", \"ec2:GetAssociatedIpv6PoolCidrs\", \"ec2:GetConsoleOutput\", \"ec2:GetManagedPrefixListEntries\", \"ec2:GetSerialConsoleAccessStatus\", \"ec2:GetTransitGatewayAttachmentPropagations\", \"ec2:GetTransitGatewayMulticastDomainAssociations\", \"ec2:GetTransitGatewayPrefixListReferences\", \"ec2:GetTransitGatewayRouteTableAssociations\", \"ec2:GetTransitGatewayRouteTablePropagations\", \"ec2:ModifyInstanceAttribute\", \"ec2:RebootInstances\", \"ec2:RunInstances\", \"ec2:SearchLocalGatewayRoutes\", \"ec2:SearchTransitGatewayMulticastGroups\", \"ec2:SearchTransitGatewayRoutes\", \"ec2:StartInstances\", \"ec2:StartNetworkInsightsAnalysis\", \"ec2:StopInstances\", \"ec2:TerminateInstances\", \"elasticloadbalancing:ConfigureHealthCheck\", \"elasticloadbalancing:DescribeAccountLimits\", \"elasticloadbalancing:DescribeInstanceHealth\", \"elasticloadbalancing:DescribeListenerCertificates\", \"elasticloadbalancing:DescribeListeners\", \"elasticloadbalancing:DescribeLoadBalancerAttributes\", \"elasticloadbalancing:DescribeLoadBalancerPolicies\", \"elasticloadbalancing:DescribeLoadBalancerPolicyTypes\", \"elasticloadbalancing:DescribeLoadBalancers\", \"elasticloadbalancing:DescribeRules\", \"elasticloadbalancing:DescribeSSLPolicies\", \"elasticloadbalancing:DescribeTags\", \"elasticloadbalancing:DescribeTargetGroupAttributes\", \"elasticloadbalancing:DescribeTargetGroups\", \"elasticloadbalancing:DescribeTargetHealth\", \"iam:GetRole\", \"iam:ListRoles\", \"kms:CreateGrant\", \"route53:GetHostedZone\", \"route53:GetHostedZoneCount\", \"route53:ListHostedZones\", \"route53:ListHostedZonesByName\", \"route53:ListResourceRecordSets\", \"s3:GetBucketTagging\", \"s3:GetObjectAcl\", \"s3:GetObjectTagging\", \"s3:ListAllMyBuckets\", \"sts:DecodeAuthorizationMessage\", \"tiros:CreateQuery\", \"tiros:GetQueryAnswer\", \"tiros:GetQueryExplanation\"], \"Effect\": \"Allow\", \"Resource\": \"*\"}, {\"Action\": [\"s3:ListBucket\"], \"Effect\": \"Allow\", \"Resource\": [\"arn:aws:s3:::managed-velero*\", \"arn:aws:s3:::*image-registry*\"]}]}",
              "sts_support_rh_sre_role": "arn:aws:iam::710019948333:role/RH-Technical-Support-11009103"
            },
            "operator_role_policies": {
              "openshift_cloud_credential_operator_cloud_credential_operator_iam_ro_creds_policy": "{\"Version\": \"2012-10-17\", \"Statement\": [{\"Action\": [\"iam:GetUser\", \"iam:GetUserPolicy\", \"iam:ListAccessKeys\"], \"Effect\": \"Allow\", \"Resource\": \"*\"}]}",
              "openshift_cloud_network_config_controller_cloud_credentials_policy": "{\"Version\": \"2012-10-17\", \"Statement\": [{\"Action\": [\"ec2:DescribeInstances\", \"ec2:DescribeInstanceStatus\", \"ec2:DescribeInstanceTypes\", \"ec2:UnassignPrivateIpAddresses\", \"ec2:AssignPrivateIpAddresses\", \"ec2:UnassignIpv6Addresses\", \"ec2:AssignIpv6Addresses\", \"ec2:DescribeSubnets\", \"ec2:DescribeNetworkInterfaces\"], \"Effect\": \"Allow\", \"Resource\": \"*\"}]}",
              "openshift_cluster_csi_drivers_ebs_cloud_credentials_policy": "{\"Version\": \"2012-10-17\", \"Statement\": [{\"Action\": [\"ec2:AttachVolume\", \"ec2:CreateSnapshot\", \"ec2:CreateTags\", \"ec2:CreateVolume\", \"ec2:DeleteSnapshot\", \"ec2:DeleteTags\", \"ec2:DeleteVolume\", \"ec2:DescribeAvailabilityZones\", \"ec2:DescribeInstances\", \"ec2:DescribeSnapshots\", \"ec2:DescribeTags\", \"ec2:DescribeVolumes\", \"ec2:DescribeVolumesModifications\", \"ec2:DetachVolume\", \"ec2:EnableFastSnapshotRestores\", \"ec2:ModifyVolume\"], \"Effect\": \"Allow\", \"Resource\": \"*\"}]}",
              "openshift_image_registry_installer_cloud_credentials_policy": "{\"Version\": \"2012-10-17\", \"Statement\": [{\"Action\": [\"s3:CreateBucket\", \"s3:DeleteBucket\", \"s3:PutBucketTagging\", \"s3:GetBucketTagging\", \"s3:PutBucketPublicAccessBlock\", \"s3:GetBucketPublicAccessBlock\", \"s3:PutEncryptionConfiguration\", \"s3:GetEncryptionConfiguration\", \"s3:PutLifecycleConfiguration\", \"s3:GetLifecycleConfiguration\", \"s3:GetBucketLocation\", \"s3:ListBucket\", \"s3:GetObject\", \"s3:PutObject\", \"s3:DeleteObject\", \"s3:ListBucketMultipartUploads\", \"s3:AbortMultipartUpload\", \"s3:ListMultipartUploadParts\"], \"Effect\": \"Allow\", \"Resource\": \"*\"}]}",
              "openshift_ingress_operator_cloud_credentials_policy": "{\"Version\": \"2012-10-17\", \"Statement\": [{\"Action\": [\"elasticloadbalancing:DescribeLoadBalancers\", \"route53:ListHostedZones\", \"route53:ListTagsForResources\", \"route53:ChangeResourceRecordSets\", \"tag:GetResources\"], \"Effect\": \"Allow\", \"Resource\": \"*\"}]}",
              "openshift_machine_api_aws_cloud_credentials_policy": "{\"Version\": \"2012-10-17\", \"Statement\": [{\"Action\": [\"ec2:CreateTags\", \"ec2:DescribeAvailabilityZones\", \"ec2:DescribeDhcpOptions\", \"ec2:DescribeImages\", \"ec2:DescribeInstances\", \"ec2:DescribeInternetGateways\", \"ec2:DescribeInstanceTypes\", \"ec2:DescribeSecurityGroups\", \"ec2:DescribeRegions\", \"ec2:DescribeSubnets\", \"ec2:DescribeVpcs\", \"ec2:RunInstances\", \"ec2:TerminateInstances\", \"elasticloadbalancing:DescribeLoadBalancers\", \"elasticloadbalancing:DescribeTargetGroups\", \"elasticloadbalancing:DescribeTargetHealth\", \"elasticloadbalancing:RegisterInstancesWithLoadBalancer\", \"elasticloadbalancing:RegisterTargets\", \"elasticloadbalancing:DeregisterTargets\", \"iam:PassRole\", \"iam:CreateServiceLinkedRole\"], \"Effect\": \"Allow\", \"Resource\": \"*\"}, {\"Action\": [\"kms:Decrypt\", \"kms:Encrypt\", \"kms:GenerateDataKey\", \"kms:GenerateDataKeyWithoutPlainText\", \"kms:DescribeKey\"], \"Effect\": \"Allow\", \"Resource\": \"*\"}, {\"Action\": [\"kms:RevokeGrant\", \"kms:CreateGrant\", \"kms:ListGrants\"], \"Effect\": \"Allow\", \"Resource\": \"*\", \"Condition\": {\"Bool\": {\"kms:GrantIsForAWSResource\": true}}}]}",
              "shared_vpc_openshift_ingress_operator_cloud_credentials_policy": "{\"Version\": \"2012-10-17\", \"Statement\": [{\"Action\": [\"route53:ChangeResourceRecordSets\"], \"Effect\": \"Allow\", \"Resource\": \"*\", \"Condition\": {\"ForAllValues:StringLike\": {\"route53:ChangeResourceRecordSetsNormalizedRecordNames\": [\"*.devshift.org\", \"*.devshiftusgov.com\", \"*.openshiftapps.com\", \"*.openshiftusgov.com\"]}}}, {\"Action\": [\"elasticloadbalancing:DescribeLoadBalancers\", \"route53:ListHostedZones\", \"tag:GetResources\"], \"Effect\": \"Allow\", \"Resource\": \"*\"}, {\"Action\": \"sts:AssumeRole\", \"Effect\": \"Allow\", \"Resource\": \"%{shared_vpc_role_arn}\"}]}"
            }
          },
          "sensitive_attributes": []
        }
      ]
    },
    {
      "mode": "data",
      "type": "rhcs_rosa_operator_roles",
      "name": "operator_roles",
      "provider": "provider[\"registry.terraform.io/terraform-redhat/rhcs\"]",
      "instances": [
        {
          "schema_version": 0,
          "attributes": {
            "account_role_prefix": "rosa-ril1cq",
            "operator_iam_roles": [
              {
                "operator_name": "cloud-credential-operator-iam-ro-creds",
                "operator_namespace": "openshift-cloud-credential-operator",
                "policy_name": "rosa-ril1cq-openshift-cloud-credential-operator-cloud-credential",
                "role_name": "rosa-ril1cq-openshift-cloud-credential-operator-cloud-credential",
                "service_accounts": [
                  "system:serviceaccount:openshift-cloud-credential-operator:cloud-credential-operator"
                ]
              },
              {
                "operator_name": "cloud-credentials",
                "operator_namespace": "openshift-cloud-network-config-controller",
                "policy_name": "rosa-ril1cq-openshift-cloud-network-config-controller-cloud-cred",
                "role_name": "rosa-ril1cq-openshift-cloud-network-config-controller-cloud-cred",
                "service_accounts": [
                  "system:serviceaccount:openshift-cloud-network-config-controller:cloud-network-config-controller"
                ]
              },
              {
                "operator_name": "ebs-cloud-credentials",
                "operator_namespace": "openshift-cluster-csi-drivers",
                "policy_name": "rosa-ril1cq-openshift-cluster-csi-drivers-ebs-cloud-credentials",
                "role_name": "rosa-ril1cq-openshift-cluster-csi-drivers-ebs-cloud-credentials",
                "service_accounts": [
                  "system:serviceaccount:openshift-cluster-csi-drivers:aws-ebs-csi-driver-operator",
                  "system:serviceaccount:openshift-cluster-csi-drivers:aws-ebs-csi-driver-controller-sa"
                ]
              },
              {
                "operator_name": "installer-cloud-credentials",
                "operator_namespace": "openshift-image-registry",
                "policy_name": "rosa-ril1cq-openshift-image-registry-installer-cloud-credentials",
                "role_name": "rosa-ril1cq-openshift-image-registry-installer-cloud-credentials",
                "service_accounts": [
                  "system:serviceaccount:openshift-image-registry:cluster-image-registry-operator",
                  "system:serviceaccount:openshift-image-registry:registry"
                ]
              },
              {
                "operator_name": "cloud-credentials",
                "operator_namespace": "openshift-ingress-operator",
                "policy_name": "rosa-ril1cq-openshift-ingress-operator-cloud-credentials",
                "role_name": "rosa-ril1cq-openshift-ingress-operator-cloud-credentials",
                "service_accounts": [
                  "system:serviceaccount:openshift-ingress-operator:ingress-operator"
                ]
              },
              {
                "operator_name": "aws-cloud-credentials",
                "operator_namespace": "openshift-machine-api",
                "policy_name": "rosa-ril1cq-openshift-machine-api-aws-cloud-credentials",
                "role_name": "rosa-ril1cq-openshift-machine-api-aws-cloud-credentials",
                "service_accounts": [
                  "system:serviceaccount:openshift-machine-api:machine-api-controllers"
                ]
              }
            ],
            "operator_role_prefix": "rosa-ril1cq"
          },
          "sensitive_attributes": []
        }
      ]
    },
    {
      "mode": "data",
      "type": "rhcs_versions",
      "name": "all",
      "provider": "provider[\"registry.terraform.io/terraform-redhat/rhcs\"]",
      "instances": [
        {
          "schema_version": 0,
          "attributes": {
            "item": null,
            "items": [
              {
                "id": "openshift-v4.10.0-candidate",
                "name": "4.10.0"
              },
              {
                "id": "openshift-v4.10.0-fc.0-candidate",
                "name": "4.10.0-fc.0"
              },
              {
                "id": "openshift-v4.10.0-fc.1-candidate",
                "name": "4.10.0-fc.1"
              },
              {
                "id": "openshift-v4.10.0-fc.2-candidate",
                "name": "4.10.0-fc.2"
              },
              {
                "id": "openshift-v4.10.0-fc.3-candidate",
                "name": "4.10.0-fc.3"
              },
              {
                "id": "openshift-v4.10.0-fc.4-candidate",
                "name": "4.10.0-fc.4"
              },
              {
                "id": "openshift-v4.10.0-rc.0-candidate",
                "name": "4.10.0-rc.0"
              },
              {
                "id": "openshift-v4.10.0-rc.1-candidate",
                "name": "4.10.0-rc.1"
              },
              {
                "id": "openshift-v4.10.0-rc.2-candidate",
                "name": "4.10.0-rc.2"
              },
              {
                "id": "openshift-v4.10.0-rc.3-candidate",
                "name": "4.10.0-rc.3"
              },
              {
                "id": "openshift-v4.10.0-rc.4-candidate",
                "name": "4.10.0-rc.4"
              },
              {
                "id": "openshift-v4.10.0-rc.5-candidate",
                "name": "4.10.0-rc.5"
              },
              {
                "id": "openshift-v4.10.0-rc.6-candidate",
                "name": "4.10.0-rc.6"
              },
              {
                "id": "openshift-v4.10.0-rc.7-candidate",
                "name": "4.10.0-rc.7"
              },
              {
                "id": "openshift-v4.10.0-rc.8-candidate",
                "name": "4.10.0-rc.8"
              },
              {
                "id": "openshift-v4.10.10",
                "name": "4.10.10"
              },
              {
                "id": "openshift-v4.10.10-candidate",
                "name": "4.10.10"
              },
              {
                "id": "openshift-v4.10.10-fast",
                "name": "4.10.10"
              },
              {
                "id": "openshift-v4.10.11",
                "name": "4.10.11"
              },
              {
                "id": "openshift-v4.10.11-candidate",
                "name": "4.10.11"
              },
              {
                "id": "openshift-v4.10.11-fast",
                "name": "4.10.11"
              },
              {
                "id": "openshift-v4.10.12",
                "name": "4.10.12"
              },
              {
                "id": "openshift-v4.10.12-candidate",
                "name": "4.10.12"
              },
              {
                "id": "openshift-v4.10.12-fast",
                "name": "4.10.12"
              },
              {
                "id": "openshift-v4.10.13",
                "name": "4.10.13"
              },
              {
                "id": "openshift-v4.10.13-candidate",
                "name": "4.10.13"
              },
              {
                "id": "openshift-v4.10.13-fast",
                "name": "4.10.13"
              },
              {
                "id": "openshift-v4.10.14",
                "name": "4.10.14"
              },
              {
                "id": "openshift-v4.10.14-candidate",
                "name": "4.10.14"
              },
              {
                "id": "openshift-v4.10.14-fast",
                "name": "4.10.14"
              },
              {
                "id": "openshift-v4.10.15",
                "name": "4.10.15"
              },
              {
                "id": "openshift-v4.10.15-candidate",
                "name": "4.10.15"
              },
              {
                "id": "openshift-v4.10.15-fast",
                "name": "4.10.15"
              },
              {
                "id": "openshift-v4.10.16",
                "name": "4.10.16"
              },
              {
                "id": "openshift-v4.10.16-candidate",
                "name": "4.10.16"
              },
              {
                "id": "openshift-v4.10.16-fast",
                "name": "4.10.16"
              },
              {
                "id": "openshift-v4.10.17",
                "name": "4.10.17"
              },
              {
                "id": "openshift-v4.10.17-candidate",
                "name": "4.10.17"
              },
              {
                "id": "openshift-v4.10.17-fast",
                "name": "4.10.17"
              },
              {
                "id": "openshift-v4.10.18",
                "name": "4.10.18"
              },
              {
                "id": "openshift-v4.10.18-candidate",
                "name": "4.10.18"
              },
              {
                "id": "openshift-v4.10.18-fast",
                "name": "4.10.18"
              },
              {
                "id": "openshift-v4.10.1-candidate",
                "name": "4.10.1"
              },
              {
                "id": "openshift-v4.10.20",
                "name": "4.10.20"
              },
              {
                "id": "openshift-v4.10.20-candidate",
                "name": "4.10.20"
              },
              {
                "id": "openshift-v4.10.20-fast",
                "name": "4.10.20"
              },
              {
                "id": "openshift-v4.10.21",
                "name": "4.10.21"
              },
              {
                "id": "openshift-v4.10.21-candidate",
                "name": "4.10.21"
              },
              {
                "id": "openshift-v4.10.21-fast",
                "name": "4.10.21"
              },
              {
                "id": "openshift-v4.10.22",
                "name": "4.10.22"
              },
              {
                "id": "openshift-v4.10.22-candidate",
                "name": "4.10.22"
              },
              {
                "id": "openshift-v4.10.22-fast",
                "name": "4.10.22"
              },
              {
                "id": "openshift-v4.10.23",
                "name": "4.10.23"
              },
              {
                "id": "openshift-v4.10.23-candidate",
                "name": "4.10.23"
              },
              {
                "id": "openshift-v4.10.23-fast",
                "name": "4.10.23"
              },
              {
                "id": "openshift-v4.10.24",
                "name": "4.10.24"
              },
              {
                "id": "openshift-v4.10.24-candidate",
                "name": "4.10.24"
              },
              {
                "id": "openshift-v4.10.24-fast",
                "name": "4.10.24"
              },
              {
                "id": "openshift-v4.10.25",
                "name": "4.10.25"
              },
              {
                "id": "openshift-v4.10.25-candidate",
                "name": "4.10.25"
              },
              {
                "id": "openshift-v4.10.25-fast",
                "name": "4.10.25"
              },
              {
                "id": "openshift-v4.10.26",
                "name": "4.10.26"
              },
              {
                "id": "openshift-v4.10.26-candidate",
                "name": "4.10.26"
              },
              {
                "id": "openshift-v4.10.26-fast",
                "name": "4.10.26"
              },
              {
                "id": "openshift-v4.10.27-candidate",
                "name": "4.10.27"
              },
              {
                "id": "openshift-v4.10.28",
                "name": "4.10.28"
              },
              {
                "id": "openshift-v4.10.28-candidate",
                "name": "4.10.28"
              },
              {
                "id": "openshift-v4.10.28-fast",
                "name": "4.10.28"
              },
              {
                "id": "openshift-v4.10.29-candidate",
                "name": "4.10.29"
              },
              {
                "id": "openshift-v4.10.2-candidate",
                "name": "4.10.2"
              },
              {
                "id": "openshift-v4.10.3",
                "name": "4.10.3"
              },
              {
                "id": "openshift-v4.10.30",
                "name": "4.10.30"
              },
              {
                "id": "openshift-v4.10.30-candidate",
                "name": "4.10.30"
              },
              {
                "id": "openshift-v4.10.30-fast",
                "name": "4.10.30"
              },
              {
                "id": "openshift-v4.10.31",
                "name": "4.10.31"
              },
              {
                "id": "openshift-v4.10.31-candidate",
                "name": "4.10.31"
              },
              {
                "id": "openshift-v4.10.31-fast",
                "name": "4.10.31"
              },
              {
                "id": "openshift-v4.10.32",
                "name": "4.10.32"
              },
              {
                "id": "openshift-v4.10.32-candidate",
                "name": "4.10.32"
              },
              {
                "id": "openshift-v4.10.32-fast",
                "name": "4.10.32"
              },
              {
                "id": "openshift-v4.10.33",
                "name": "4.10.33"
              },
              {
                "id": "openshift-v4.10.33-candidate",
                "name": "4.10.33"
              },
              {
                "id": "openshift-v4.10.33-fast",
                "name": "4.10.33"
              },
              {
                "id": "openshift-v4.10.34",
                "name": "4.10.34"
              },
              {
                "id": "openshift-v4.10.34-candidate",
                "name": "4.10.34"
              },
              {
                "id": "openshift-v4.10.34-fast",
                "name": "4.10.34"
              },
              {
                "id": "openshift-v4.10.35",
                "name": "4.10.35"
              },
              {
                "id": "openshift-v4.10.35-candidate",
                "name": "4.10.35"
              },
              {
                "id": "openshift-v4.10.35-fast",
                "name": "4.10.35"
              },
              {
                "id": "openshift-v4.10.36",
                "name": "4.10.36"
              },
              {
                "id": "openshift-v4.10.36-candidate",
                "name": "4.10.36"
              },
              {
                "id": "openshift-v4.10.36-fast",
                "name": "4.10.36"
              },
              {
                "id": "openshift-v4.10.37",
                "name": "4.10.37"
              },
              {
                "id": "openshift-v4.10.37-candidate",
                "name": "4.10.37"
              },
              {
                "id": "openshift-v4.10.37-fast",
                "name": "4.10.37"
              },
              {
                "id": "openshift-v4.10.38",
                "name": "4.10.38"
              },
              {
                "id": "openshift-v4.10.38-candidate",
                "name": "4.10.38"
              },
              {
                "id": "openshift-v4.10.38-fast",
                "name": "4.10.38"
              },
              {
                "id": "openshift-v4.10.39",
                "name": "4.10.39"
              },
              {
                "id": "openshift-v4.10.39-candidate",
                "name": "4.10.39"
              },
              {
                "id": "openshift-v4.10.39-fast",
                "name": "4.10.39"
              },
              {
                "id": "openshift-v4.10.3-candidate",
                "name": "4.10.3"
              },
              {
                "id": "openshift-v4.10.3-fast",
                "name": "4.10.3"
              },
              {
                "id": "openshift-v4.10.4",
                "name": "4.10.4"
              },
              {
                "id": "openshift-v4.10.40",
                "name": "4.10.40"
              },
              {
                "id": "openshift-v4.10.40-candidate",
                "name": "4.10.40"
              },
              {
                "id": "openshift-v4.10.40-fast",
                "name": "4.10.40"
              },
              {
                "id": "openshift-v4.10.41",
                "name": "4.10.41"
              },
              {
                "id": "openshift-v4.10.41-candidate",
                "name": "4.10.41"
              },
              {
                "id": "openshift-v4.10.41-fast",
                "name": "4.10.41"
              },
              {
                "id": "openshift-v4.10.42",
                "name": "4.10.42"
              },
              {
                "id": "openshift-v4.10.42-candidate",
                "name": "4.10.42"
              },
              {
                "id": "openshift-v4.10.42-fast",
                "name": "4.10.42"
              },
              {
                "id": "openshift-v4.10.43",
                "name": "4.10.43"
              },
              {
                "id": "openshift-v4.10.43-candidate",
                "name": "4.10.43"
              },
              {
                "id": "openshift-v4.10.43-fast",
                "name": "4.10.43"
              },
              {
                "id": "openshift-v4.10.44-candidate",
                "name": "4.10.44"
              },
              {
                "id": "openshift-v4.10.45",
                "name": "4.10.45"
              },
              {
                "id": "openshift-v4.10.45-candidate",
                "name": "4.10.45"
              },
              {
                "id": "openshift-v4.10.45-fast",
                "name": "4.10.45"
              },
              {
                "id": "openshift-v4.10.46",
                "name": "4.10.46"
              },
              {
                "id": "openshift-v4.10.46-candidate",
                "name": "4.10.46"
              },
              {
                "id": "openshift-v4.10.46-fast",
                "name": "4.10.46"
              },
              {
                "id": "openshift-v4.10.47",
                "name": "4.10.47"
              },
              {
                "id": "openshift-v4.10.47-candidate",
                "name": "4.10.47"
              },
              {
                "id": "openshift-v4.10.47-fast",
                "name": "4.10.47"
              },
              {
                "id": "openshift-v4.10.48-candidate",
                "name": "4.10.48"
              },
              {
                "id": "openshift-v4.10.4-candidate",
                "name": "4.10.4"
              },
              {
                "id": "openshift-v4.10.4-fast",
                "name": "4.10.4"
              },
              {
                "id": "openshift-v4.10.5",
                "name": "4.10.5"
              },
              {
                "id": "openshift-v4.10.50",
                "name": "4.10.50"
              },
              {
                "id": "openshift-v4.10.50-candidate",
                "name": "4.10.50"
              },
              {
                "id": "openshift-v4.10.50-fast",
                "name": "4.10.50"
              },
              {
                "id": "openshift-v4.10.51",
                "name": "4.10.51"
              },
              {
                "id": "openshift-v4.10.51-candidate",
                "name": "4.10.51"
              },
              {
                "id": "openshift-v4.10.51-fast",
                "name": "4.10.51"
              },
              {
                "id": "openshift-v4.10.52",
                "name": "4.10.52"
              },
              {
                "id": "openshift-v4.10.52-candidate",
                "name": "4.10.52"
              },
              {
                "id": "openshift-v4.10.52-fast",
                "name": "4.10.52"
              },
              {
                "id": "openshift-v4.10.53",
                "name": "4.10.53"
              },
              {
                "id": "openshift-v4.10.53-candidate",
                "name": "4.10.53"
              },
              {
                "id": "openshift-v4.10.53-fast",
                "name": "4.10.53"
              },
              {
                "id": "openshift-v4.10.54",
                "name": "4.10.54"
              },
              {
                "id": "openshift-v4.10.54-candidate",
                "name": "4.10.54"
              },
              {
                "id": "openshift-v4.10.54-fast",
                "name": "4.10.54"
              },
              {
                "id": "openshift-v4.10.55",
                "name": "4.10.55"
              },
              {
                "id": "openshift-v4.10.55-candidate",
                "name": "4.10.55"
              },
              {
                "id": "openshift-v4.10.55-fast",
                "name": "4.10.55"
              },
              {
                "id": "openshift-v4.10.56",
                "name": "4.10.56"
              },
              {
                "id": "openshift-v4.10.56-candidate",
                "name": "4.10.56"
              },
              {
                "id": "openshift-v4.10.56-fast",
                "name": "4.10.56"
              },
              {
                "id": "openshift-v4.10.57",
                "name": "4.10.57"
              },
              {
                "id": "openshift-v4.10.57-candidate",
                "name": "4.10.57"
              },
              {
                "id": "openshift-v4.10.57-fast",
                "name": "4.10.57"
              },
              {
                "id": "openshift-v4.10.58",
                "name": "4.10.58"
              },
              {
                "id": "openshift-v4.10.58-candidate",
                "name": "4.10.58"
              },
              {
                "id": "openshift-v4.10.58-fast",
                "name": "4.10.58"
              },
              {
                "id": "openshift-v4.10.59",
                "name": "4.10.59"
              },
              {
                "id": "openshift-v4.10.59-candidate",
                "name": "4.10.59"
              },
              {
                "id": "openshift-v4.10.59-fast",
                "name": "4.10.59"
              },
              {
                "id": "openshift-v4.10.5-candidate",
                "name": "4.10.5"
              },
              {
                "id": "openshift-v4.10.5-fast",
                "name": "4.10.5"
              },
              {
                "id": "openshift-v4.10.6",
                "name": "4.10.6"
              },
              {
                "id": "openshift-v4.10.60",
                "name": "4.10.60"
              },
              {
                "id": "openshift-v4.10.60-candidate",
                "name": "4.10.60"
              },
              {
                "id": "openshift-v4.10.60-fast",
                "name": "4.10.60"
              },
              {
                "id": "openshift-v4.10.61",
                "name": "4.10.61"
              },
              {
                "id": "openshift-v4.10.61-candidate",
                "name": "4.10.61"
              },
              {
                "id": "openshift-v4.10.61-fast",
                "name": "4.10.61"
              },
              {
                "id": "openshift-v4.10.62",
                "name": "4.10.62"
              },
              {
                "id": "openshift-v4.10.62-candidate",
                "name": "4.10.62"
              },
              {
                "id": "openshift-v4.10.62-fast",
                "name": "4.10.62"
              },
              {
                "id": "openshift-v4.10.63",
                "name": "4.10.63"
              },
              {
                "id": "openshift-v4.10.63-candidate",
                "name": "4.10.63"
              },
              {
                "id": "openshift-v4.10.63-fast",
                "name": "4.10.63"
              },
              {
                "id": "openshift-v4.10.64",
                "name": "4.10.64"
              },
              {
                "id": "openshift-v4.10.64-candidate",
                "name": "4.10.64"
              },
              {
                "id": "openshift-v4.10.64-fast",
                "name": "4.10.64"
              },
              {
                "id": "openshift-v4.10.65",
                "name": "4.10.65"
              },
              {
                "id": "openshift-v4.10.65-candidate",
                "name": "4.10.65"
              },
              {
                "id": "openshift-v4.10.65-fast",
                "name": "4.10.65"
              },
              {
                "id": "openshift-v4.10.66",
                "name": "4.10.66"
              },
              {
                "id": "openshift-v4.10.66-candidate",
                "name": "4.10.66"
              },
              {
                "id": "openshift-v4.10.66-fast",
                "name": "4.10.66"
              },
              {
                "id": "openshift-v4.10.67",
                "name": "4.10.67"
              },
              {
                "id": "openshift-v4.10.67-candidate",
                "name": "4.10.67"
              },
              {
                "id": "openshift-v4.10.67-fast",
                "name": "4.10.67"
              },
              {
                "id": "openshift-v4.10.6-candidate",
                "name": "4.10.6"
              },
              {
                "id": "openshift-v4.10.6-fast",
                "name": "4.10.6"
              },
              {
                "id": "openshift-v4.10.7-candidate",
                "name": "4.10.7"
              },
              {
                "id": "openshift-v4.10.8",
                "name": "4.10.8"
              },
              {
                "id": "openshift-v4.10.8-candidate",
                "name": "4.10.8"
              },
              {
                "id": "openshift-v4.10.8-fast",
                "name": "4.10.8"
              },
              {
                "id": "openshift-v4.10.9",
                "name": "4.10.9"
              },
              {
                "id": "openshift-v4.10.9-candidate",
                "name": "4.10.9"
              },
              {
                "id": "openshift-v4.10.9-fast",
                "name": "4.10.9"
              },
              {
                "id": "openshift-v4.11.0-0.nightly-2023-09-12-145440-nightly",
                "name": "4.11.0-0.nightly-2023-09-12-145440"
              },
              {
                "id": "openshift-v4.11.0-0.nightly-2023-09-12-232946-nightly",
                "name": "4.11.0-0.nightly-2023-09-12-232946"
              },
              {
                "id": "openshift-v4.11.0-candidate",
                "name": "4.11.0"
              },
              {
                "id": "openshift-v4.11.0-fast",
                "name": "4.11.0"
              },
              {
                "id": "openshift-v4.11.0-fc.0-candidate",
                "name": "4.11.0-fc.0"
              },
              {
                "id": "openshift-v4.11.0-fc.3-candidate",
                "name": "4.11.0-fc.3"
              },
              {
                "id": "openshift-v4.11.0-rc.0-candidate",
                "name": "4.11.0-rc.0"
              },
              {
                "id": "openshift-v4.11.0-rc.1-candidate",
                "name": "4.11.0-rc.1"
              },
              {
                "id": "openshift-v4.11.0-rc.2-candidate",
                "name": "4.11.0-rc.2"
              },
              {
                "id": "openshift-v4.11.0-rc.3-candidate",
                "name": "4.11.0-rc.3"
              },
              {
                "id": "openshift-v4.11.0-rc.4-candidate",
                "name": "4.11.0-rc.4"
              },
              {
                "id": "openshift-v4.11.0-rc.5-candidate",
                "name": "4.11.0-rc.5"
              },
              {
                "id": "openshift-v4.11.0-rc.6-candidate",
                "name": "4.11.0-rc.6"
              },
              {
                "id": "openshift-v4.11.0-rc.7-candidate",
                "name": "4.11.0-rc.7"
              },
              {
                "id": "openshift-v4.11.10-candidate",
                "name": "4.11.10"
              },
              {
                "id": "openshift-v4.11.11-candidate",
                "name": "4.11.11"
              },
              {
                "id": "openshift-v4.11.12-candidate",
                "name": "4.11.12"
              },
              {
                "id": "openshift-v4.11.12-fast",
                "name": "4.11.12"
              },
              {
                "id": "openshift-v4.11.13-candidate",
                "name": "4.11.13"
              },
              {
                "id": "openshift-v4.11.13-fast",
                "name": "4.11.13"
              },
              {
                "id": "openshift-v4.11.14-candidate",
                "name": "4.11.14"
              },
              {
                "id": "openshift-v4.11.16-candidate",
                "name": "4.11.16"
              },
              {
                "id": "openshift-v4.11.16-fast",
                "name": "4.11.16"
              },
              {
                "id": "openshift-v4.11.17-candidate",
                "name": "4.11.17"
              },
              {
                "id": "openshift-v4.11.17-fast",
                "name": "4.11.17"
              },
              {
                "id": "openshift-v4.11.18-candidate",
                "name": "4.11.18"
              },
              {
                "id": "openshift-v4.11.18-fast",
                "name": "4.11.18"
              },
              {
                "id": "openshift-v4.11.19-candidate",
                "name": "4.11.19"
              },
              {
                "id": "openshift-v4.11.1-candidate",
                "name": "4.11.1"
              },
              {
                "id": "openshift-v4.11.1-fast",
                "name": "4.11.1"
              },
              {
                "id": "openshift-v4.11.20-candidate",
                "name": "4.11.20"
              },
              {
                "id": "openshift-v4.11.20-fast",
                "name": "4.11.20"
              },
              {
                "id": "openshift-v4.11.21-candidate",
                "name": "4.11.21"
              },
              {
                "id": "openshift-v4.11.21-fast",
                "name": "4.11.21"
              },
              {
                "id": "openshift-v4.11.22-candidate",
                "name": "4.11.22"
              },
              {
                "id": "openshift-v4.11.22-fast",
                "name": "4.11.22"
              },
              {
                "id": "openshift-v4.11.23-candidate",
                "name": "4.11.23"
              },
              {
                "id": "openshift-v4.11.23-fast",
                "name": "4.11.23"
              },
              {
                "id": "openshift-v4.11.24-candidate",
                "name": "4.11.24"
              },
              {
                "id": "openshift-v4.11.24-fast",
                "name": "4.11.24"
              },
              {
                "id": "openshift-v4.11.25-candidate",
                "name": "4.11.25"
              },
              {
                "id": "openshift-v4.11.25-fast",
                "name": "4.11.25"
              },
              {
                "id": "openshift-v4.11.26-candidate",
                "name": "4.11.26"
              },
              {
                "id": "openshift-v4.11.26-fast",
                "name": "4.11.26"
              },
              {
                "id": "openshift-v4.11.27-candidate",
                "name": "4.11.27"
              },
              {
                "id": "openshift-v4.11.27-fast",
                "name": "4.11.27"
              },
              {
                "id": "openshift-v4.11.28-candidate",
                "name": "4.11.28"
              },
              {
                "id": "openshift-v4.11.28-fast",
                "name": "4.11.28"
              },
              {
                "id": "openshift-v4.11.29-candidate",
                "name": "4.11.29"
              },
              {
                "id": "openshift-v4.11.29-fast",
                "name": "4.11.29"
              },
              {
                "id": "openshift-v4.11.2-candidate",
                "name": "4.11.2"
              },
              {
                "id": "openshift-v4.11.2-fast",
                "name": "4.11.2"
              },
              {
                "id": "openshift-v4.11.30-candidate",
                "name": "4.11.30"
              },
              {
                "id": "openshift-v4.11.30-fast",
                "name": "4.11.30"
              },
              {
                "id": "openshift-v4.11.31-candidate",
                "name": "4.11.31"
              },
              {
                "id": "openshift-v4.11.31-fast",
                "name": "4.11.31"
              },
              {
                "id": "openshift-v4.11.32-candidate",
                "name": "4.11.32"
              },
              {
                "id": "openshift-v4.11.32-fast",
                "name": "4.11.32"
              },
              {
                "id": "openshift-v4.11.33-candidate",
                "name": "4.11.33"
              },
              {
                "id": "openshift-v4.11.33-fast",
                "name": "4.11.33"
              },
              {
                "id": "openshift-v4.11.34-candidate",
                "name": "4.11.34"
              },
              {
                "id": "openshift-v4.11.34-fast",
                "name": "4.11.34"
              },
              {
                "id": "openshift-v4.11.35-candidate",
                "name": "4.11.35"
              },
              {
                "id": "openshift-v4.11.35-fast",
                "name": "4.11.35"
              },
              {
                "id": "openshift-v4.11.36",
                "name": "4.11.36"
              },
              {
                "id": "openshift-v4.11.36-candidate",
                "name": "4.11.36"
              },
              {
                "id": "openshift-v4.11.36-fast",
                "name": "4.11.36"
              },
              {
                "id": "openshift-v4.11.37",
                "name": "4.11.37"
              },
              {
                "id": "openshift-v4.11.37-candidate",
                "name": "4.11.37"
              },
              {
                "id": "openshift-v4.11.37-fast",
                "name": "4.11.37"
              },
              {
                "id": "openshift-v4.11.38",
                "name": "4.11.38"
              },
              {
                "id": "openshift-v4.11.38-candidate",
                "name": "4.11.38"
              },
              {
                "id": "openshift-v4.11.38-fast",
                "name": "4.11.38"
              },
              {
                "id": "openshift-v4.11.39",
                "name": "4.11.39"
              },
              {
                "id": "openshift-v4.11.39-candidate",
                "name": "4.11.39"
              },
              {
                "id": "openshift-v4.11.39-fast",
                "name": "4.11.39"
              },
              {
                "id": "openshift-v4.11.3-candidate",
                "name": "4.11.3"
              },
              {
                "id": "openshift-v4.11.3-fast",
                "name": "4.11.3"
              },
              {
                "id": "openshift-v4.11.40",
                "name": "4.11.40"
              },
              {
                "id": "openshift-v4.11.40-candidate",
                "name": "4.11.40"
              },
              {
                "id": "openshift-v4.11.40-fast",
                "name": "4.11.40"
              },
              {
                "id": "openshift-v4.11.41",
                "name": "4.11.41"
              },
              {
                "id": "openshift-v4.11.41-candidate",
                "name": "4.11.41"
              },
              {
                "id": "openshift-v4.11.41-fast",
                "name": "4.11.41"
              },
              {
                "id": "openshift-v4.11.42",
                "name": "4.11.42"
              },
              {
                "id": "openshift-v4.11.42-candidate",
                "name": "4.11.42"
              },
              {
                "id": "openshift-v4.11.42-fast",
                "name": "4.11.42"
              },
              {
                "id": "openshift-v4.11.43",
                "name": "4.11.43"
              },
              {
                "id": "openshift-v4.11.43-candidate",
                "name": "4.11.43"
              },
              {
                "id": "openshift-v4.11.43-fast",
                "name": "4.11.43"
              },
              {
                "id": "openshift-v4.11.44",
                "name": "4.11.44"
              },
              {
                "id": "openshift-v4.11.44-candidate",
                "name": "4.11.44"
              },
              {
                "id": "openshift-v4.11.44-fast",
                "name": "4.11.44"
              },
              {
                "id": "openshift-v4.11.45",
                "name": "4.11.45"
              },
              {
                "id": "openshift-v4.11.45-candidate",
                "name": "4.11.45"
              },
              {
                "id": "openshift-v4.11.45-fast",
                "name": "4.11.45"
              },
              {
                "id": "openshift-v4.11.46",
                "name": "4.11.46"
              },
              {
                "id": "openshift-v4.11.46-candidate",
                "name": "4.11.46"
              },
              {
                "id": "openshift-v4.11.46-fast",
                "name": "4.11.46"
              },
              {
                "id": "openshift-v4.11.47",
                "name": "4.11.47"
              },
              {
                "id": "openshift-v4.11.47-candidate",
                "name": "4.11.47"
              },
              {
                "id": "openshift-v4.11.47-fast",
                "name": "4.11.47"
              },
              {
                "id": "openshift-v4.11.48",
                "name": "4.11.48"
              },
              {
                "id": "openshift-v4.11.48-candidate",
                "name": "4.11.48"
              },
              {
                "id": "openshift-v4.11.48-fast",
                "name": "4.11.48"
              },
              {
                "id": "openshift-v4.11.49",
                "name": "4.11.49"
              },
              {
                "id": "openshift-v4.11.49-candidate",
                "name": "4.11.49"
              },
              {
                "id": "openshift-v4.11.49-fast",
                "name": "4.11.49"
              },
              {
                "id": "openshift-v4.11.4-candidate",
                "name": "4.11.4"
              },
              {
                "id": "openshift-v4.11.4-fast",
                "name": "4.11.4"
              },
              {
                "id": "openshift-v4.11.50",
                "name": "4.11.50"
              },
              {
                "id": "openshift-v4.11.50-candidate",
                "name": "4.11.50"
              },
              {
                "id": "openshift-v4.11.50-fast",
                "name": "4.11.50"
              },
              {
                "id": "openshift-v4.11.51-candidate",
                "name": "4.11.51"
              },
              {
                "id": "openshift-v4.11.52",
                "name": "4.11.52"
              },
              {
                "id": "openshift-v4.11.52-candidate",
                "name": "4.11.52"
              },
              {
                "id": "openshift-v4.11.52-fast",
                "name": "4.11.52"
              },
              {
                "id": "openshift-v4.11.53",
                "name": "4.11.53"
              },
              {
                "id": "openshift-v4.11.53-candidate",
                "name": "4.11.53"
              },
              {
                "id": "openshift-v4.11.53-fast",
                "name": "4.11.53"
              },
              {
                "id": "openshift-v4.11.54",
                "name": "4.11.54"
              },
              {
                "id": "openshift-v4.11.54-candidate",
                "name": "4.11.54"
              },
              {
                "id": "openshift-v4.11.54-fast",
                "name": "4.11.54"
              },
              {
                "id": "openshift-v4.11.55",
                "name": "4.11.55"
              },
              {
                "id": "openshift-v4.11.55-candidate",
                "name": "4.11.55"
              },
              {
                "id": "openshift-v4.11.55-fast",
                "name": "4.11.55"
              },
              {
                "id": "openshift-v4.11.56",
                "name": "4.11.56"
              },
              {
                "id": "openshift-v4.11.56-candidate",
                "name": "4.11.56"
              },
              {
                "id": "openshift-v4.11.56-fast",
                "name": "4.11.56"
              },
              {
                "id": "openshift-v4.11.57",
                "name": "4.11.57"
              },
              {
                "id": "openshift-v4.11.57-candidate",
                "name": "4.11.57"
              },
              {
                "id": "openshift-v4.11.57-fast",
                "name": "4.11.57"
              },
              {
                "id": "openshift-v4.11.58",
                "name": "4.11.58"
              },
              {
                "id": "openshift-v4.11.58-candidate",
                "name": "4.11.58"
              },
              {
                "id": "openshift-v4.11.58-fast",
                "name": "4.11.58"
              },
              {
                "id": "openshift-v4.11.59",
                "name": "4.11.59"
              },
              {
                "id": "openshift-v4.11.59-candidate",
                "name": "4.11.59"
              },
              {
                "id": "openshift-v4.11.59-fast",
                "name": "4.11.59"
              },
              {
                "id": "openshift-v4.11.5-candidate",
                "name": "4.11.5"
              },
              {
                "id": "openshift-v4.11.5-fast",
                "name": "4.11.5"
              },
              {
                "id": "openshift-v4.11.6-candidate",
                "name": "4.11.6"
              },
              {
                "id": "openshift-v4.11.6-fast",
                "name": "4.11.6"
              },
              {
                "id": "openshift-v4.11.7-candidate",
                "name": "4.11.7"
              },
              {
                "id": "openshift-v4.11.7-fast",
                "name": "4.11.7"
              },
              {
                "id": "openshift-v4.11.8-candidate",
                "name": "4.11.8"
              },
              {
                "id": "openshift-v4.11.8-fast",
                "name": "4.11.8"
              },
              {
                "id": "openshift-v4.11.9-candidate",
                "name": "4.11.9"
              },
              {
                "id": "openshift-v4.11.9-fast",
                "name": "4.11.9"
              },
              {
                "id": "openshift-v4.12.0-0.nightly-2024-05-08-030344-nightly",
                "name": "4.12.0-0.nightly-2024-05-08-030344"
              },
              {
                "id": "openshift-v4.12.0-candidate",
                "name": "4.12.0"
              },
              {
                "id": "openshift-v4.12.0-fast",
                "name": "4.12.0"
              },
              {
                "id": "openshift-v4.12.0-rc.0-candidate",
                "name": "4.12.0-rc.0"
              },
              {
                "id": "openshift-v4.12.0-rc.1-candidate",
                "name": "4.12.0-rc.1"
              },
              {
                "id": "openshift-v4.12.0-rc.2-candidate",
                "name": "4.12.0-rc.2"
              },
              {
                "id": "openshift-v4.12.0-rc.3-candidate",
                "name": "4.12.0-rc.3"
              },
              {
                "id": "openshift-v4.12.0-rc.4-candidate",
                "name": "4.12.0-rc.4"
              },
              {
                "id": "openshift-v4.12.0-rc.5-candidate",
                "name": "4.12.0-rc.5"
              },
              {
                "id": "openshift-v4.12.0-rc.6-candidate",
                "name": "4.12.0-rc.6"
              },
              {
                "id": "openshift-v4.12.0-rc.7-candidate",
                "name": "4.12.0-rc.7"
              },
              {
                "id": "openshift-v4.12.0-rc.8-candidate",
                "name": "4.12.0-rc.8"
              },
              {
                "id": "openshift-v4.12.10-candidate",
                "name": "4.12.10"
              },
              {
                "id": "openshift-v4.12.10-fast",
                "name": "4.12.10"
              },
              {
                "id": "openshift-v4.12.11-candidate",
                "name": "4.12.11"
              },
              {
                "id": "openshift-v4.12.11-fast",
                "name": "4.12.11"
              },
              {
                "id": "openshift-v4.12.12",
                "name": "4.12.12"
              },
              {
                "id": "openshift-v4.12.12-candidate",
                "name": "4.12.12"
              },
              {
                "id": "openshift-v4.12.12-fast",
                "name": "4.12.12"
              },
              {
                "id": "openshift-v4.12.13",
                "name": "4.12.13"
              },
              {
                "id": "openshift-v4.12.13-candidate",
                "name": "4.12.13"
              },
              {
                "id": "openshift-v4.12.13-fast",
                "name": "4.12.13"
              },
              {
                "id": "openshift-v4.12.14",
                "name": "4.12.14"
              },
              {
                "id": "openshift-v4.12.14-candidate",
                "name": "4.12.14"
              },
              {
                "id": "openshift-v4.12.14-fast",
                "name": "4.12.14"
              },
              {
                "id": "openshift-v4.12.15",
                "name": "4.12.15"
              },
              {
                "id": "openshift-v4.12.15-candidate",
                "name": "4.12.15"
              },
              {
                "id": "openshift-v4.12.15-fast",
                "name": "4.12.15"
              },
              {
                "id": "openshift-v4.12.16",
                "name": "4.12.16"
              },
              {
                "id": "openshift-v4.12.16-candidate",
                "name": "4.12.16"
              },
              {
                "id": "openshift-v4.12.16-fast",
                "name": "4.12.16"
              },
              {
                "id": "openshift-v4.12.17",
                "name": "4.12.17"
              },
              {
                "id": "openshift-v4.12.17-candidate",
                "name": "4.12.17"
              },
              {
                "id": "openshift-v4.12.17-fast",
                "name": "4.12.17"
              },
              {
                "id": "openshift-v4.12.18",
                "name": "4.12.18"
              },
              {
                "id": "openshift-v4.12.18-candidate",
                "name": "4.12.18"
              },
              {
                "id": "openshift-v4.12.18-fast",
                "name": "4.12.18"
              },
              {
                "id": "openshift-v4.12.19",
                "name": "4.12.19"
              },
              {
                "id": "openshift-v4.12.19-candidate",
                "name": "4.12.19"
              },
              {
                "id": "openshift-v4.12.19-fast",
                "name": "4.12.19"
              },
              {
                "id": "openshift-v4.12.1-candidate",
                "name": "4.12.1"
              },
              {
                "id": "openshift-v4.12.1-fast",
                "name": "4.12.1"
              },
              {
                "id": "openshift-v4.12.20",
                "name": "4.12.20"
              },
              {
                "id": "openshift-v4.12.20-candidate",
                "name": "4.12.20"
              },
              {
                "id": "openshift-v4.12.20-fast",
                "name": "4.12.20"
              },
              {
                "id": "openshift-v4.12.21",
                "name": "4.12.21"
              },
              {
                "id": "openshift-v4.12.21-candidate",
                "name": "4.12.21"
              },
              {
                "id": "openshift-v4.12.21-fast",
                "name": "4.12.21"
              },
              {
                "id": "openshift-v4.12.22",
                "name": "4.12.22"
              },
              {
                "id": "openshift-v4.12.22-candidate",
                "name": "4.12.22"
              },
              {
                "id": "openshift-v4.12.22-fast",
                "name": "4.12.22"
              },
              {
                "id": "openshift-v4.12.23",
                "name": "4.12.23"
              },
              {
                "id": "openshift-v4.12.23-candidate",
                "name": "4.12.23"
              },
              {
                "id": "openshift-v4.12.23-fast",
                "name": "4.12.23"
              },
              {
                "id": "openshift-v4.12.24",
                "name": "4.12.24"
              },
              {
                "id": "openshift-v4.12.24-candidate",
                "name": "4.12.24"
              },
              {
                "id": "openshift-v4.12.24-fast",
                "name": "4.12.24"
              },
              {
                "id": "openshift-v4.12.25",
                "name": "4.12.25"
              },
              {
                "id": "openshift-v4.12.25-candidate",
                "name": "4.12.25"
              },
              {
                "id": "openshift-v4.12.25-fast",
                "name": "4.12.25"
              },
              {
                "id": "openshift-v4.12.26",
                "name": "4.12.26"
              },
              {
                "id": "openshift-v4.12.26-candidate",
                "name": "4.12.26"
              },
              {
                "id": "openshift-v4.12.26-fast",
                "name": "4.12.26"
              },
              {
                "id": "openshift-v4.12.27",
                "name": "4.12.27"
              },
              {
                "id": "openshift-v4.12.27-candidate",
                "name": "4.12.27"
              },
              {
                "id": "openshift-v4.12.27-fast",
                "name": "4.12.27"
              },
              {
                "id": "openshift-v4.12.28",
                "name": "4.12.28"
              },
              {
                "id": "openshift-v4.12.28-candidate",
                "name": "4.12.28"
              },
              {
                "id": "openshift-v4.12.28-fast",
                "name": "4.12.28"
              },
              {
                "id": "openshift-v4.12.29",
                "name": "4.12.29"
              },
              {
                "id": "openshift-v4.12.29-candidate",
                "name": "4.12.29"
              },
              {
                "id": "openshift-v4.12.29-fast",
                "name": "4.12.29"
              },
              {
                "id": "openshift-v4.12.2-candidate",
                "name": "4.12.2"
              },
              {
                "id": "openshift-v4.12.2-fast",
                "name": "4.12.2"
              },
              {
                "id": "openshift-v4.12.30",
                "name": "4.12.30"
              },
              {
                "id": "openshift-v4.12.30-candidate",
                "name": "4.12.30"
              },
              {
                "id": "openshift-v4.12.30-fast",
                "name": "4.12.30"
              },
              {
                "id": "openshift-v4.12.31",
                "name": "4.12.31"
              },
              {
                "id": "openshift-v4.12.31-candidate",
                "name": "4.12.31"
              },
              {
                "id": "openshift-v4.12.31-fast",
                "name": "4.12.31"
              },
              {
                "id": "openshift-v4.12.32",
                "name": "4.12.32"
              },
              {
                "id": "openshift-v4.12.32-candidate",
                "name": "4.12.32"
              },
              {
                "id": "openshift-v4.12.32-fast",
                "name": "4.12.32"
              },
              {
                "id": "openshift-v4.12.33",
                "name": "4.12.33"
              },
              {
                "id": "openshift-v4.12.33-candidate",
                "name": "4.12.33"
              },
              {
                "id": "openshift-v4.12.33-fast",
                "name": "4.12.33"
              },
              {
                "id": "openshift-v4.12.34",
                "name": "4.12.34"
              },
              {
                "id": "openshift-v4.12.34-candidate",
                "name": "4.12.34"
              },
              {
                "id": "openshift-v4.12.34-fast",
                "name": "4.12.34"
              },
              {
                "id": "openshift-v4.12.35",
                "name": "4.12.35"
              },
              {
                "id": "openshift-v4.12.35-candidate",
                "name": "4.12.35"
              },
              {
                "id": "openshift-v4.12.35-fast",
                "name": "4.12.35"
              },
              {
                "id": "openshift-v4.12.36",
                "name": "4.12.36"
              },
              {
                "id": "openshift-v4.12.36-candidate",
                "name": "4.12.36"
              },
              {
                "id": "openshift-v4.12.36-fast",
                "name": "4.12.36"
              },
              {
                "id": "openshift-v4.12.37",
                "name": "4.12.37"
              },
              {
                "id": "openshift-v4.12.37-candidate",
                "name": "4.12.37"
              },
              {
                "id": "openshift-v4.12.37-fast",
                "name": "4.12.37"
              },
              {
                "id": "openshift-v4.12.38-candidate",
                "name": "4.12.38"
              },
              {
                "id": "openshift-v4.12.39",
                "name": "4.12.39"
              },
              {
                "id": "openshift-v4.12.39-candidate",
                "name": "4.12.39"
              },
              {
                "id": "openshift-v4.12.39-fast",
                "name": "4.12.39"
              },
              {
                "id": "openshift-v4.12.3-candidate",
                "name": "4.12.3"
              },
              {
                "id": "openshift-v4.12.3-fast",
                "name": "4.12.3"
              },
              {
                "id": "openshift-v4.12.40",
                "name": "4.12.40"
              },
              {
                "id": "openshift-v4.12.40-candidate",
                "name": "4.12.40"
              },
              {
                "id": "openshift-v4.12.40-fast",
                "name": "4.12.40"
              },
              {
                "id": "openshift-v4.12.41",
                "name": "4.12.41"
              },
              {
                "id": "openshift-v4.12.41-candidate",
                "name": "4.12.41"
              },
              {
                "id": "openshift-v4.12.41-fast",
                "name": "4.12.41"
              },
              {
                "id": "openshift-v4.12.42",
                "name": "4.12.42"
              },
              {
                "id": "openshift-v4.12.42-candidate",
                "name": "4.12.42"
              },
              {
                "id": "openshift-v4.12.42-fast",
                "name": "4.12.42"
              },
              {
                "id": "openshift-v4.12.43",
                "name": "4.12.43"
              },
              {
                "id": "openshift-v4.12.43-candidate",
                "name": "4.12.43"
              },
              {
                "id": "openshift-v4.12.43-fast",
                "name": "4.12.43"
              },
              {
                "id": "openshift-v4.12.44",
                "name": "4.12.44"
              },
              {
                "id": "openshift-v4.12.44-candidate",
                "name": "4.12.44"
              },
              {
                "id": "openshift-v4.12.44-fast",
                "name": "4.12.44"
              },
              {
                "id": "openshift-v4.12.45",
                "name": "4.12.45"
              },
              {
                "id": "openshift-v4.12.45-candidate",
                "name": "4.12.45"
              },
              {
                "id": "openshift-v4.12.45-fast",
                "name": "4.12.45"
              },
              {
                "id": "openshift-v4.12.46",
                "name": "4.12.46"
              },
              {
                "id": "openshift-v4.12.46-candidate",
                "name": "4.12.46"
              },
              {
                "id": "openshift-v4.12.46-fast",
                "name": "4.12.46"
              },
              {
                "id": "openshift-v4.12.47",
                "name": "4.12.47"
              },
              {
                "id": "openshift-v4.12.47-candidate",
                "name": "4.12.47"
              },
              {
                "id": "openshift-v4.12.47-fast",
                "name": "4.12.47"
              },
              {
                "id": "openshift-v4.12.48",
                "name": "4.12.48"
              },
              {
                "id": "openshift-v4.12.48-candidate",
                "name": "4.12.48"
              },
              {
                "id": "openshift-v4.12.48-fast",
                "name": "4.12.48"
              },
              {
                "id": "openshift-v4.12.49",
                "name": "4.12.49"
              },
              {
                "id": "openshift-v4.12.49-candidate",
                "name": "4.12.49"
              },
              {
                "id": "openshift-v4.12.49-fast",
                "name": "4.12.49"
              },
              {
                "id": "openshift-v4.12.4-candidate",
                "name": "4.12.4"
              },
              {
                "id": "openshift-v4.12.4-fast",
                "name": "4.12.4"
              },
              {
                "id": "openshift-v4.12.50",
                "name": "4.12.50"
              },
              {
                "id": "openshift-v4.12.50-candidate",
                "name": "4.12.50"
              },
              {
                "id": "openshift-v4.12.50-fast",
                "name": "4.12.50"
              },
              {
                "id": "openshift-v4.12.51",
                "name": "4.12.51"
              },
              {
                "id": "openshift-v4.12.51-candidate",
                "name": "4.12.51"
              },
              {
                "id": "openshift-v4.12.51-fast",
                "name": "4.12.51"
              },
              {
                "id": "openshift-v4.12.53",
                "name": "4.12.53"
              },
              {
                "id": "openshift-v4.12.53-candidate",
                "name": "4.12.53"
              },
              {
                "id": "openshift-v4.12.53-fast",
                "name": "4.12.53"
              },
              {
                "id": "openshift-v4.12.54",
                "name": "4.12.54"
              },
              {
                "id": "openshift-v4.12.54-candidate",
                "name": "4.12.54"
              },
              {
                "id": "openshift-v4.12.54-fast",
                "name": "4.12.54"
              },
              {
                "id": "openshift-v4.12.55",
                "name": "4.12.55"
              },
              {
                "id": "openshift-v4.12.55-candidate",
                "name": "4.12.55"
              },
              {
                "id": "openshift-v4.12.55-fast",
                "name": "4.12.55"
              },
              {
                "id": "openshift-v4.12.56",
                "name": "4.12.56"
              },
              {
                "id": "openshift-v4.12.56-candidate",
                "name": "4.12.56"
              },
              {
                "id": "openshift-v4.12.56-fast",
                "name": "4.12.56"
              },
              {
                "id": "openshift-v4.12.5-candidate",
                "name": "4.12.5"
              },
              {
                "id": "openshift-v4.12.5-fast",
                "name": "4.12.5"
              },
              {
                "id": "openshift-v4.12.6-candidate",
                "name": "4.12.6"
              },
              {
                "id": "openshift-v4.12.6-fast",
                "name": "4.12.6"
              },
              {
                "id": "openshift-v4.12.7-candidate",
                "name": "4.12.7"
              },
              {
                "id": "openshift-v4.12.7-fast",
                "name": "4.12.7"
              },
              {
                "id": "openshift-v4.12.8-candidate",
                "name": "4.12.8"
              },
              {
                "id": "openshift-v4.12.8-fast",
                "name": "4.12.8"
              },
              {
                "id": "openshift-v4.12.9-candidate",
                "name": "4.12.9"
              },
              {
                "id": "openshift-v4.12.9-fast",
                "name": "4.12.9"
              },
              {
                "id": "openshift-v4.13.0-0.nightly-2024-05-02-165247-nightly",
                "name": "4.13.0-0.nightly-2024-05-02-165247"
              },
              {
                "id": "openshift-v4.13.0-0.nightly-2024-05-08-025210-nightly",
                "name": "4.13.0-0.nightly-2024-05-08-025210"
              },
              {
                "id": "openshift-v4.13.0-candidate",
                "name": "4.13.0"
              },
              {
                "id": "openshift-v4.13.0-ec.1-candidate",
                "name": "4.13.0-ec.1"
              },
              {
                "id": "openshift-v4.13.0-ec.2-candidate",
                "name": "4.13.0-ec.2"
              },
              {
                "id": "openshift-v4.13.0-ec.3-candidate",
                "name": "4.13.0-ec.3"
              },
              {
                "id": "openshift-v4.13.0-ec.4-candidate",
                "name": "4.13.0-ec.4"
              },
              {
                "id": "openshift-v4.13.0-fast",
                "name": "4.13.0"
              },
              {
                "id": "openshift-v4.13.0-rc.0-candidate",
                "name": "4.13.0-rc.0"
              },
              {
                "id": "openshift-v4.13.0-rc.2-candidate",
                "name": "4.13.0-rc.2"
              },
              {
                "id": "openshift-v4.13.0-rc.3-candidate",
                "name": "4.13.0-rc.3"
              },
              {
                "id": "openshift-v4.13.0-rc.4-candidate",
                "name": "4.13.0-rc.4"
              },
              {
                "id": "openshift-v4.13.0-rc.5-candidate",
                "name": "4.13.0-rc.5"
              },
              {
                "id": "openshift-v4.13.0-rc.6-candidate",
                "name": "4.13.0-rc.6"
              },
              {
                "id": "openshift-v4.13.0-rc.7-candidate",
                "name": "4.13.0-rc.7"
              },
              {
                "id": "openshift-v4.13.0-rc.8-candidate",
                "name": "4.13.0-rc.8"
              },
              {
                "id": "openshift-v4.13.10",
                "name": "4.13.10"
              },
              {
                "id": "openshift-v4.13.10-candidate",
                "name": "4.13.10"
              },
              {
                "id": "openshift-v4.13.10-fast",
                "name": "4.13.10"
              },
              {
                "id": "openshift-v4.13.11",
                "name": "4.13.11"
              },
              {
                "id": "openshift-v4.13.11-candidate",
                "name": "4.13.11"
              },
              {
                "id": "openshift-v4.13.11-fast",
                "name": "4.13.11"
              },
              {
                "id": "openshift-v4.13.12",
                "name": "4.13.12"
              },
              {
                "id": "openshift-v4.13.12-candidate",
                "name": "4.13.12"
              },
              {
                "id": "openshift-v4.13.12-fast",
                "name": "4.13.12"
              },
              {
                "id": "openshift-v4.13.13",
                "name": "4.13.13"
              },
              {
                "id": "openshift-v4.13.13-candidate",
                "name": "4.13.13"
              },
              {
                "id": "openshift-v4.13.13-fast",
                "name": "4.13.13"
              },
              {
                "id": "openshift-v4.13.14",
                "name": "4.13.14"
              },
              {
                "id": "openshift-v4.13.14-candidate",
                "name": "4.13.14"
              },
              {
                "id": "openshift-v4.13.14-fast",
                "name": "4.13.14"
              },
              {
                "id": "openshift-v4.13.15",
                "name": "4.13.15"
              },
              {
                "id": "openshift-v4.13.15-candidate",
                "name": "4.13.15"
              },
              {
                "id": "openshift-v4.13.15-fast",
                "name": "4.13.15"
              },
              {
                "id": "openshift-v4.13.16-candidate",
                "name": "4.13.16"
              },
              {
                "id": "openshift-v4.13.17",
                "name": "4.13.17"
              },
              {
                "id": "openshift-v4.13.17-candidate",
                "name": "4.13.17"
              },
              {
                "id": "openshift-v4.13.17-fast",
                "name": "4.13.17"
              },
              {
                "id": "openshift-v4.13.18",
                "name": "4.13.18"
              },
              {
                "id": "openshift-v4.13.18-candidate",
                "name": "4.13.18"
              },
              {
                "id": "openshift-v4.13.18-fast",
                "name": "4.13.18"
              },
              {
                "id": "openshift-v4.13.19",
                "name": "4.13.19"
              },
              {
                "id": "openshift-v4.13.19-candidate",
                "name": "4.13.19"
              },
              {
                "id": "openshift-v4.13.19-fast",
                "name": "4.13.19"
              },
              {
                "id": "openshift-v4.13.1-candidate",
                "name": "4.13.1"
              },
              {
                "id": "openshift-v4.13.1-fast",
                "name": "4.13.1"
              },
              {
                "id": "openshift-v4.13.21",
                "name": "4.13.21"
              },
              {
                "id": "openshift-v4.13.21-candidate",
                "name": "4.13.21"
              },
              {
                "id": "openshift-v4.13.21-fast",
                "name": "4.13.21"
              },
              {
                "id": "openshift-v4.13.22",
                "name": "4.13.22"
              },
              {
                "id": "openshift-v4.13.22-candidate",
                "name": "4.13.22"
              },
              {
                "id": "openshift-v4.13.22-fast",
                "name": "4.13.22"
              },
              {
                "id": "openshift-v4.13.23",
                "name": "4.13.23"
              },
              {
                "id": "openshift-v4.13.23-candidate",
                "name": "4.13.23"
              },
              {
                "id": "openshift-v4.13.23-fast",
                "name": "4.13.23"
              },
              {
                "id": "openshift-v4.13.24",
                "name": "4.13.24"
              },
              {
                "id": "openshift-v4.13.24-candidate",
                "name": "4.13.24"
              },
              {
                "id": "openshift-v4.13.24-fast",
                "name": "4.13.24"
              },
              {
                "id": "openshift-v4.13.25",
                "name": "4.13.25"
              },
              {
                "id": "openshift-v4.13.25-candidate",
                "name": "4.13.25"
              },
              {
                "id": "openshift-v4.13.25-fast",
                "name": "4.13.25"
              },
              {
                "id": "openshift-v4.13.26",
                "name": "4.13.26"
              },
              {
                "id": "openshift-v4.13.26-candidate",
                "name": "4.13.26"
              },
              {
                "id": "openshift-v4.13.26-fast",
                "name": "4.13.26"
              },
              {
                "id": "openshift-v4.13.27",
                "name": "4.13.27"
              },
              {
                "id": "openshift-v4.13.27-candidate",
                "name": "4.13.27"
              },
              {
                "id": "openshift-v4.13.27-fast",
                "name": "4.13.27"
              },
              {
                "id": "openshift-v4.13.28",
                "name": "4.13.28"
              },
              {
                "id": "openshift-v4.13.28-candidate",
                "name": "4.13.28"
              },
              {
                "id": "openshift-v4.13.28-fast",
                "name": "4.13.28"
              },
              {
                "id": "openshift-v4.13.29",
                "name": "4.13.29"
              },
              {
                "id": "openshift-v4.13.29-candidate",
                "name": "4.13.29"
              },
              {
                "id": "openshift-v4.13.29-fast",
                "name": "4.13.29"
              },
              {
                "id": "openshift-v4.13.2-candidate",
                "name": "4.13.2"
              },
              {
                "id": "openshift-v4.13.2-fast",
                "name": "4.13.2"
              },
              {
                "id": "openshift-v4.13.30",
                "name": "4.13.30"
              },
              {
                "id": "openshift-v4.13.30-candidate",
                "name": "4.13.30"
              },
              {
                "id": "openshift-v4.13.30-fast",
                "name": "4.13.30"
              },
              {
                "id": "openshift-v4.13.31",
                "name": "4.13.31"
              },
              {
                "id": "openshift-v4.13.31-candidate",
                "name": "4.13.31"
              },
              {
                "id": "openshift-v4.13.31-fast",
                "name": "4.13.31"
              },
              {
                "id": "openshift-v4.13.32",
                "name": "4.13.32"
              },
              {
                "id": "openshift-v4.13.32-candidate",
                "name": "4.13.32"
              },
              {
                "id": "openshift-v4.13.32-fast",
                "name": "4.13.32"
              },
              {
                "id": "openshift-v4.13.33",
                "name": "4.13.33"
              },
              {
                "id": "openshift-v4.13.33-candidate",
                "name": "4.13.33"
              },
              {
                "id": "openshift-v4.13.33-fast",
                "name": "4.13.33"
              },
              {
                "id": "openshift-v4.13.34",
                "name": "4.13.34"
              },
              {
                "id": "openshift-v4.13.34-candidate",
                "name": "4.13.34"
              },
              {
                "id": "openshift-v4.13.34-fast",
                "name": "4.13.34"
              },
              {
                "id": "openshift-v4.13.35",
                "name": "4.13.35"
              },
              {
                "id": "openshift-v4.13.35-candidate",
                "name": "4.13.35"
              },
              {
                "id": "openshift-v4.13.35-fast",
                "name": "4.13.35"
              },
              {
                "id": "openshift-v4.13.36",
                "name": "4.13.36"
              },
              {
                "id": "openshift-v4.13.36-candidate",
                "name": "4.13.36"
              },
              {
                "id": "openshift-v4.13.36-fast",
                "name": "4.13.36"
              },
              {
                "id": "openshift-v4.13.37",
                "name": "4.13.37"
              },
              {
                "id": "openshift-v4.13.37-candidate",
                "name": "4.13.37"
              },
              {
                "id": "openshift-v4.13.37-fast",
                "name": "4.13.37"
              },
              {
                "id": "openshift-v4.13.38",
                "name": "4.13.38"
              },
              {
                "id": "openshift-v4.13.38-candidate",
                "name": "4.13.38"
              },
              {
                "id": "openshift-v4.13.38-fast",
                "name": "4.13.38"
              },
              {
                "id": "openshift-v4.13.39",
                "name": "4.13.39"
              },
              {
                "id": "openshift-v4.13.39-candidate",
                "name": "4.13.39"
              },
              {
                "id": "openshift-v4.13.39-fast",
                "name": "4.13.39"
              },
              {
                "id": "openshift-v4.13.3-candidate",
                "name": "4.13.3"
              },
              {
                "id": "openshift-v4.13.3-fast",
                "name": "4.13.3"
              },
              {
                "id": "openshift-v4.13.40",
                "name": "4.13.40"
              },
              {
                "id": "openshift-v4.13.40-candidate",
                "name": "4.13.40"
              },
              {
                "id": "openshift-v4.13.40-fast",
                "name": "4.13.40"
              },
              {
                "id": "openshift-v4.13.41",
                "name": "4.13.41"
              },
              {
                "id": "openshift-v4.13.41-candidate",
                "name": "4.13.41"
              },
              {
                "id": "openshift-v4.13.41-fast",
                "name": "4.13.41"
              },
              {
                "id": "openshift-v4.13.4-candidate",
                "name": "4.13.4"
              },
              {
                "id": "openshift-v4.13.4-fast",
                "name": "4.13.4"
              },
              {
                "id": "openshift-v4.13.5-candidate",
                "name": "4.13.5"
              },
              {
                "id": "openshift-v4.13.5-fast",
                "name": "4.13.5"
              },
              {
                "id": "openshift-v4.13.6-candidate",
                "name": "4.13.6"
              },
              {
                "id": "openshift-v4.13.6-fast",
                "name": "4.13.6"
              },
              {
                "id": "openshift-v4.13.7-candidate",
                "name": "4.13.7"
              },
              {
                "id": "openshift-v4.13.8-candidate",
                "name": "4.13.8"
              },
              {
                "id": "openshift-v4.13.8-fast",
                "name": "4.13.8"
              },
              {
                "id": "openshift-v4.13.9-candidate",
                "name": "4.13.9"
              },
              {
                "id": "openshift-v4.13.9-fast",
                "name": "4.13.9"
              },
              {
                "id": "openshift-v4.14.0",
                "name": "4.14.0"
              },
              {
                "id": "openshift-v4.14.0-0.nightly-2023-09-12-195514-nightly",
                "name": "4.14.0-0.nightly-2023-09-12-195514"
              },
              {
                "id": "openshift-v4.14.0-0.nightly-2024-05-04-143534-nightly",
                "name": "4.14.0-0.nightly-2024-05-04-143534"
              },
              {
                "id": "openshift-v4.14.0-0.nightly-2024-05-04-202932-nightly",
                "name": "4.14.0-0.nightly-2024-05-04-202932"
              },
              {
                "id": "openshift-v4.14.0-0.nightly-2024-05-06-161147-nightly",
                "name": "4.14.0-0.nightly-2024-05-06-161147"
              },
              {
                "id": "openshift-v4.14.0-0.nightly-2024-05-07-042750-nightly",
                "name": "4.14.0-0.nightly-2024-05-07-042750"
              },
              {
                "id": "openshift-v4.14.0-0.nightly-2024-05-07-214708-nightly",
                "name": "4.14.0-0.nightly-2024-05-07-214708"
              },
              {
                "id": "openshift-v4.14.0-0.nightly-2024-05-08-035346-nightly",
                "name": "4.14.0-0.nightly-2024-05-08-035346"
              },
              {
                "id": "openshift-v4.14.0-candidate",
                "name": "4.14.0"
              },
              {
                "id": "openshift-v4.14.0-ec.0-candidate",
                "name": "4.14.0-ec.0"
              },
              {
                "id": "openshift-v4.14.0-ec.1-candidate",
                "name": "4.14.0-ec.1"
              },
              {
                "id": "openshift-v4.14.0-ec.2-candidate",
                "name": "4.14.0-ec.2"
              },
              {
                "id": "openshift-v4.14.0-ec.3-candidate",
                "name": "4.14.0-ec.3"
              },
              {
                "id": "openshift-v4.14.0-ec.4-candidate",
                "name": "4.14.0-ec.4"
              },
              {
                "id": "openshift-v4.14.0-fast",
                "name": "4.14.0"
              },
              {
                "id": "openshift-v4.14.0-rc.0-candidate",
                "name": "4.14.0-rc.0"
              },
              {
                "id": "openshift-v4.14.0-rc.1-candidate",
                "name": "4.14.0-rc.1"
              },
              {
                "id": "openshift-v4.14.0-rc.2-candidate",
                "name": "4.14.0-rc.2"
              },
              {
                "id": "openshift-v4.14.0-rc.3-candidate",
                "name": "4.14.0-rc.3"
              },
              {
                "id": "openshift-v4.14.0-rc.4-candidate",
                "name": "4.14.0-rc.4"
              },
              {
                "id": "openshift-v4.14.0-rc.5-candidate",
                "name": "4.14.0-rc.5"
              },
              {
                "id": "openshift-v4.14.0-rc.6-candidate",
                "name": "4.14.0-rc.6"
              },
              {
                "id": "openshift-v4.14.0-rc.7-candidate",
                "name": "4.14.0-rc.7"
              },
              {
                "id": "openshift-v4.14.1",
                "name": "4.14.1"
              },
              {
                "id": "openshift-v4.14.10",
                "name": "4.14.10"
              },
              {
                "id": "openshift-v4.14.10-candidate",
                "name": "4.14.10"
              },
              {
                "id": "openshift-v4.14.10-fast",
                "name": "4.14.10"
              },
              {
                "id": "openshift-v4.14.11",
                "name": "4.14.11"
              },
              {
                "id": "openshift-v4.14.11-candidate",
                "name": "4.14.11"
              },
              {
                "id": "openshift-v4.14.11-fast",
                "name": "4.14.11"
              },
              {
                "id": "openshift-v4.14.12",
                "name": "4.14.12"
              },
              {
                "id": "openshift-v4.14.12-candidate",
                "name": "4.14.12"
              },
              {
                "id": "openshift-v4.14.12-fast",
                "name": "4.14.12"
              },
              {
                "id": "openshift-v4.14.13",
                "name": "4.14.13"
              },
              {
                "id": "openshift-v4.14.13-candidate",
                "name": "4.14.13"
              },
              {
                "id": "openshift-v4.14.13-fast",
                "name": "4.14.13"
              },
              {
                "id": "openshift-v4.14.14",
                "name": "4.14.14"
              },
              {
                "id": "openshift-v4.14.14-candidate",
                "name": "4.14.14"
              },
              {
                "id": "openshift-v4.14.14-fast",
                "name": "4.14.14"
              },
              {
                "id": "openshift-v4.14.15",
                "name": "4.14.15"
              },
              {
                "id": "openshift-v4.14.15-candidate",
                "name": "4.14.15"
              },
              {
                "id": "openshift-v4.14.15-fast",
                "name": "4.14.15"
              },
              {
                "id": "openshift-v4.14.16",
                "name": "4.14.16"
              },
              {
                "id": "openshift-v4.14.16-candidate",
                "name": "4.14.16"
              },
              {
                "id": "openshift-v4.14.16-fast",
                "name": "4.14.16"
              },
              {
                "id": "openshift-v4.14.17",
                "name": "4.14.17"
              },
              {
                "id": "openshift-v4.14.17-candidate",
                "name": "4.14.17"
              },
              {
                "id": "openshift-v4.14.17-fast",
                "name": "4.14.17"
              },
              {
                "id": "openshift-v4.14.18",
                "name": "4.14.18"
              },
              {
                "id": "openshift-v4.14.18-candidate",
                "name": "4.14.18"
              },
              {
                "id": "openshift-v4.14.18-fast",
                "name": "4.14.18"
              },
              {
                "id": "openshift-v4.14.19",
                "name": "4.14.19"
              },
              {
                "id": "openshift-v4.14.19-candidate",
                "name": "4.14.19"
              },
              {
                "id": "openshift-v4.14.19-fast",
                "name": "4.14.19"
              },
              {
                "id": "openshift-v4.14.1-candidate",
                "name": "4.14.1"
              },
              {
                "id": "openshift-v4.14.1-fast",
                "name": "4.14.1"
              },
              {
                "id": "openshift-v4.14.2",
                "name": "4.14.2"
              },
              {
                "id": "openshift-v4.14.20",
                "name": "4.14.20"
              },
              {
                "id": "openshift-v4.14.20-candidate",
                "name": "4.14.20"
              },
              {
                "id": "openshift-v4.14.20-fast",
                "name": "4.14.20"
              },
              {
                "id": "openshift-v4.14.21",
                "name": "4.14.21"
              },
              {
                "id": "openshift-v4.14.21-candidate",
                "name": "4.14.21"
              },
              {
                "id": "openshift-v4.14.21-fast",
                "name": "4.14.21"
              },
              {
                "id": "openshift-v4.14.22",
                "name": "4.14.22"
              },
              {
                "id": "openshift-v4.14.22-candidate",
                "name": "4.14.22"
              },
              {
                "id": "openshift-v4.14.22-fast",
                "name": "4.14.22"
              },
              {
                "id": "openshift-v4.14.23",
                "name": "4.14.23"
              },
              {
                "id": "openshift-v4.14.23-candidate",
                "name": "4.14.23"
              },
              {
                "id": "openshift-v4.14.23-fast",
                "name": "4.14.23"
              },
              {
                "id": "openshift-v4.14.24-candidate",
                "name": "4.14.24"
              },
              {
                "id": "openshift-v4.14.2-candidate",
                "name": "4.14.2"
              },
              {
                "id": "openshift-v4.14.2-fast",
                "name": "4.14.2"
              },
              {
                "id": "openshift-v4.14.3",
                "name": "4.14.3"
              },
              {
                "id": "openshift-v4.14.3-candidate",
                "name": "4.14.3"
              },
              {
                "id": "openshift-v4.14.3-fast",
                "name": "4.14.3"
              },
              {
                "id": "openshift-v4.14.4",
                "name": "4.14.4"
              },
              {
                "id": "openshift-v4.14.4-candidate",
                "name": "4.14.4"
              },
              {
                "id": "openshift-v4.14.4-fast",
                "name": "4.14.4"
              },
              {
                "id": "openshift-v4.14.5",
                "name": "4.14.5"
              },
              {
                "id": "openshift-v4.14.5-candidate",
                "name": "4.14.5"
              },
              {
                "id": "openshift-v4.14.5-fast",
                "name": "4.14.5"
              },
              {
                "id": "openshift-v4.14.6",
                "name": "4.14.6"
              },
              {
                "id": "openshift-v4.14.6-candidate",
                "name": "4.14.6"
              },
              {
                "id": "openshift-v4.14.6-fast",
                "name": "4.14.6"
              },
              {
                "id": "openshift-v4.14.7",
                "name": "4.14.7"
              },
              {
                "id": "openshift-v4.14.7-candidate",
                "name": "4.14.7"
              },
              {
                "id": "openshift-v4.14.7-fast",
                "name": "4.14.7"
              },
              {
                "id": "openshift-v4.14.8",
                "name": "4.14.8"
              },
              {
                "id": "openshift-v4.14.8-candidate",
                "name": "4.14.8"
              },
              {
                "id": "openshift-v4.14.8-fast",
                "name": "4.14.8"
              },
              {
                "id": "openshift-v4.14.9",
                "name": "4.14.9"
              },
              {
                "id": "openshift-v4.14.9-candidate",
                "name": "4.14.9"
              },
              {
                "id": "openshift-v4.14.9-fast",
                "name": "4.14.9"
              },
              {
                "id": "openshift-v4.15.0",
                "name": "4.15.0"
              },
              {
                "id": "openshift-v4.15.0-0.nightly-2024-05-04-030917-nightly",
                "name": "4.15.0-0.nightly-2024-05-04-030917"
              },
              {
                "id": "openshift-v4.15.0-0.nightly-2024-05-06-031252-nightly",
                "name": "4.15.0-0.nightly-2024-05-06-031252"
              },
              {
                "id": "openshift-v4.15.0-0.nightly-2024-05-06-131215-nightly",
                "name": "4.15.0-0.nightly-2024-05-06-131215"
              },
              {
                "id": "openshift-v4.15.0-0.nightly-2024-05-07-065351-nightly",
                "name": "4.15.0-0.nightly-2024-05-07-065351"
              },
              {
                "id": "openshift-v4.15.0-candidate",
                "name": "4.15.0"
              },
              {
                "id": "openshift-v4.15.0-ec.0-candidate",
                "name": "4.15.0-ec.0"
              },
              {
                "id": "openshift-v4.15.0-ec.1-candidate",
                "name": "4.15.0-ec.1"
              },
              {
                "id": "openshift-v4.15.0-ec.2-candidate",
                "name": "4.15.0-ec.2"
              },
              {
                "id": "openshift-v4.15.0-ec.3-candidate",
                "name": "4.15.0-ec.3"
              },
              {
                "id": "openshift-v4.15.0-fast",
                "name": "4.15.0"
              },
              {
                "id": "openshift-v4.15.0-rc.0-candidate",
                "name": "4.15.0-rc.0"
              },
              {
                "id": "openshift-v4.15.0-rc.1-candidate",
                "name": "4.15.0-rc.1"
              },
              {
                "id": "openshift-v4.15.0-rc.2-candidate",
                "name": "4.15.0-rc.2"
              },
              {
                "id": "openshift-v4.15.0-rc.3-candidate",
                "name": "4.15.0-rc.3"
              },
              {
                "id": "openshift-v4.15.0-rc.4-candidate",
                "name": "4.15.0-rc.4"
              },
              {
                "id": "openshift-v4.15.0-rc.5-candidate",
                "name": "4.15.0-rc.5"
              },
              {
                "id": "openshift-v4.15.0-rc.7-candidate",
                "name": "4.15.0-rc.7"
              },
              {
                "id": "openshift-v4.15.0-rc.8-candidate",
                "name": "4.15.0-rc.8"
              },
              {
                "id": "openshift-v4.15.10",
                "name": "4.15.10"
              },
              {
                "id": "openshift-v4.15.10-candidate",
                "name": "4.15.10"
              },
              {
                "id": "openshift-v4.15.10-fast",
                "name": "4.15.10"
              },
              {
                "id": "openshift-v4.15.11",
                "name": "4.15.11"
              },
              {
                "id": "openshift-v4.15.11-candidate",
                "name": "4.15.11"
              },
              {
                "id": "openshift-v4.15.11-fast",
                "name": "4.15.11"
              },
              {
                "id": "openshift-v4.15.12-candidate",
                "name": "4.15.12"
              },
              {
                "id": "openshift-v4.15.2",
                "name": "4.15.2"
              },
              {
                "id": "openshift-v4.15.2-candidate",
                "name": "4.15.2"
              },
              {
                "id": "openshift-v4.15.2-fast",
                "name": "4.15.2"
              },
              {
                "id": "openshift-v4.15.3",
                "name": "4.15.3"
              },
              {
                "id": "openshift-v4.15.3-candidate",
                "name": "4.15.3"
              },
              {
                "id": "openshift-v4.15.3-fast",
                "name": "4.15.3"
              },
              {
                "id": "openshift-v4.15.5",
                "name": "4.15.5"
              },
              {
                "id": "openshift-v4.15.5-candidate",
                "name": "4.15.5"
              },
              {
                "id": "openshift-v4.15.5-fast",
                "name": "4.15.5"
              },
              {
                "id": "openshift-v4.15.6",
                "name": "4.15.6"
              },
              {
                "id": "openshift-v4.15.6-candidate",
                "name": "4.15.6"
              },
              {
                "id": "openshift-v4.15.6-fast",
                "name": "4.15.6"
              },
              {
                "id": "openshift-v4.15.7-candidate",
                "name": "4.15.7"
              },
              {
                "id": "openshift-v4.15.8",
                "name": "4.15.8"
              },
              {
                "id": "openshift-v4.15.8-candidate",
                "name": "4.15.8"
              },
              {
                "id": "openshift-v4.15.8-fast",
                "name": "4.15.8"
              },
              {
                "id": "openshift-v4.15.9",
                "name": "4.15.9"
              },
              {
                "id": "openshift-v4.15.9-candidate",
                "name": "4.15.9"
              },
              {
                "id": "openshift-v4.15.9-fast",
                "name": "4.15.9"
              },
              {
                "id": "openshift-v4.16.0-0.nightly-2024-05-03-091818-nightly",
                "name": "4.16.0-0.nightly-2024-05-03-091818"
              },
              {
                "id": "openshift-v4.16.0-0.nightly-2024-05-03-142919-nightly",
                "name": "4.16.0-0.nightly-2024-05-03-142919"
              },
              {
                "id": "openshift-v4.16.0-0.nightly-2024-05-04-214435-nightly",
                "name": "4.16.0-0.nightly-2024-05-04-214435"
              },
              {
                "id": "openshift-v4.16.0-0.nightly-2024-05-05-102537-nightly",
                "name": "4.16.0-0.nightly-2024-05-05-102537"
              },
              {
                "id": "openshift-v4.16.0-0.nightly-2024-05-07-025557-nightly",
                "name": "4.16.0-0.nightly-2024-05-07-025557"
              },
              {
                "id": "openshift-v4.16.0-0.nightly-2024-05-07-235634-nightly",
                "name": "4.16.0-0.nightly-2024-05-07-235634"
              },
              {
                "id": "openshift-v4.16.0-ec.0-candidate",
                "name": "4.16.0-ec.0"
              },
              {
                "id": "openshift-v4.16.0-ec.1-candidate",
                "name": "4.16.0-ec.1"
              },
              {
                "id": "openshift-v4.16.0-ec.2-candidate",
                "name": "4.16.0-ec.2"
              },
              {
                "id": "openshift-v4.16.0-ec.3-candidate",
                "name": "4.16.0-ec.3"
              },
              {
                "id": "openshift-v4.16.0-ec.4-candidate",
                "name": "4.16.0-ec.4"
              },
              {
                "id": "openshift-v4.16.0-ec.5-candidate",
                "name": "4.16.0-ec.5"
              },
              {
                "id": "openshift-v4.16.0-ec.6-candidate",
                "name": "4.16.0-ec.6"
              },
              {
                "id": "openshift-v4.17.0-0.nightly-2024-05-03-121915-nightly",
                "name": "4.17.0-0.nightly-2024-05-03-121915"
              },
              {
                "id": "openshift-v4.17.0-0.nightly-2024-05-03-193014-nightly",
                "name": "4.17.0-0.nightly-2024-05-03-193014"
              },
              {
                "id": "openshift-v4.17.0-0.nightly-2024-05-04-020625-nightly",
                "name": "4.17.0-0.nightly-2024-05-04-020625"
              },
              {
                "id": "openshift-v4.17.0-0.nightly-2024-05-04-075013-nightly",
                "name": "4.17.0-0.nightly-2024-05-04-075013"
              },
              {
                "id": "openshift-v4.17.0-0.nightly-2024-05-04-163313-nightly",
                "name": "4.17.0-0.nightly-2024-05-04-163313"
              },
              {
                "id": "openshift-v4.17.0-0.nightly-2024-05-05-003159-nightly",
                "name": "4.17.0-0.nightly-2024-05-05-003159"
              },
              {
                "id": "openshift-v4.17.0-0.nightly-2024-05-05-082917-nightly",
                "name": "4.17.0-0.nightly-2024-05-05-082917"
              },
              {
                "id": "openshift-v4.17.0-0.nightly-2024-05-05-154909-nightly",
                "name": "4.17.0-0.nightly-2024-05-05-154909"
              },
              {
                "id": "openshift-v4.17.0-0.nightly-2024-05-05-232806-nightly",
                "name": "4.17.0-0.nightly-2024-05-05-232806"
              },
              {
                "id": "openshift-v4.17.0-0.nightly-2024-05-06-150539-nightly",
                "name": "4.17.0-0.nightly-2024-05-06-150539"
              },
              {
                "id": "openshift-v4.17.0-0.nightly-2024-05-07-035400-nightly",
                "name": "4.17.0-0.nightly-2024-05-07-035400"
              },
              {
                "id": "openshift-v4.17.0-0.nightly-2024-05-08-043820-nightly",
                "name": "4.17.0-0.nightly-2024-05-08-043820"
              },
              {
                "id": "openshift-v4.7.0-0.nightly-2021-05-20-112118-nightly",
                "name": "4.7.0-0.nightly-2021-05-20-112118"
              },
              {
                "id": "openshift-v4.7.0-0.nightly-2021-05-25-192356-nightly",
                "name": "4.7.0-0.nightly-2021-05-25-192356"
              },
              {
                "id": "openshift-v4.7.0-0.nightly-2021-05-26-013541-nightly",
                "name": "4.7.0-0.nightly-2021-05-26-013541"
              },
              {
                "id": "openshift-v4.7.0-0.nightly-2021-05-26-032048-nightly",
                "name": "4.7.0-0.nightly-2021-05-26-032048"
              },
              {
                "id": "openshift-v4.8.0-0.nightly-2021-05-21-101954-nightly",
                "name": "4.8.0-0.nightly-2021-05-21-101954"
              },
              {
                "id": "openshift-v4.8.0-0.nightly-2021-05-21-200728-nightly",
                "name": "4.8.0-0.nightly-2021-05-21-200728"
              },
              {
                "id": "openshift-v4.8.0-0.nightly-2021-05-21-233425-nightly",
                "name": "4.8.0-0.nightly-2021-05-21-233425"
              },
              {
                "id": "openshift-v4.8.0-0.nightly-2021-05-25-000938-nightly",
                "name": "4.8.0-0.nightly-2021-05-25-000938"
              },
              {
                "id": "openshift-v4.8.0-0.nightly-2021-05-25-013343-nightly",
                "name": "4.8.0-0.nightly-2021-05-25-013343"
              },
              {
                "id": "openshift-v4.8.0-0.nightly-2021-05-25-041803-nightly",
                "name": "4.8.0-0.nightly-2021-05-25-041803"
              },
              {
                "id": "openshift-v4.8.0-0.nightly-2021-05-25-072938-nightly",
                "name": "4.8.0-0.nightly-2021-05-25-072938"
              },
              {
                "id": "openshift-v4.8.0-0.nightly-2021-05-25-095743-nightly",
                "name": "4.8.0-0.nightly-2021-05-25-095743"
              },
              {
                "id": "openshift-v4.8.0-0.nightly-2021-05-25-121139-nightly",
                "name": "4.8.0-0.nightly-2021-05-25-121139"
              },
              {
                "id": "openshift-v4.8.0-0.nightly-2021-05-25-180327-nightly",
                "name": "4.8.0-0.nightly-2021-05-25-180327"
              },
              {
                "id": "openshift-v4.8.0-0.nightly-2021-05-25-213155-nightly",
                "name": "4.8.0-0.nightly-2021-05-25-213155"
              },
              {
                "id": "openshift-v4.8.0-0.nightly-2021-05-25-223219-nightly",
                "name": "4.8.0-0.nightly-2021-05-25-223219"
              },
              {
                "id": "openshift-v4.8.0-0.nightly-2021-05-26-011137-nightly",
                "name": "4.8.0-0.nightly-2021-05-26-011137"
              },
              {
                "id": "openshift-v4.8.0-0.nightly-2021-05-26-021757-nightly",
                "name": "4.8.0-0.nightly-2021-05-26-021757"
              },
              {
                "id": "openshift-v4.8.0-0.nightly-2021-05-26-071911-nightly",
                "name": "4.8.0-0.nightly-2021-05-26-071911"
              },
              {
                "id": "openshift-v4.8.0-candidate",
                "name": "4.8.0"
              },
              {
                "id": "openshift-v4.8.0-fc.0-candidate",
                "name": "4.8.0-fc.0"
              },
              {
                "id": "openshift-v4.8.0-fc.1-candidate",
                "name": "4.8.0-fc.1"
              },
              {
                "id": "openshift-v4.8.0-fc.2-candidate",
                "name": "4.8.0-fc.2"
              },
              {
                "id": "openshift-v4.8.0-fc.3-candidate",
                "name": "4.8.0-fc.3"
              },
              {
                "id": "openshift-v4.8.0-fc.5-candidate",
                "name": "4.8.0-fc.5"
              },
              {
                "id": "openshift-v4.8.0-fc.7-candidate",
                "name": "4.8.0-fc.7"
              },
              {
                "id": "openshift-v4.8.0-fc.8-candidate",
                "name": "4.8.0-fc.8"
              },
              {
                "id": "openshift-v4.8.0-fc.9-candidate",
                "name": "4.8.0-fc.9"
              },
              {
                "id": "openshift-v4.8.0-rc.0-candidate",
                "name": "4.8.0-rc.0"
              },
              {
                "id": "openshift-v4.8.0-rc.1-candidate",
                "name": "4.8.0-rc.1"
              },
              {
                "id": "openshift-v4.8.0-rc.2-candidate",
                "name": "4.8.0-rc.2"
              },
              {
                "id": "openshift-v4.8.0-rc.3-candidate",
                "name": "4.8.0-rc.3"
              },
              {
                "id": "openshift-v4.8.10-candidate",
                "name": "4.8.10"
              },
              {
                "id": "openshift-v4.8.10-fast",
                "name": "4.8.10"
              },
              {
                "id": "openshift-v4.8.11-candidate",
                "name": "4.8.11"
              },
              {
                "id": "openshift-v4.8.11-fast",
                "name": "4.8.11"
              },
              {
                "id": "openshift-v4.8.12-candidate",
                "name": "4.8.12"
              },
              {
                "id": "openshift-v4.8.12-fast",
                "name": "4.8.12"
              },
              {
                "id": "openshift-v4.8.13-candidate",
                "name": "4.8.13"
              },
              {
                "id": "openshift-v4.8.13-fast",
                "name": "4.8.13"
              },
              {
                "id": "openshift-v4.8.14-candidate",
                "name": "4.8.14"
              },
              {
                "id": "openshift-v4.8.14-fast",
                "name": "4.8.14"
              },
              {
                "id": "openshift-v4.8.15-candidate",
                "name": "4.8.15"
              },
              {
                "id": "openshift-v4.8.15-fast",
                "name": "4.8.15"
              },
              {
                "id": "openshift-v4.8.16-candidate",
                "name": "4.8.16"
              },
              {
                "id": "openshift-v4.8.17-candidate",
                "name": "4.8.17"
              },
              {
                "id": "openshift-v4.8.17-fast",
                "name": "4.8.17"
              },
              {
                "id": "openshift-v4.8.18-candidate",
                "name": "4.8.18"
              },
              {
                "id": "openshift-v4.8.18-fast",
                "name": "4.8.18"
              },
              {
                "id": "openshift-v4.8.19-candidate",
                "name": "4.8.19"
              },
              {
                "id": "openshift-v4.8.19-fast",
                "name": "4.8.19"
              },
              {
                "id": "openshift-v4.8.1-candidate",
                "name": "4.8.1"
              },
              {
                "id": "openshift-v4.8.20-candidate",
                "name": "4.8.20"
              },
              {
                "id": "openshift-v4.8.20-fast",
                "name": "4.8.20"
              },
              {
                "id": "openshift-v4.8.21-candidate",
                "name": "4.8.21"
              },
              {
                "id": "openshift-v4.8.21-fast",
                "name": "4.8.21"
              },
              {
                "id": "openshift-v4.8.22-candidate",
                "name": "4.8.22"
              },
              {
                "id": "openshift-v4.8.22-fast",
                "name": "4.8.22"
              },
              {
                "id": "openshift-v4.8.23-candidate",
                "name": "4.8.23"
              },
              {
                "id": "openshift-v4.8.23-fast",
                "name": "4.8.23"
              },
              {
                "id": "openshift-v4.8.24-candidate",
                "name": "4.8.24"
              },
              {
                "id": "openshift-v4.8.24-fast",
                "name": "4.8.24"
              },
              {
                "id": "openshift-v4.8.25-candidate",
                "name": "4.8.25"
              },
              {
                "id": "openshift-v4.8.25-fast",
                "name": "4.8.25"
              },
              {
                "id": "openshift-v4.8.26-candidate",
                "name": "4.8.26"
              },
              {
                "id": "openshift-v4.8.26-fast",
                "name": "4.8.26"
              },
              {
                "id": "openshift-v4.8.27-candidate",
                "name": "4.8.27"
              },
              {
                "id": "openshift-v4.8.27-fast",
                "name": "4.8.27"
              },
              {
                "id": "openshift-v4.8.28-candidate",
                "name": "4.8.28"
              },
              {
                "id": "openshift-v4.8.28-fast",
                "name": "4.8.28"
              },
              {
                "id": "openshift-v4.8.29-candidate",
                "name": "4.8.29"
              },
              {
                "id": "openshift-v4.8.29-fast",
                "name": "4.8.29"
              },
              {
                "id": "openshift-v4.8.2-candidate",
                "name": "4.8.2"
              },
              {
                "id": "openshift-v4.8.2-fast",
                "name": "4.8.2"
              },
              {
                "id": "openshift-v4.8.30-candidate",
                "name": "4.8.30"
              },
              {
                "id": "openshift-v4.8.31-candidate",
                "name": "4.8.31"
              },
              {
                "id": "openshift-v4.8.31-fast",
                "name": "4.8.31"
              },
              {
                "id": "openshift-v4.8.32-candidate",
                "name": "4.8.32"
              },
              {
                "id": "openshift-v4.8.32-fast",
                "name": "4.8.32"
              },
              {
                "id": "openshift-v4.8.33-candidate",
                "name": "4.8.33"
              },
              {
                "id": "openshift-v4.8.33-fast",
                "name": "4.8.33"
              },
              {
                "id": "openshift-v4.8.34-candidate",
                "name": "4.8.34"
              },
              {
                "id": "openshift-v4.8.34-fast",
                "name": "4.8.34"
              },
              {
                "id": "openshift-v4.8.35-candidate",
                "name": "4.8.35"
              },
              {
                "id": "openshift-v4.8.35-fast",
                "name": "4.8.35"
              },
              {
                "id": "openshift-v4.8.36-candidate",
                "name": "4.8.36"
              },
              {
                "id": "openshift-v4.8.36-fast",
                "name": "4.8.36"
              },
              {
                "id": "openshift-v4.8.37-candidate",
                "name": "4.8.37"
              },
              {
                "id": "openshift-v4.8.37-fast",
                "name": "4.8.37"
              },
              {
                "id": "openshift-v4.8.38-candidate",
                "name": "4.8.38"
              },
              {
                "id": "openshift-v4.8.39-candidate",
                "name": "4.8.39"
              },
              {
                "id": "openshift-v4.8.39-fast",
                "name": "4.8.39"
              },
              {
                "id": "openshift-v4.8.3-candidate",
                "name": "4.8.3"
              },
              {
                "id": "openshift-v4.8.3-fast",
                "name": "4.8.3"
              },
              {
                "id": "openshift-v4.8.40-candidate",
                "name": "4.8.40"
              },
              {
                "id": "openshift-v4.8.41-candidate",
                "name": "4.8.41"
              },
              {
                "id": "openshift-v4.8.41-fast",
                "name": "4.8.41"
              },
              {
                "id": "openshift-v4.8.42-candidate",
                "name": "4.8.42"
              },
              {
                "id": "openshift-v4.8.42-fast",
                "name": "4.8.42"
              },
              {
                "id": "openshift-v4.8.43-candidate",
                "name": "4.8.43"
              },
              {
                "id": "openshift-v4.8.43-fast",
                "name": "4.8.43"
              },
              {
                "id": "openshift-v4.8.44-candidate",
                "name": "4.8.44"
              },
              {
                "id": "openshift-v4.8.44-fast",
                "name": "4.8.44"
              },
              {
                "id": "openshift-v4.8.45-candidate",
                "name": "4.8.45"
              },
              {
                "id": "openshift-v4.8.45-fast",
                "name": "4.8.45"
              },
              {
                "id": "openshift-v4.8.46-candidate",
                "name": "4.8.46"
              },
              {
                "id": "openshift-v4.8.46-fast",
                "name": "4.8.46"
              },
              {
                "id": "openshift-v4.8.47-candidate",
                "name": "4.8.47"
              },
              {
                "id": "openshift-v4.8.47-fast",
                "name": "4.8.47"
              },
              {
                "id": "openshift-v4.8.48-candidate",
                "name": "4.8.48"
              },
              {
                "id": "openshift-v4.8.48-fast",
                "name": "4.8.48"
              },
              {
                "id": "openshift-v4.8.49-candidate",
                "name": "4.8.49"
              },
              {
                "id": "openshift-v4.8.49-fast",
                "name": "4.8.49"
              },
              {
                "id": "openshift-v4.8.4-candidate",
                "name": "4.8.4"
              },
              {
                "id": "openshift-v4.8.4-fast",
                "name": "4.8.4"
              },
              {
                "id": "openshift-v4.8.50-candidate",
                "name": "4.8.50"
              },
              {
                "id": "openshift-v4.8.50-fast",
                "name": "4.8.50"
              },
              {
                "id": "openshift-v4.8.51-candidate",
                "name": "4.8.51"
              },
              {
                "id": "openshift-v4.8.51-fast",
                "name": "4.8.51"
              },
              {
                "id": "openshift-v4.8.52-candidate",
                "name": "4.8.52"
              },
              {
                "id": "openshift-v4.8.52-fast",
                "name": "4.8.52"
              },
              {
                "id": "openshift-v4.8.53-candidate",
                "name": "4.8.53"
              },
              {
                "id": "openshift-v4.8.53-fast",
                "name": "4.8.53"
              },
              {
                "id": "openshift-v4.8.54-candidate",
                "name": "4.8.54"
              },
              {
                "id": "openshift-v4.8.54-fast",
                "name": "4.8.54"
              },
              {
                "id": "openshift-v4.8.55-candidate",
                "name": "4.8.55"
              },
              {
                "id": "openshift-v4.8.55-fast",
                "name": "4.8.55"
              },
              {
                "id": "openshift-v4.8.56-candidate",
                "name": "4.8.56"
              },
              {
                "id": "openshift-v4.8.56-fast",
                "name": "4.8.56"
              },
              {
                "id": "openshift-v4.8.57",
                "name": "4.8.57"
              },
              {
                "id": "openshift-v4.8.57-candidate",
                "name": "4.8.57"
              },
              {
                "id": "openshift-v4.8.57-fast",
                "name": "4.8.57"
              },
              {
                "id": "openshift-v4.8.5-candidate",
                "name": "4.8.5"
              },
              {
                "id": "openshift-v4.8.5-fast",
                "name": "4.8.5"
              },
              {
                "id": "openshift-v4.8.6-candidate",
                "name": "4.8.6"
              },
              {
                "id": "openshift-v4.8.7-candidate",
                "name": "4.8.7"
              },
              {
                "id": "openshift-v4.8.9-candidate",
                "name": "4.8.9"
              },
              {
                "id": "openshift-v4.8.9-fast",
                "name": "4.8.9"
              },
              {
                "id": "openshift-v4.9.0-candidate",
                "name": "4.9.0"
              },
              {
                "id": "openshift-v4.9.0-fast",
                "name": "4.9.0"
              },
              {
                "id": "openshift-v4.9.0-fc.0-candidate",
                "name": "4.9.0-fc.0"
              },
              {
                "id": "openshift-v4.9.0-fc.1-candidate",
                "name": "4.9.0-fc.1"
              },
              {
                "id": "openshift-v4.9.0-rc.0-candidate",
                "name": "4.9.0-rc.0"
              },
              {
                "id": "openshift-v4.9.0-rc.1-candidate",
                "name": "4.9.0-rc.1"
              },
              {
                "id": "openshift-v4.9.0-rc.3-candidate",
                "name": "4.9.0-rc.3"
              },
              {
                "id": "openshift-v4.9.0-rc.4-candidate",
                "name": "4.9.0-rc.4"
              },
              {
                "id": "openshift-v4.9.0-rc.5-candidate",
                "name": "4.9.0-rc.5"
              },
              {
                "id": "openshift-v4.9.0-rc.6-candidate",
                "name": "4.9.0-rc.6"
              },
              {
                "id": "openshift-v4.9.0-rc.7-candidate",
                "name": "4.9.0-rc.7"
              },
              {
                "id": "openshift-v4.9.0-rc.8-candidate",
                "name": "4.9.0-rc.8"
              },
              {
                "id": "openshift-v4.9.10-candidate",
                "name": "4.9.10"
              },
              {
                "id": "openshift-v4.9.10-fast",
                "name": "4.9.10"
              },
              {
                "id": "openshift-v4.9.11-candidate",
                "name": "4.9.11"
              },
              {
                "id": "openshift-v4.9.11-fast",
                "name": "4.9.11"
              },
              {
                "id": "openshift-v4.9.12-candidate",
                "name": "4.9.12"
              },
              {
                "id": "openshift-v4.9.12-fast",
                "name": "4.9.12"
              },
              {
                "id": "openshift-v4.9.13-candidate",
                "name": "4.9.13"
              },
              {
                "id": "openshift-v4.9.13-fast",
                "name": "4.9.13"
              },
              {
                "id": "openshift-v4.9.15-candidate",
                "name": "4.9.15"
              },
              {
                "id": "openshift-v4.9.15-fast",
                "name": "4.9.15"
              },
              {
                "id": "openshift-v4.9.17-candidate",
                "name": "4.9.17"
              },
              {
                "id": "openshift-v4.9.17-fast",
                "name": "4.9.17"
              },
              {
                "id": "openshift-v4.9.18-candidate",
                "name": "4.9.18"
              },
              {
                "id": "openshift-v4.9.18-fast",
                "name": "4.9.18"
              },
              {
                "id": "openshift-v4.9.19",
                "name": "4.9.19"
              },
              {
                "id": "openshift-v4.9.19-candidate",
                "name": "4.9.19"
              },
              {
                "id": "openshift-v4.9.19-fast",
                "name": "4.9.19"
              },
              {
                "id": "openshift-v4.9.1-candidate",
                "name": "4.9.1"
              },
              {
                "id": "openshift-v4.9.21-candidate",
                "name": "4.9.21"
              },
              {
                "id": "openshift-v4.9.21-fast",
                "name": "4.9.21"
              },
              {
                "id": "openshift-v4.9.22-candidate",
                "name": "4.9.22"
              },
              {
                "id": "openshift-v4.9.22-fast",
                "name": "4.9.22"
              },
              {
                "id": "openshift-v4.9.23-candidate",
                "name": "4.9.23"
              },
              {
                "id": "openshift-v4.9.23-fast",
                "name": "4.9.23"
              },
              {
                "id": "openshift-v4.9.24-candidate",
                "name": "4.9.24"
              },
              {
                "id": "openshift-v4.9.24-fast",
                "name": "4.9.24"
              },
              {
                "id": "openshift-v4.9.25-candidate",
                "name": "4.9.25"
              },
              {
                "id": "openshift-v4.9.25-fast",
                "name": "4.9.25"
              },
              {
                "id": "openshift-v4.9.26-candidate",
                "name": "4.9.26"
              },
              {
                "id": "openshift-v4.9.26-fast",
                "name": "4.9.26"
              },
              {
                "id": "openshift-v4.9.27-candidate",
                "name": "4.9.27"
              },
              {
                "id": "openshift-v4.9.27-fast",
                "name": "4.9.27"
              },
              {
                "id": "openshift-v4.9.28-candidate",
                "name": "4.9.28"
              },
              {
                "id": "openshift-v4.9.28-fast",
                "name": "4.9.28"
              },
              {
                "id": "openshift-v4.9.29-candidate",
                "name": "4.9.29"
              },
              {
                "id": "openshift-v4.9.29-fast",
                "name": "4.9.29"
              },
              {
                "id": "openshift-v4.9.30-candidate",
                "name": "4.9.30"
              },
              {
                "id": "openshift-v4.9.31-candidate",
                "name": "4.9.31"
              },
              {
                "id": "openshift-v4.9.31-fast",
                "name": "4.9.31"
              },
              {
                "id": "openshift-v4.9.32-candidate",
                "name": "4.9.32"
              },
              {
                "id": "openshift-v4.9.32-fast",
                "name": "4.9.32"
              },
              {
                "id": "openshift-v4.9.33-candidate",
                "name": "4.9.33"
              },
              {
                "id": "openshift-v4.9.33-fast",
                "name": "4.9.33"
              },
              {
                "id": "openshift-v4.9.34-candidate",
                "name": "4.9.34"
              },
              {
                "id": "openshift-v4.9.35-candidate",
                "name": "4.9.35"
              },
              {
                "id": "openshift-v4.9.35-fast",
                "name": "4.9.35"
              },
              {
                "id": "openshift-v4.9.36-candidate",
                "name": "4.9.36"
              },
              {
                "id": "openshift-v4.9.36-fast",
                "name": "4.9.36"
              },
              {
                "id": "openshift-v4.9.37-candidate",
                "name": "4.9.37"
              },
              {
                "id": "openshift-v4.9.37-fast",
                "name": "4.9.37"
              },
              {
                "id": "openshift-v4.9.38-candidate",
                "name": "4.9.38"
              },
              {
                "id": "openshift-v4.9.38-fast",
                "name": "4.9.38"
              },
              {
                "id": "openshift-v4.9.39-candidate",
                "name": "4.9.39"
              },
              {
                "id": "openshift-v4.9.40-candidate",
                "name": "4.9.40"
              },
              {
                "id": "openshift-v4.9.40-fast",
                "name": "4.9.40"
              },
              {
                "id": "openshift-v4.9.41-candidate",
                "name": "4.9.41"
              },
              {
                "id": "openshift-v4.9.41-fast",
                "name": "4.9.41"
              },
              {
                "id": "openshift-v4.9.42-candidate",
                "name": "4.9.42"
              },
              {
                "id": "openshift-v4.9.42-fast",
                "name": "4.9.42"
              },
              {
                "id": "openshift-v4.9.43-candidate",
                "name": "4.9.43"
              },
              {
                "id": "openshift-v4.9.43-fast",
                "name": "4.9.43"
              },
              {
                "id": "openshift-v4.9.44-candidate",
                "name": "4.9.44"
              },
              {
                "id": "openshift-v4.9.45-candidate",
                "name": "4.9.45"
              },
              {
                "id": "openshift-v4.9.45-fast",
                "name": "4.9.45"
              },
              {
                "id": "openshift-v4.9.46-candidate",
                "name": "4.9.46"
              },
              {
                "id": "openshift-v4.9.46-fast",
                "name": "4.9.46"
              },
              {
                "id": "openshift-v4.9.47-candidate",
                "name": "4.9.47"
              },
              {
                "id": "openshift-v4.9.47-fast",
                "name": "4.9.47"
              },
              {
                "id": "openshift-v4.9.48-candidate",
                "name": "4.9.48"
              },
              {
                "id": "openshift-v4.9.48-fast",
                "name": "4.9.48"
              },
              {
                "id": "openshift-v4.9.49-candidate",
                "name": "4.9.49"
              },
              {
                "id": "openshift-v4.9.49-fast",
                "name": "4.9.49"
              },
              {
                "id": "openshift-v4.9.4-candidate",
                "name": "4.9.4"
              },
              {
                "id": "openshift-v4.9.4-fast",
                "name": "4.9.4"
              },
              {
                "id": "openshift-v4.9.50-candidate",
                "name": "4.9.50"
              },
              {
                "id": "openshift-v4.9.50-fast",
                "name": "4.9.50"
              },
              {
                "id": "openshift-v4.9.51-candidate",
                "name": "4.9.51"
              },
              {
                "id": "openshift-v4.9.51-fast",
                "name": "4.9.51"
              },
              {
                "id": "openshift-v4.9.52-candidate",
                "name": "4.9.52"
              },
              {
                "id": "openshift-v4.9.52-fast",
                "name": "4.9.52"
              },
              {
                "id": "openshift-v4.9.53-candidate",
                "name": "4.9.53"
              },
              {
                "id": "openshift-v4.9.53-fast",
                "name": "4.9.53"
              },
              {
                "id": "openshift-v4.9.54-candidate",
                "name": "4.9.54"
              },
              {
                "id": "openshift-v4.9.54-fast",
                "name": "4.9.54"
              },
              {
                "id": "openshift-v4.9.55-candidate",
                "name": "4.9.55"
              },
              {
                "id": "openshift-v4.9.55-fast",
                "name": "4.9.55"
              },
              {
                "id": "openshift-v4.9.56-candidate",
                "name": "4.9.56"
              },
              {
                "id": "openshift-v4.9.56-fast",
                "name": "4.9.56"
              },
              {
                "id": "openshift-v4.9.57-candidate",
                "name": "4.9.57"
              },
              {
                "id": "openshift-v4.9.57-fast",
                "name": "4.9.57"
              },
              {
                "id": "openshift-v4.9.58-candidate",
                "name": "4.9.58"
              },
              {
                "id": "openshift-v4.9.58-fast",
                "name": "4.9.58"
              },
              {
                "id": "openshift-v4.9.59",
                "name": "4.9.59"
              },
              {
                "id": "openshift-v4.9.59-candidate",
                "name": "4.9.59"
              },
              {
                "id": "openshift-v4.9.59-fast",
                "name": "4.9.59"
              },
              {
                "id": "openshift-v4.9.5-candidate",
                "name": "4.9.5"
              },
              {
                "id": "openshift-v4.9.5-fast",
                "name": "4.9.5"
              },
              {
                "id": "openshift-v4.9.6-candidate",
                "name": "4.9.6"
              },
              {
                "id": "openshift-v4.9.6-fast",
                "name": "4.9.6"
              },
              {
                "id": "openshift-v4.9.7-candidate",
                "name": "4.9.7"
              },
              {
                "id": "openshift-v4.9.7-fast",
                "name": "4.9.7"
              },
              {
                "id": "openshift-v4.9.8-candidate",
                "name": "4.9.8"
              },
              {
                "id": "openshift-v4.9.8-fast",
                "name": "4.9.8"
              },
              {
                "id": "openshift-v4.9.9-candidate",
                "name": "4.9.9"
              },
              {
                "id": "openshift-v4.9.9-fast",
                "name": "4.9.9"
              }
            ],
            "order": null,
            "search": null
          },
          "sensitive_attributes": []
        }
      ]
    },
    {
      "mode": "managed",
      "type": "random_string",
      "name": "random_name",
      "provider": "provider[\"registry.terraform.io/hashicorp/random\"]",
      "instances": [
        {
          "schema_version": 2,
          "attributes": {
            "id": "ril1cq",
            "keepers": null,
            "length": 6,
            "lower": true,
            "min_lower": 0,
            "min_numeric": 0,
            "min_special": 0,
            "min_upper": 0,
            "number": true,
            "numeric": true,
            "override_special": null,
            "result": "ril1cq",
            "special": false,
            "upper": false
          },
          "sensitive_attributes": []
        }
      ]
    },
    {
      "mode": "managed",
      "type": "rhcs_cluster_rosa_classic",
      "name": "rosa_sts_cluster",
      "provider": "provider[\"registry.terraform.io/terraform-redhat/rhcs\"]",
      "instances": [
        {
          "schema_version": 0,
          "attributes": {
            "admin_credentials": {
              "password": "PB0SyOz@z3HJ*#a!",
              "username": "cluster-admin"
            },
            "api_url": "",
            "autoscaling_enabled": false,
            "availability_zones": [
              "us-east-1a"
            ],
            "aws_account_id": "036473323158",
            "aws_additional_compute_security_group_ids": null,
            "aws_additional_control_plane_security_group_ids": null,
            "aws_additional_infra_security_group_ids": null,
            "aws_private_link": false,
            "aws_subnet_ids": null,
            "base_dns_domain": "j1v4.p1.openshiftapps.com",
            "ccs_enabled": true,
            "channel_group": "stable",
            "cloud_region": "us-east-1",
            "compute_machine_type": "m5.xlarge",
            "console_url": "",
            "create_admin_user": null,
            "current_version": "4.15.0",
            "default_mp_labels": null,
            "destroy_timeout": null,
            "disable_scp_checks": null,
            "disable_waiting_in_destroy": null,
            "disable_workload_monitoring": null,
            "domain": "rosa-ril1cq.j1v4.p1.openshiftapps.com",
            "ec2_metadata_http_tokens": "optional",
            "etcd_encryption": false,
            "external_id": "",
            "fips": null,
            "host_prefix": 23,
            "id": "2b4d0407gj4eaulia3nsgkcdme0r73an",
            "infra_id": "",
            "kms_key_arn": null,
            "machine_cidr": "10.0.0.0/16",
            "max_replicas": null,
            "min_replicas": null,
            "multi_az": false,
            "name": "rosa-ril1cq",
            "ocm_properties": {
              "rosa_creator_arn": "arn:aws:iam::036473323158:user/open-environment-pd5rd-admin",
              "rosa_tf_commit": "54e9253",
              "rosa_tf_version": "1.6.2"
            },
            "pod_cidr": "10.128.0.0/14",
            "private": false,
            "private_hosted_zone": null,
            "properties": {
              "rosa_creator_arn": "arn:aws:iam::036473323158:user/open-environment-pd5rd-admin"
            },
            "proxy": null,
            "replicas": 2,
            "service_cidr": "172.30.0.0/16",
            "state": "waiting",
            "sts": {
              "instance_iam_roles": {
                "master_role_arn": "arn:aws:iam::036473323158:role/rosa-ril1cq-ControlPlane-Role",
                "worker_role_arn": "arn:aws:iam::036473323158:role/rosa-ril1cq-Worker-Role"
              },
              "oidc_config_id": "2b4d014ffaqfltevbjqac8166oshcaq8",
              "oidc_endpoint_url": "oidc.op1.openshiftapps.com/2b4d014ffaqfltevbjqac8166oshcaq8",
              "operator_role_prefix": "rosa-ril1cq",
              "role_arn": "arn:aws:iam::036473323158:role/rosa-ril1cq-Installer-Role",
              "support_role_arn": "arn:aws:iam::036473323158:role/rosa-ril1cq-Support-Role",
              "thumbprint": "9e99a48a9960b14926bb7f3b02e22da2b0ab7280"
            },
            "tags": {
              "Terraform": "true"
            },
            "upgrade_acknowledgements_for": null,
            "version": "4.15.0",
            "wait_for_create_complete": null,
            "worker_disk_size": null
          },
          "sensitive_attributes": [
            [
              {
                "type": "get_attr",
                "value": "admin_credentials"
              },
              {
                "type": "get_attr",
                "value": "password"
              }
            ]
          ],
          "dependencies": [
            "data.aws_caller_identity.current",
            "data.rhcs_policies.all_policies",
            "data.rhcs_versions.all",
            "module.create_account_roles.module.rosa_account_roles.module.rosa_account_roles.aws_iam_policy.account_role_policy",
            "module.create_account_roles.module.rosa_account_roles.module.rosa_account_roles.aws_iam_policy.instance_account_role_policy",
            "module.create_account_roles.module.rosa_account_roles.module.rosa_account_roles.aws_iam_policy_attachment.instance_role_policy_attachment",
            "module.create_account_roles.module.rosa_account_roles.module.rosa_account_roles.aws_iam_policy_attachment.role_policy_attachment",
            "module.create_account_roles.module.rosa_account_roles.module.rosa_account_roles.aws_iam_role.account_role",
            "module.create_account_roles.module.rosa_account_roles.module.rosa_account_roles.aws_iam_role.instance_account_role",
            "module.create_account_roles.module.rosa_account_roles.module.rosa_operator_role_policies.aws_iam_policy.operator-policy",
            "module.create_account_roles.module.rosa_account_roles.random_string.default_random",
            "module.create_account_roles.module.rosa_oidc_config_resources.aws_s3_bucket.s3_bucket",
            "module.create_account_roles.module.rosa_oidc_config_resources.aws_s3_bucket_policy.allow_access_from_another_account",
            "module.create_account_roles.module.rosa_oidc_config_resources.aws_s3_bucket_public_access_block.public_access_block",
            "module.create_account_roles.module.rosa_oidc_config_resources.aws_s3_object.discrover_doc_object",
            "module.create_account_roles.module.rosa_oidc_config_resources.aws_s3_object.jwks_object",
            "module.create_account_roles.module.rosa_oidc_config_resources.aws_secretsmanager_secret.secret",
            "module.create_account_roles.module.rosa_oidc_config_resources.aws_secretsmanager_secret_version.store_in_secret",
            "module.create_account_roles.module.rosa_oidc_config_resources.data.aws_iam_policy_document.allow_access_from_another_account",
            "module.create_account_roles.module.rosa_oidc_provider.aws_iam_openid_connect_provider.oidc_provider",
            "module.create_account_roles.module.rosa_operator_roles.module.rosa_operator_roles.aws_iam_role.operator_role",
            "module.create_account_roles.module.rosa_operator_roles.module.rosa_operator_roles.aws_iam_role_policy_attachment.operator_role_policy_attachment",
            "module.create_account_roles.module.rosa_operator_roles.module.rosa_operator_roles.data.aws_caller_identity.current",
            "module.create_account_roles.null_resource.validate_all_version_input",
            "module.create_account_roles.null_resource.validate_openshift_version",
            "random_string.random_name",
            "rhcs_rosa_oidc_config.oidc_config",
            "time_sleep.wait_10_seconds"
          ]
        }
      ]
    },
    {
      "mode": "managed",
      "type": "rhcs_cluster_wait",
      "name": "wait_for_cluster_build",
      "provider": "provider[\"registry.terraform.io/terraform-redhat/rhcs\"]",
      "instances": [
        {
          "schema_version": 0,
          "attributes": {
            "cluster": "2b4d0407gj4eaulia3nsgkcdme0r73an",
            "ready": true,
            "timeout": 60
          },
          "sensitive_attributes": [],
          "dependencies": [
            "data.aws_caller_identity.current",
            "data.rhcs_policies.all_policies",
            "data.rhcs_versions.all",
            "module.create_account_roles.module.rosa_account_roles.module.rosa_account_roles.aws_iam_policy.account_role_policy",
            "module.create_account_roles.module.rosa_account_roles.module.rosa_account_roles.aws_iam_policy.instance_account_role_policy",
            "module.create_account_roles.module.rosa_account_roles.module.rosa_account_roles.aws_iam_policy_attachment.instance_role_policy_attachment",
            "module.create_account_roles.module.rosa_account_roles.module.rosa_account_roles.aws_iam_policy_attachment.role_policy_attachment",
            "module.create_account_roles.module.rosa_account_roles.module.rosa_account_roles.aws_iam_role.account_role",
            "module.create_account_roles.module.rosa_account_roles.module.rosa_account_roles.aws_iam_role.instance_account_role",
            "module.create_account_roles.module.rosa_account_roles.module.rosa_operator_role_policies.aws_iam_policy.operator-policy",
            "module.create_account_roles.module.rosa_account_roles.random_string.default_random",
            "module.create_account_roles.module.rosa_oidc_config_resources.aws_s3_bucket.s3_bucket",
            "module.create_account_roles.module.rosa_oidc_config_resources.aws_s3_bucket_policy.allow_access_from_another_account",
            "module.create_account_roles.module.rosa_oidc_config_resources.aws_s3_bucket_public_access_block.public_access_block",
            "module.create_account_roles.module.rosa_oidc_config_resources.aws_s3_object.discrover_doc_object",
            "module.create_account_roles.module.rosa_oidc_config_resources.aws_s3_object.jwks_object",
            "module.create_account_roles.module.rosa_oidc_config_resources.aws_secretsmanager_secret.secret",
            "module.create_account_roles.module.rosa_oidc_config_resources.aws_secretsmanager_secret_version.store_in_secret",
            "module.create_account_roles.module.rosa_oidc_config_resources.data.aws_iam_policy_document.allow_access_from_another_account",
            "module.create_account_roles.module.rosa_oidc_provider.aws_iam_openid_connect_provider.oidc_provider",
            "module.create_account_roles.module.rosa_operator_roles.module.rosa_operator_roles.aws_iam_role.operator_role",
            "module.create_account_roles.module.rosa_operator_roles.module.rosa_operator_roles.aws_iam_role_policy_attachment.operator_role_policy_attachment",
            "module.create_account_roles.module.rosa_operator_roles.module.rosa_operator_roles.data.aws_caller_identity.current",
            "module.create_account_roles.null_resource.validate_all_version_input",
            "module.create_account_roles.null_resource.validate_openshift_version",
            "random_string.random_name",
            "rhcs_cluster_rosa_classic.rosa_sts_cluster",
            "rhcs_rosa_oidc_config.oidc_config",
            "time_sleep.wait_10_seconds"
          ]
        }
      ]
    },
    {
      "mode": "managed",
      "type": "rhcs_rosa_oidc_config",
      "name": "oidc_config",
      "provider": "provider[\"registry.terraform.io/terraform-redhat/rhcs\"]",
      "instances": [
        {
          "schema_version": 0,
          "attributes": {
            "id": "2b4d014ffaqfltevbjqac8166oshcaq8",
            "installer_role_arn": null,
            "issuer_url": "https://oidc.op1.openshiftapps.com/2b4d014ffaqfltevbjqac8166oshcaq8",
            "managed": true,
            "oidc_endpoint_url": "oidc.op1.openshiftapps.com/2b4d014ffaqfltevbjqac8166oshcaq8",
            "secret_arn": null,
            "thumbprint": "9e99a48a9960b14926bb7f3b02e22da2b0ab7280"
          },
          "sensitive_attributes": []
        }
      ]
    },
    {
      "mode": "managed",
      "type": "time_sleep",
      "name": "wait_10_seconds",
      "provider": "provider[\"registry.terraform.io/hashicorp/time\"]",
      "instances": [
        {
          "schema_version": 0,
          "attributes": {
            "create_duration": "10s",
            "destroy_duration": null,
            "id": "2024-05-08T06:39:10Z",
            "triggers": null
          },
          "sensitive_attributes": [],
          "dependencies": [
            "data.rhcs_policies.all_policies",
            "data.rhcs_versions.all",
            "module.create_account_roles.module.rosa_account_roles.module.rosa_account_roles.aws_iam_policy.account_role_policy",
            "module.create_account_roles.module.rosa_account_roles.module.rosa_account_roles.aws_iam_policy.instance_account_role_policy",
            "module.create_account_roles.module.rosa_account_roles.module.rosa_account_roles.aws_iam_policy_attachment.instance_role_policy_attachment",
            "module.create_account_roles.module.rosa_account_roles.module.rosa_account_roles.aws_iam_policy_attachment.role_policy_attachment",
            "module.create_account_roles.module.rosa_account_roles.module.rosa_account_roles.aws_iam_role.account_role",
            "module.create_account_roles.module.rosa_account_roles.module.rosa_account_roles.aws_iam_role.instance_account_role",
            "module.create_account_roles.module.rosa_account_roles.module.rosa_operator_role_policies.aws_iam_policy.operator-policy",
            "module.create_account_roles.module.rosa_account_roles.random_string.default_random",
            "module.create_account_roles.module.rosa_oidc_config_resources.aws_s3_bucket.s3_bucket",
            "module.create_account_roles.module.rosa_oidc_config_resources.aws_s3_bucket_policy.allow_access_from_another_account",
            "module.create_account_roles.module.rosa_oidc_config_resources.aws_s3_bucket_public_access_block.public_access_block",
            "module.create_account_roles.module.rosa_oidc_config_resources.aws_s3_object.discrover_doc_object",
            "module.create_account_roles.module.rosa_oidc_config_resources.aws_s3_object.jwks_object",
            "module.create_account_roles.module.rosa_oidc_config_resources.aws_secretsmanager_secret.secret",
            "module.create_account_roles.module.rosa_oidc_config_resources.aws_secretsmanager_secret_version.store_in_secret",
            "module.create_account_roles.module.rosa_oidc_config_resources.data.aws_iam_policy_document.allow_access_from_another_account",
            "module.create_account_roles.module.rosa_oidc_provider.aws_iam_openid_connect_provider.oidc_provider",
            "module.create_account_roles.module.rosa_operator_roles.module.rosa_operator_roles.aws_iam_role.operator_role",
            "module.create_account_roles.module.rosa_operator_roles.module.rosa_operator_roles.aws_iam_role_policy_attachment.operator_role_policy_attachment",
            "module.create_account_roles.module.rosa_operator_roles.module.rosa_operator_roles.data.aws_caller_identity.current",
            "module.create_account_roles.null_resource.validate_all_version_input",
            "module.create_account_roles.null_resource.validate_openshift_version",
            "random_string.random_name"
          ]
        }
      ]
    },
    {
      "module": "module.create_account_roles",
      "mode": "managed",
      "type": "null_resource",
      "name": "validate_all_version_input",
      "provider": "provider[\"registry.terraform.io/hashicorp/null\"]",
      "instances": [
        {
          "index_key": 0,
          "schema_version": 0,
          "attributes": {
            "id": "8788371707036461638",
            "triggers": null
          },
          "sensitive_attributes": [],
          "dependencies": [
            "data.rhcs_versions.all"
          ]
        }
      ]
    },
    {
      "module": "module.create_account_roles",
      "mode": "managed",
      "type": "null_resource",
      "name": "validate_openshift_version",
      "provider": "provider[\"registry.terraform.io/hashicorp/null\"]",
      "instances": [
        {
          "index_key": 0,
          "schema_version": 0,
          "attributes": {
            "id": "581612470597261486",
            "triggers": null
          },
          "sensitive_attributes": [],
          "dependencies": [
            "data.rhcs_versions.all",
            "module.create_account_roles.null_resource.validate_all_version_input"
          ]
        }
      ]
    },
    {
      "module": "module.create_account_roles.module.rosa_account_roles[0]",
      "mode": "managed",
      "type": "random_string",
      "name": "default_random",
      "provider": "provider[\"registry.terraform.io/hashicorp/random\"]",
      "instances": [
        {
          "schema_version": 2,
          "attributes": {
            "id": "j8ub",
            "keepers": null,
            "length": 4,
            "lower": true,
            "min_lower": 0,
            "min_numeric": 0,
            "min_special": 0,
            "min_upper": 0,
            "number": true,
            "numeric": true,
            "override_special": null,
            "result": "j8ub",
            "special": false,
            "upper": false
          },
          "sensitive_attributes": [],
          "dependencies": [
            "data.rhcs_versions.all",
            "module.create_account_roles.null_resource.validate_all_version_input",
            "module.create_account_roles.null_resource.validate_openshift_version"
          ]
        }
      ]
    },
    {
      "module": "module.create_account_roles.module.rosa_account_roles[0].module.rosa_account_roles[0]",
      "mode": "managed",
      "type": "aws_iam_policy",
      "name": "account_role_policy",
      "provider": "provider[\"registry.terraform.io/hashicorp/aws\"]",
      "instances": [
        {
          "schema_version": 0,
          "attributes": {
            "arn": "arn:aws:iam::036473323158:policy/rosa-ril1cq-Installer-Role-Policy",
            "attachment_count": 0,
            "description": "",
            "id": "arn:aws:iam::036473323158:policy/rosa-ril1cq-Installer-Role-Policy",
            "name": "rosa-ril1cq-Installer-Role-Policy",
            "name_prefix": "",
            "path": "/",
            "policy": "{\"Statement\":[{\"Action\":[\"autoscaling:DescribeAutoScalingGroups\",\"ec2:AllocateAddress\",\"ec2:AssociateAddress\",\"ec2:AssociateDhcpOptions\",\"ec2:AssociateRouteTable\",\"ec2:AttachInternetGateway\",\"ec2:AttachNetworkInterface\",\"ec2:AuthorizeSecurityGroupEgress\",\"ec2:AuthorizeSecurityGroupIngress\",\"ec2:CopyImage\",\"ec2:CreateDhcpOptions\",\"ec2:CreateInternetGateway\",\"ec2:CreateNatGateway\",\"ec2:CreateNetworkInterface\",\"ec2:CreateRoute\",\"ec2:CreateRouteTable\",\"ec2:CreateSecurityGroup\",\"ec2:CreateSubnet\",\"ec2:CreateTags\",\"ec2:CreateVolume\",\"ec2:CreateVpc\",\"ec2:CreateVpcEndpoint\",\"ec2:DeleteDhcpOptions\",\"ec2:DeleteInternetGateway\",\"ec2:DeleteNatGateway\",\"ec2:DeleteNetworkInterface\",\"ec2:DeleteRoute\",\"ec2:DeleteRouteTable\",\"ec2:DeleteSecurityGroup\",\"ec2:DeleteSnapshot\",\"ec2:DeleteSubnet\",\"ec2:DeleteTags\",\"ec2:DeleteVolume\",\"ec2:DeleteVpc\",\"ec2:DeleteVpcEndpoints\",\"ec2:DeregisterImage\",\"ec2:DescribeAccountAttributes\",\"ec2:DescribeAddresses\",\"ec2:DescribeAvailabilityZones\",\"ec2:DescribeDhcpOptions\",\"ec2:DescribeImages\",\"ec2:DescribeInstanceAttribute\",\"ec2:DescribeInstanceCreditSpecifications\",\"ec2:DescribeInstances\",\"ec2:DescribeInstanceStatus\",\"ec2:DescribeInstanceTypeOfferings\",\"ec2:DescribeInstanceTypes\",\"ec2:DescribeInternetGateways\",\"ec2:DescribeKeyPairs\",\"ec2:DescribeNatGateways\",\"ec2:DescribeNetworkAcls\",\"ec2:DescribeNetworkInterfaces\",\"ec2:DescribePrefixLists\",\"ec2:DescribeRegions\",\"ec2:DescribeReservedInstancesOfferings\",\"ec2:DescribeRouteTables\",\"ec2:DescribeSecurityGroups\",\"ec2:DescribeSecurityGroupRules\",\"ec2:DescribeSubnets\",\"ec2:DescribeTags\",\"ec2:DescribeVolumes\",\"ec2:DescribeVpcAttribute\",\"ec2:DescribeVpcClassicLink\",\"ec2:DescribeVpcClassicLinkDnsSupport\",\"ec2:DescribeVpcEndpoints\",\"ec2:DescribeVpcs\",\"ec2:DetachInternetGateway\",\"ec2:DisassociateRouteTable\",\"ec2:GetConsoleOutput\",\"ec2:GetEbsDefaultKmsKeyId\",\"ec2:ModifyInstanceAttribute\",\"ec2:ModifyNetworkInterfaceAttribute\",\"ec2:ModifySubnetAttribute\",\"ec2:ModifyVpcAttribute\",\"ec2:ReleaseAddress\",\"ec2:ReplaceRouteTableAssociation\",\"ec2:RevokeSecurityGroupEgress\",\"ec2:RevokeSecurityGroupIngress\",\"ec2:RunInstances\",\"ec2:StartInstances\",\"ec2:StopInstances\",\"ec2:TerminateInstances\",\"elasticloadbalancing:AddTags\",\"elasticloadbalancing:ApplySecurityGroupsToLoadBalancer\",\"elasticloadbalancing:AttachLoadBalancerToSubnets\",\"elasticloadbalancing:ConfigureHealthCheck\",\"elasticloadbalancing:CreateListener\",\"elasticloadbalancing:CreateLoadBalancer\",\"elasticloadbalancing:CreateLoadBalancerListeners\",\"elasticloadbalancing:CreateTargetGroup\",\"elasticloadbalancing:DeleteLoadBalancer\",\"elasticloadbalancing:DeleteTargetGroup\",\"elasticloadbalancing:DeregisterInstancesFromLoadBalancer\",\"elasticloadbalancing:DeregisterTargets\",\"elasticloadbalancing:DescribeAccountLimits\",\"elasticloadbalancing:DescribeInstanceHealth\",\"elasticloadbalancing:DescribeListeners\",\"elasticloadbalancing:DescribeLoadBalancerAttributes\",\"elasticloadbalancing:DescribeLoadBalancers\",\"elasticloadbalancing:DescribeTags\",\"elasticloadbalancing:DescribeTargetGroupAttributes\",\"elasticloadbalancing:DescribeTargetGroups\",\"elasticloadbalancing:DescribeTargetHealth\",\"elasticloadbalancing:ModifyLoadBalancerAttributes\",\"elasticloadbalancing:ModifyTargetGroup\",\"elasticloadbalancing:ModifyTargetGroupAttributes\",\"elasticloadbalancing:RegisterInstancesWithLoadBalancer\",\"elasticloadbalancing:RegisterTargets\",\"elasticloadbalancing:SetLoadBalancerPoliciesOfListener\",\"iam:AddRoleToInstanceProfile\",\"iam:CreateInstanceProfile\",\"iam:DeleteInstanceProfile\",\"iam:GetInstanceProfile\",\"iam:TagInstanceProfile\",\"iam:GetRole\",\"iam:GetRolePolicy\",\"iam:GetUser\",\"iam:ListAttachedRolePolicies\",\"iam:ListInstanceProfiles\",\"iam:ListInstanceProfilesForRole\",\"iam:ListRolePolicies\",\"iam:ListRoles\",\"iam:ListUserPolicies\",\"iam:ListUsers\",\"iam:PassRole\",\"iam:RemoveRoleFromInstanceProfile\",\"iam:SimulatePrincipalPolicy\",\"iam:TagRole\",\"iam:UntagRole\",\"route53:ChangeResourceRecordSets\",\"route53:ChangeTagsForResource\",\"route53:CreateHostedZone\",\"route53:DeleteHostedZone\",\"route53:GetAccountLimit\",\"route53:GetChange\",\"route53:GetHostedZone\",\"route53:ListHostedZones\",\"route53:ListHostedZonesByName\",\"route53:ListResourceRecordSets\",\"route53:ListTagsForResource\",\"route53:UpdateHostedZoneComment\",\"s3:CreateBucket\",\"s3:DeleteBucket\",\"s3:DeleteObject\",\"s3:DeleteObjectVersion\",\"s3:GetAccelerateConfiguration\",\"s3:GetBucketAcl\",\"s3:GetBucketCORS\",\"s3:GetBucketLocation\",\"s3:GetBucketLogging\",\"s3:GetBucketObjectLockConfiguration\",\"s3:GetBucketPolicy\",\"s3:GetBucketRequestPayment\",\"s3:GetBucketTagging\",\"s3:GetBucketVersioning\",\"s3:GetBucketWebsite\",\"s3:GetEncryptionConfiguration\",\"s3:GetLifecycleConfiguration\",\"s3:GetObject\",\"s3:GetObjectAcl\",\"s3:GetObjectTagging\",\"s3:GetObjectVersion\",\"s3:GetReplicationConfiguration\",\"s3:ListBucket\",\"s3:ListBucketVersions\",\"s3:PutBucketAcl\",\"s3:PutBucketTagging\",\"s3:PutBucketVersioning\",\"s3:PutEncryptionConfiguration\",\"s3:PutObject\",\"s3:PutObjectAcl\",\"s3:PutObjectTagging\",\"servicequotas:GetServiceQuota\",\"servicequotas:ListAWSDefaultServiceQuotas\",\"sts:AssumeRole\",\"sts:AssumeRoleWithWebIdentity\",\"sts:GetCallerIdentity\",\"tag:GetResources\",\"tag:UntagResources\",\"ec2:CreateVpcEndpointServiceConfiguration\",\"ec2:DeleteVpcEndpointServiceConfigurations\",\"ec2:DescribeVpcEndpointServiceConfigurations\",\"ec2:DescribeVpcEndpointServicePermissions\",\"ec2:DescribeVpcEndpointServices\",\"ec2:ModifyVpcEndpointServicePermissions\",\"kms:DescribeKey\",\"cloudwatch:GetMetricData\"],\"Effect\":\"Allow\",\"Resource\":\"*\"},{\"Action\":[\"secretsmanager:GetSecretValue\"],\"Condition\":{\"StringEquals\":{\"aws:ResourceTag/red-hat-managed\":\"true\"}},\"Effect\":\"Allow\",\"Resource\":\"*\"}],\"Version\":\"2012-10-17\"}",
            "policy_id": "ANPAQQ7P2X2LISD76FUQW",
            "tags": {
              "Terraform": "true",
              "rosa_openshift_version": "4.15",
              "rosa_role_prefix": "rosa-ril1cq",
              "rosa_role_type": "installer"
            },
            "tags_all": {
              "Terraform": "true",
              "rosa_openshift_version": "4.15",
              "rosa_role_prefix": "rosa-ril1cq",
              "rosa_role_type": "installer"
            }
          },
          "sensitive_attributes": [],
          "private": "bnVsbA==",
          "dependencies": [
            "data.rhcs_policies.all_policies",
            "data.rhcs_versions.all",
            "module.create_account_roles.module.rosa_account_roles.random_string.default_random",
            "module.create_account_roles.null_resource.validate_all_version_input",
            "module.create_account_roles.null_resource.validate_openshift_version",
            "random_string.random_name"
          ]
        }
      ]
    },
    {
      "module": "module.create_account_roles.module.rosa_account_roles[0].module.rosa_account_roles[0]",
      "mode": "managed",
      "type": "aws_iam_policy",
      "name": "instance_account_role_policy",
      "provider": "provider[\"registry.terraform.io/hashicorp/aws\"]",
      "instances": [
        {
          "schema_version": 0,
          "attributes": {
            "arn": "arn:aws:iam::036473323158:policy/rosa-ril1cq-Worker-Role-Policy",
            "attachment_count": 0,
            "description": "",
            "id": "arn:aws:iam::036473323158:policy/rosa-ril1cq-Worker-Role-Policy",
            "name": "rosa-ril1cq-Worker-Role-Policy",
            "name_prefix": "",
            "path": "/",
            "policy": "{\"Statement\":[{\"Action\":[\"ec2:DescribeInstances\",\"ec2:DescribeRegions\"],\"Effect\":\"Allow\",\"Resource\":\"*\"}],\"Version\":\"2012-10-17\"}",
            "policy_id": "ANPAQQ7P2X2LCUZS3ROZ4",
            "tags": {
              "Terraform": "true",
              "rosa_openshift_version": "4.15",
              "rosa_role_prefix": "rosa-ril1cq",
              "rosa_role_type": "instance_worker"
            },
            "tags_all": {
              "Terraform": "true",
              "rosa_openshift_version": "4.15",
              "rosa_role_prefix": "rosa-ril1cq",
              "rosa_role_type": "instance_worker"
            }
          },
          "sensitive_attributes": [],
          "private": "bnVsbA==",
          "dependencies": [
            "data.rhcs_policies.all_policies",
            "data.rhcs_versions.all",
            "module.create_account_roles.module.rosa_account_roles.random_string.default_random",
            "module.create_account_roles.null_resource.validate_all_version_input",
            "module.create_account_roles.null_resource.validate_openshift_version",
            "random_string.random_name"
          ]
        }
      ]
    },
    {
      "module": "module.create_account_roles.module.rosa_account_roles[0].module.rosa_account_roles[0]",
      "mode": "managed",
      "type": "aws_iam_policy_attachment",
      "name": "instance_role_policy_attachment",
      "provider": "provider[\"registry.terraform.io/hashicorp/aws\"]",
      "instances": [
        {
          "schema_version": 0,
          "attributes": {
            "groups": null,
            "id": "worker-role-policy-attachment",
            "name": "worker-role-policy-attachment",
            "policy_arn": "arn:aws:iam::036473323158:policy/rosa-ril1cq-Worker-Role-Policy",
            "roles": [
              "rosa-ril1cq-Worker-Role"
            ],
            "users": null
          },
          "sensitive_attributes": [],
          "private": "bnVsbA==",
          "dependencies": [
            "data.rhcs_policies.all_policies",
            "data.rhcs_versions.all",
            "module.create_account_roles.module.rosa_account_roles.module.rosa_account_roles.aws_iam_policy.instance_account_role_policy",
            "module.create_account_roles.module.rosa_account_roles.module.rosa_account_roles.aws_iam_role.instance_account_role",
            "module.create_account_roles.module.rosa_account_roles.random_string.default_random",
            "module.create_account_roles.null_resource.validate_all_version_input",
            "module.create_account_roles.null_resource.validate_openshift_version",
            "random_string.random_name"
          ]
        }
      ]
    },
    {
      "module": "module.create_account_roles.module.rosa_account_roles[0].module.rosa_account_roles[0]",
      "mode": "managed",
      "type": "aws_iam_policy_attachment",
      "name": "role_policy_attachment",
      "provider": "provider[\"registry.terraform.io/hashicorp/aws\"]",
      "instances": [
        {
          "schema_version": 0,
          "attributes": {
            "groups": null,
            "id": "installer-role-policy-attachment",
            "name": "installer-role-policy-attachment",
            "policy_arn": "arn:aws:iam::036473323158:policy/rosa-ril1cq-Installer-Role-Policy",
            "roles": [
              "rosa-ril1cq-Installer-Role"
            ],
            "users": null
          },
          "sensitive_attributes": [],
          "private": "bnVsbA==",
          "dependencies": [
            "data.rhcs_policies.all_policies",
            "data.rhcs_versions.all",
            "module.create_account_roles.module.rosa_account_roles.module.rosa_account_roles.aws_iam_policy.account_role_policy",
            "module.create_account_roles.module.rosa_account_roles.module.rosa_account_roles.aws_iam_role.account_role",
            "module.create_account_roles.module.rosa_account_roles.random_string.default_random",
            "module.create_account_roles.null_resource.validate_all_version_input",
            "module.create_account_roles.null_resource.validate_openshift_version",
            "random_string.random_name"
          ]
        }
      ]
    },
    {
      "module": "module.create_account_roles.module.rosa_account_roles[0].module.rosa_account_roles[0]",
      "mode": "managed",
      "type": "aws_iam_role",
      "name": "account_role",
      "provider": "provider[\"registry.terraform.io/hashicorp/aws\"]",
      "instances": [
        {
          "schema_version": 0,
          "attributes": {
            "arn": "arn:aws:iam::036473323158:role/rosa-ril1cq-Installer-Role",
            "assume_role_policy": "{\"Statement\":[{\"Action\":\"sts:AssumeRole\",\"Effect\":\"Allow\",\"Principal\":{\"AWS\":\"arn:aws:iam::710019948333:role/RH-Managed-OpenShift-Installer\"}}],\"Version\":\"2012-10-17\"}",
            "create_date": "2024-05-08T06:39:00Z",
            "description": "",
            "force_detach_policies": false,
            "id": "rosa-ril1cq-Installer-Role",
            "inline_policy": [],
            "managed_policy_arns": [],
            "max_session_duration": 3600,
            "name": "rosa-ril1cq-Installer-Role",
            "name_prefix": "",
            "path": "/",
            "permissions_boundary": "",
            "tags": {
              "Terraform": "true",
              "red-hat-managed": "true",
              "rosa_openshift_version": "4.15",
              "rosa_role_prefix": "rosa-ril1cq",
              "rosa_role_type": "installer"
            },
            "tags_all": {
              "Terraform": "true",
              "red-hat-managed": "true",
              "rosa_openshift_version": "4.15",
              "rosa_role_prefix": "rosa-ril1cq",
              "rosa_role_type": "installer"
            },
            "unique_id": "AROAQQ7P2X2LLXTLN6AEZ"
          },
          "sensitive_attributes": [],
          "private": "bnVsbA==",
          "dependencies": [
            "data.rhcs_policies.all_policies",
            "data.rhcs_versions.all",
            "module.create_account_roles.module.rosa_account_roles.random_string.default_random",
            "module.create_account_roles.null_resource.validate_all_version_input",
            "module.create_account_roles.null_resource.validate_openshift_version",
            "random_string.random_name"
          ]
        }
      ]
    },
    {
      "module": "module.create_account_roles.module.rosa_account_roles[0].module.rosa_account_roles[0]",
      "mode": "managed",
      "type": "aws_iam_role",
      "name": "instance_account_role",
      "provider": "provider[\"registry.terraform.io/hashicorp/aws\"]",
      "instances": [
        {
          "schema_version": 0,
          "attributes": {
            "arn": "arn:aws:iam::036473323158:role/rosa-ril1cq-Worker-Role",
            "assume_role_policy": "{\"Statement\":[{\"Action\":\"sts:AssumeRole\",\"Effect\":\"Allow\",\"Principal\":{\"Service\":[\"ec2.amazonaws.com\"]}}],\"Version\":\"2012-10-17\"}",
            "create_date": "2024-05-08T06:39:00Z",
            "description": "",
            "force_detach_policies": false,
            "id": "rosa-ril1cq-Worker-Role",
            "inline_policy": [],
            "managed_policy_arns": [],
            "max_session_duration": 3600,
            "name": "rosa-ril1cq-Worker-Role",
            "name_prefix": "",
            "path": "/",
            "permissions_boundary": "",
            "tags": {
              "Terraform": "true",
              "red-hat-managed": "true",
              "rosa_openshift_version": "4.15",
              "rosa_role_prefix": "rosa-ril1cq",
              "rosa_role_type": "instance_worker"
            },
            "tags_all": {
              "Terraform": "true",
              "red-hat-managed": "true",
              "rosa_openshift_version": "4.15",
              "rosa_role_prefix": "rosa-ril1cq",
              "rosa_role_type": "instance_worker"
            },
            "unique_id": "AROAQQ7P2X2LC5NBTKQ5U"
          },
          "sensitive_attributes": [],
          "private": "bnVsbA==",
          "dependencies": [
            "data.rhcs_policies.all_policies",
            "data.rhcs_versions.all",
            "module.create_account_roles.module.rosa_account_roles.random_string.default_random",
            "module.create_account_roles.null_resource.validate_all_version_input",
            "module.create_account_roles.null_resource.validate_openshift_version",
            "random_string.random_name"
          ]
        }
      ]
    },
    {
      "module": "module.create_account_roles.module.rosa_account_roles[0].module.rosa_account_roles[1]",
      "mode": "managed",
      "type": "aws_iam_policy",
      "name": "account_role_policy",
      "provider": "provider[\"registry.terraform.io/hashicorp/aws\"]",
      "instances": [
        {
          "schema_version": 0,
          "attributes": {
            "arn": "arn:aws:iam::036473323158:policy/rosa-ril1cq-Support-Role-Policy",
            "attachment_count": 0,
            "description": "",
            "id": "arn:aws:iam::036473323158:policy/rosa-ril1cq-Support-Role-Policy",
            "name": "rosa-ril1cq-Support-Role-Policy",
            "name_prefix": "",
            "path": "/",
            "policy": "{\"Statement\":[{\"Action\":[\"cloudtrail:DescribeTrails\",\"cloudtrail:LookupEvents\",\"cloudwatch:GetMetricData\",\"cloudwatch:GetMetricStatistics\",\"cloudwatch:ListMetrics\",\"ec2-instance-connect:SendSerialConsoleSSHPublicKey\",\"ec2:CopySnapshot\",\"ec2:CreateNetworkInsightsPath\",\"ec2:CreateSnapshot\",\"ec2:CreateSnapshots\",\"ec2:CreateTags\",\"ec2:DeleteNetworkInsightsAnalysis\",\"ec2:DeleteNetworkInsightsPath\",\"ec2:DeleteTags\",\"ec2:DescribeAccountAttributes\",\"ec2:DescribeAddresses\",\"ec2:DescribeAddressesAttribute\",\"ec2:DescribeAggregateIdFormat\",\"ec2:DescribeAvailabilityZones\",\"ec2:DescribeByoipCidrs\",\"ec2:DescribeCapacityReservations\",\"ec2:DescribeCarrierGateways\",\"ec2:DescribeClassicLinkInstances\",\"ec2:DescribeClientVpnAuthorizationRules\",\"ec2:DescribeClientVpnConnections\",\"ec2:DescribeClientVpnEndpoints\",\"ec2:DescribeClientVpnRoutes\",\"ec2:DescribeClientVpnTargetNetworks\",\"ec2:DescribeCoipPools\",\"ec2:DescribeCustomerGateways\",\"ec2:DescribeDhcpOptions\",\"ec2:DescribeEgressOnlyInternetGateways\",\"ec2:DescribeIamInstanceProfileAssociations\",\"ec2:DescribeIdentityIdFormat\",\"ec2:DescribeIdFormat\",\"ec2:DescribeImageAttribute\",\"ec2:DescribeImages\",\"ec2:DescribeInstanceAttribute\",\"ec2:DescribeInstances\",\"ec2:DescribeInstanceStatus\",\"ec2:DescribeInstanceTypeOfferings\",\"ec2:DescribeInstanceTypes\",\"ec2:DescribeInternetGateways\",\"ec2:DescribeIpv6Pools\",\"ec2:DescribeKeyPairs\",\"ec2:DescribeLaunchTemplates\",\"ec2:DescribeLocalGatewayRouteTables\",\"ec2:DescribeLocalGatewayRouteTableVirtualInterfaceGroupAssociations\",\"ec2:DescribeLocalGatewayRouteTableVpcAssociations\",\"ec2:DescribeLocalGateways\",\"ec2:DescribeLocalGatewayVirtualInterfaceGroups\",\"ec2:DescribeLocalGatewayVirtualInterfaces\",\"ec2:DescribeManagedPrefixLists\",\"ec2:DescribeNatGateways\",\"ec2:DescribeNetworkAcls\",\"ec2:DescribeNetworkInsightsAnalyses\",\"ec2:DescribeNetworkInsightsPaths\",\"ec2:DescribeNetworkInterfaces\",\"ec2:DescribePlacementGroups\",\"ec2:DescribePrefixLists\",\"ec2:DescribePrincipalIdFormat\",\"ec2:DescribePublicIpv4Pools\",\"ec2:DescribeRegions\",\"ec2:DescribeReservedInstances\",\"ec2:DescribeRouteTables\",\"ec2:DescribeScheduledInstances\",\"ec2:DescribeSecurityGroupReferences\",\"ec2:DescribeSecurityGroupRules\",\"ec2:DescribeSecurityGroups\",\"ec2:DescribeSnapshotAttribute\",\"ec2:DescribeSnapshots\",\"ec2:DescribeSpotFleetInstances\",\"ec2:DescribeStaleSecurityGroups\",\"ec2:DescribeSubnets\",\"ec2:DescribeTags\",\"ec2:DescribeTransitGatewayAttachments\",\"ec2:DescribeTransitGatewayConnectPeers\",\"ec2:DescribeTransitGatewayConnects\",\"ec2:DescribeTransitGatewayMulticastDomains\",\"ec2:DescribeTransitGatewayPeeringAttachments\",\"ec2:DescribeTransitGatewayRouteTables\",\"ec2:DescribeTransitGateways\",\"ec2:DescribeTransitGatewayVpcAttachments\",\"ec2:DescribeVolumeAttribute\",\"ec2:DescribeVolumes\",\"ec2:DescribeVolumesModifications\",\"ec2:DescribeVolumeStatus\",\"ec2:DescribeVpcAttribute\",\"ec2:DescribeVpcClassicLink\",\"ec2:DescribeVpcClassicLinkDnsSupport\",\"ec2:DescribeVpcEndpointConnectionNotifications\",\"ec2:DescribeVpcEndpointConnections\",\"ec2:DescribeVpcEndpoints\",\"ec2:DescribeVpcEndpointServiceConfigurations\",\"ec2:DescribeVpcEndpointServicePermissions\",\"ec2:DescribeVpcEndpointServices\",\"ec2:DescribeVpcPeeringConnections\",\"ec2:DescribeVpcs\",\"ec2:DescribeVpnConnections\",\"ec2:DescribeVpnGateways\",\"ec2:GetAssociatedIpv6PoolCidrs\",\"ec2:GetConsoleOutput\",\"ec2:GetManagedPrefixListEntries\",\"ec2:GetSerialConsoleAccessStatus\",\"ec2:GetTransitGatewayAttachmentPropagations\",\"ec2:GetTransitGatewayMulticastDomainAssociations\",\"ec2:GetTransitGatewayPrefixListReferences\",\"ec2:GetTransitGatewayRouteTableAssociations\",\"ec2:GetTransitGatewayRouteTablePropagations\",\"ec2:ModifyInstanceAttribute\",\"ec2:RebootInstances\",\"ec2:RunInstances\",\"ec2:SearchLocalGatewayRoutes\",\"ec2:SearchTransitGatewayMulticastGroups\",\"ec2:SearchTransitGatewayRoutes\",\"ec2:StartInstances\",\"ec2:StartNetworkInsightsAnalysis\",\"ec2:StopInstances\",\"ec2:TerminateInstances\",\"elasticloadbalancing:ConfigureHealthCheck\",\"elasticloadbalancing:DescribeAccountLimits\",\"elasticloadbalancing:DescribeInstanceHealth\",\"elasticloadbalancing:DescribeListenerCertificates\",\"elasticloadbalancing:DescribeListeners\",\"elasticloadbalancing:DescribeLoadBalancerAttributes\",\"elasticloadbalancing:DescribeLoadBalancerPolicies\",\"elasticloadbalancing:DescribeLoadBalancerPolicyTypes\",\"elasticloadbalancing:DescribeLoadBalancers\",\"elasticloadbalancing:DescribeRules\",\"elasticloadbalancing:DescribeSSLPolicies\",\"elasticloadbalancing:DescribeTags\",\"elasticloadbalancing:DescribeTargetGroupAttributes\",\"elasticloadbalancing:DescribeTargetGroups\",\"elasticloadbalancing:DescribeTargetHealth\",\"iam:GetRole\",\"iam:ListRoles\",\"kms:CreateGrant\",\"route53:GetHostedZone\",\"route53:GetHostedZoneCount\",\"route53:ListHostedZones\",\"route53:ListHostedZonesByName\",\"route53:ListResourceRecordSets\",\"s3:GetBucketTagging\",\"s3:GetObjectAcl\",\"s3:GetObjectTagging\",\"s3:ListAllMyBuckets\",\"sts:DecodeAuthorizationMessage\",\"tiros:CreateQuery\",\"tiros:GetQueryAnswer\",\"tiros:GetQueryExplanation\"],\"Effect\":\"Allow\",\"Resource\":\"*\"},{\"Action\":[\"s3:ListBucket\"],\"Effect\":\"Allow\",\"Resource\":[\"arn:aws:s3:::managed-velero*\",\"arn:aws:s3:::*image-registry*\"]}],\"Version\":\"2012-10-17\"}",
            "policy_id": "ANPAQQ7P2X2LMCWJWLB6H",
            "tags": {
              "Terraform": "true",
              "rosa_openshift_version": "4.15",
              "rosa_role_prefix": "rosa-ril1cq",
              "rosa_role_type": "support"
            },
            "tags_all": {
              "Terraform": "true",
              "rosa_openshift_version": "4.15",
              "rosa_role_prefix": "rosa-ril1cq",
              "rosa_role_type": "support"
            }
          },
          "sensitive_attributes": [],
          "private": "bnVsbA==",
          "dependencies": [
            "data.rhcs_policies.all_policies",
            "data.rhcs_versions.all",
            "module.create_account_roles.module.rosa_account_roles.random_string.default_random",
            "module.create_account_roles.null_resource.validate_all_version_input",
            "module.create_account_roles.null_resource.validate_openshift_version",
            "random_string.random_name"
          ]
        }
      ]
    },
    {
      "module": "module.create_account_roles.module.rosa_account_roles[0].module.rosa_account_roles[1]",
      "mode": "managed",
      "type": "aws_iam_policy",
      "name": "instance_account_role_policy",
      "provider": "provider[\"registry.terraform.io/hashicorp/aws\"]",
      "instances": [
        {
          "schema_version": 0,
          "attributes": {
            "arn": "arn:aws:iam::036473323158:policy/rosa-ril1cq-ControlPlane-Role-Policy",
            "attachment_count": 0,
            "description": "",
            "id": "arn:aws:iam::036473323158:policy/rosa-ril1cq-ControlPlane-Role-Policy",
            "name": "rosa-ril1cq-ControlPlane-Role-Policy",
            "name_prefix": "",
            "path": "/",
            "policy": "{\"Statement\":[{\"Action\":[\"ec2:DescribeAvailabilityZones\",\"ec2:DescribeInstances\",\"ec2:DescribeRouteTables\",\"ec2:DescribeSecurityGroups\",\"ec2:DescribeSubnets\",\"ec2:DescribeVpcs\",\"elasticloadbalancing:DescribeLoadBalancers\",\"elasticloadbalancing:DescribeLoadBalancerAttributes\",\"elasticloadbalancing:DescribeListeners\",\"elasticloadbalancing:DescribeTargetGroups\",\"elasticloadbalancing:DescribeTargetHealth\",\"elasticloadbalancing:DescribeLoadBalancerPolicies\"],\"Effect\":\"Allow\",\"Resource\":[\"*\"],\"Sid\":\"ReadPermissions\"},{\"Action\":[\"kms:DescribeKey\"],\"Condition\":{\"StringEquals\":{\"aws:ResourceTag/red-hat\":\"true\"}},\"Effect\":\"Allow\",\"Resource\":[\"*\"],\"Sid\":\"KMSDescribeKey\"},{\"Action\":[\"ec2:AttachVolume\",\"ec2:AuthorizeSecurityGroupIngress\",\"ec2:CreateSecurityGroup\",\"ec2:CreateTags\",\"ec2:CreateVolume\",\"ec2:DeleteSecurityGroup\",\"ec2:DeleteVolume\",\"ec2:DetachVolume\",\"ec2:ModifyInstanceAttribute\",\"ec2:ModifyVolume\",\"ec2:RevokeSecurityGroupIngress\",\"elasticloadbalancing:AddTags\",\"elasticloadbalancing:AttachLoadBalancerToSubnets\",\"elasticloadbalancing:ApplySecurityGroupsToLoadBalancer\",\"elasticloadbalancing:CreateListener\",\"elasticloadbalancing:CreateLoadBalancer\",\"elasticloadbalancing:CreateLoadBalancerPolicy\",\"elasticloadbalancing:CreateLoadBalancerListeners\",\"elasticloadbalancing:CreateTargetGroup\",\"elasticloadbalancing:ConfigureHealthCheck\",\"elasticloadbalancing:DeleteListener\",\"elasticloadbalancing:DeleteLoadBalancer\",\"elasticloadbalancing:DeleteLoadBalancerListeners\",\"elasticloadbalancing:DeleteTargetGroup\",\"elasticloadbalancing:DeregisterInstancesFromLoadBalancer\",\"elasticloadbalancing:DeregisterTargets\",\"elasticloadbalancing:DetachLoadBalancerFromSubnets\",\"elasticloadbalancing:ModifyListener\",\"elasticloadbalancing:ModifyLoadBalancerAttributes\",\"elasticloadbalancing:ModifyTargetGroup\",\"elasticloadbalancing:ModifyTargetGroupAttributes\",\"elasticloadbalancing:RegisterInstancesWithLoadBalancer\",\"elasticloadbalancing:RegisterTargets\",\"elasticloadbalancing:SetLoadBalancerPoliciesForBackendServer\",\"elasticloadbalancing:SetLoadBalancerPoliciesOfListener\"],\"Effect\":\"Allow\",\"Resource\":\"*\"}],\"Version\":\"2012-10-17\"}",
            "policy_id": "ANPAQQ7P2X2LCKJKT46N6",
            "tags": {
              "Terraform": "true",
              "rosa_openshift_version": "4.15",
              "rosa_role_prefix": "rosa-ril1cq",
              "rosa_role_type": "instance_controlplane"
            },
            "tags_all": {
              "Terraform": "true",
              "rosa_openshift_version": "4.15",
              "rosa_role_prefix": "rosa-ril1cq",
              "rosa_role_type": "instance_controlplane"
            }
          },
          "sensitive_attributes": [],
          "private": "bnVsbA==",
          "dependencies": [
            "data.rhcs_policies.all_policies",
            "data.rhcs_versions.all",
            "module.create_account_roles.module.rosa_account_roles.random_string.default_random",
            "module.create_account_roles.null_resource.validate_all_version_input",
            "module.create_account_roles.null_resource.validate_openshift_version",
            "random_string.random_name"
          ]
        }
      ]
    },
    {
      "module": "module.create_account_roles.module.rosa_account_roles[0].module.rosa_account_roles[1]",
      "mode": "managed",
      "type": "aws_iam_policy_attachment",
      "name": "instance_role_policy_attachment",
      "provider": "provider[\"registry.terraform.io/hashicorp/aws\"]",
      "instances": [
        {
          "schema_version": 0,
          "attributes": {
            "groups": null,
            "id": "controlplane-role-policy-attachment",
            "name": "controlplane-role-policy-attachment",
            "policy_arn": "arn:aws:iam::036473323158:policy/rosa-ril1cq-ControlPlane-Role-Policy",
            "roles": [
              "rosa-ril1cq-ControlPlane-Role"
            ],
            "users": null
          },
          "sensitive_attributes": [],
          "private": "bnVsbA==",
          "dependencies": [
            "data.rhcs_policies.all_policies",
            "data.rhcs_versions.all",
            "module.create_account_roles.module.rosa_account_roles.module.rosa_account_roles.aws_iam_policy.instance_account_role_policy",
            "module.create_account_roles.module.rosa_account_roles.module.rosa_account_roles.aws_iam_role.instance_account_role",
            "module.create_account_roles.module.rosa_account_roles.random_string.default_random",
            "module.create_account_roles.null_resource.validate_all_version_input",
            "module.create_account_roles.null_resource.validate_openshift_version",
            "random_string.random_name"
          ]
        }
      ]
    },
    {
      "module": "module.create_account_roles.module.rosa_account_roles[0].module.rosa_account_roles[1]",
      "mode": "managed",
      "type": "aws_iam_policy_attachment",
      "name": "role_policy_attachment",
      "provider": "provider[\"registry.terraform.io/hashicorp/aws\"]",
      "instances": [
        {
          "schema_version": 0,
          "attributes": {
            "groups": null,
            "id": "support-role-policy-attachment",
            "name": "support-role-policy-attachment",
            "policy_arn": "arn:aws:iam::036473323158:policy/rosa-ril1cq-Support-Role-Policy",
            "roles": [
              "rosa-ril1cq-Support-Role"
            ],
            "users": null
          },
          "sensitive_attributes": [],
          "private": "bnVsbA==",
          "dependencies": [
            "data.rhcs_policies.all_policies",
            "data.rhcs_versions.all",
            "module.create_account_roles.module.rosa_account_roles.module.rosa_account_roles.aws_iam_policy.account_role_policy",
            "module.create_account_roles.module.rosa_account_roles.module.rosa_account_roles.aws_iam_role.account_role",
            "module.create_account_roles.module.rosa_account_roles.random_string.default_random",
            "module.create_account_roles.null_resource.validate_all_version_input",
            "module.create_account_roles.null_resource.validate_openshift_version",
            "random_string.random_name"
          ]
        }
      ]
    },
    {
      "module": "module.create_account_roles.module.rosa_account_roles[0].module.rosa_account_roles[1]",
      "mode": "managed",
      "type": "aws_iam_role",
      "name": "account_role",
      "provider": "provider[\"registry.terraform.io/hashicorp/aws\"]",
      "instances": [
        {
          "schema_version": 0,
          "attributes": {
            "arn": "arn:aws:iam::036473323158:role/rosa-ril1cq-Support-Role",
            "assume_role_policy": "{\"Statement\":[{\"Action\":\"sts:AssumeRole\",\"Effect\":\"Allow\",\"Principal\":{\"AWS\":\"arn:aws:iam::710019948333:role/RH-Technical-Support-Access\"}}],\"Version\":\"2012-10-17\"}",
            "create_date": "2024-05-08T06:39:00Z",
            "description": "",
            "force_detach_policies": false,
            "id": "rosa-ril1cq-Support-Role",
            "inline_policy": [],
            "managed_policy_arns": [],
            "max_session_duration": 3600,
            "name": "rosa-ril1cq-Support-Role",
            "name_prefix": "",
            "path": "/",
            "permissions_boundary": "",
            "tags": {
              "Terraform": "true",
              "red-hat-managed": "true",
              "rosa_openshift_version": "4.15",
              "rosa_role_prefix": "rosa-ril1cq",
              "rosa_role_type": "support"
            },
            "tags_all": {
              "Terraform": "true",
              "red-hat-managed": "true",
              "rosa_openshift_version": "4.15",
              "rosa_role_prefix": "rosa-ril1cq",
              "rosa_role_type": "support"
            },
            "unique_id": "AROAQQ7P2X2LHRJXBSLK5"
          },
          "sensitive_attributes": [],
          "private": "bnVsbA==",
          "dependencies": [
            "data.rhcs_policies.all_policies",
            "data.rhcs_versions.all",
            "module.create_account_roles.module.rosa_account_roles.random_string.default_random",
            "module.create_account_roles.null_resource.validate_all_version_input",
            "module.create_account_roles.null_resource.validate_openshift_version",
            "random_string.random_name"
          ]
        }
      ]
    },
    {
      "module": "module.create_account_roles.module.rosa_account_roles[0].module.rosa_account_roles[1]",
      "mode": "managed",
      "type": "aws_iam_role",
      "name": "instance_account_role",
      "provider": "provider[\"registry.terraform.io/hashicorp/aws\"]",
      "instances": [
        {
          "schema_version": 0,
          "attributes": {
            "arn": "arn:aws:iam::036473323158:role/rosa-ril1cq-ControlPlane-Role",
            "assume_role_policy": "{\"Statement\":[{\"Action\":\"sts:AssumeRole\",\"Effect\":\"Allow\",\"Principal\":{\"Service\":[\"ec2.amazonaws.com\"]}}],\"Version\":\"2012-10-17\"}",
            "create_date": "2024-05-08T06:39:00Z",
            "description": "",
            "force_detach_policies": false,
            "id": "rosa-ril1cq-ControlPlane-Role",
            "inline_policy": [],
            "managed_policy_arns": [],
            "max_session_duration": 3600,
            "name": "rosa-ril1cq-ControlPlane-Role",
            "name_prefix": "",
            "path": "/",
            "permissions_boundary": "",
            "tags": {
              "Terraform": "true",
              "red-hat-managed": "true",
              "rosa_openshift_version": "4.15",
              "rosa_role_prefix": "rosa-ril1cq",
              "rosa_role_type": "instance_controlplane"
            },
            "tags_all": {
              "Terraform": "true",
              "red-hat-managed": "true",
              "rosa_openshift_version": "4.15",
              "rosa_role_prefix": "rosa-ril1cq",
              "rosa_role_type": "instance_controlplane"
            },
            "unique_id": "AROAQQ7P2X2LDQPNFPONG"
          },
          "sensitive_attributes": [],
          "private": "bnVsbA==",
          "dependencies": [
            "data.rhcs_policies.all_policies",
            "data.rhcs_versions.all",
            "module.create_account_roles.module.rosa_account_roles.random_string.default_random",
            "module.create_account_roles.null_resource.validate_all_version_input",
            "module.create_account_roles.null_resource.validate_openshift_version",
            "random_string.random_name"
          ]
        }
      ]
    },
    {
      "module": "module.create_account_roles.module.rosa_account_roles[0].module.rosa_operator_role_policies[0]",
      "mode": "managed",
      "type": "aws_iam_policy",
      "name": "operator-policy",
      "provider": "provider[\"registry.terraform.io/hashicorp/aws\"]",
      "instances": [
        {
          "schema_version": 0,
          "attributes": {
            "arn": "arn:aws:iam::036473323158:policy/rosa-ril1cq-openshift-cloud-network-config-controller-cloud-cred",
            "attachment_count": 0,
            "description": "",
            "id": "arn:aws:iam::036473323158:policy/rosa-ril1cq-openshift-cloud-network-config-controller-cloud-cred",
            "name": "rosa-ril1cq-openshift-cloud-network-config-controller-cloud-cred",
            "name_prefix": "",
            "path": "/",
            "policy": "{\"Statement\":[{\"Action\":[\"ec2:DescribeInstances\",\"ec2:DescribeInstanceStatus\",\"ec2:DescribeInstanceTypes\",\"ec2:UnassignPrivateIpAddresses\",\"ec2:AssignPrivateIpAddresses\",\"ec2:UnassignIpv6Addresses\",\"ec2:AssignIpv6Addresses\",\"ec2:DescribeSubnets\",\"ec2:DescribeNetworkInterfaces\"],\"Effect\":\"Allow\",\"Resource\":\"*\"}],\"Version\":\"2012-10-17\"}",
            "policy_id": "ANPAQQ7P2X2LEQOP5YHFE",
            "tags": {
              "Terraform": "true",
              "operator_name": "cloud-credentials",
              "operator_namespace": "openshift-cloud-network-config-controller",
              "rosa_openshift_version": "4.15",
              "rosa_role_prefix": "rosa-ril1cq"
            },
            "tags_all": {
              "Terraform": "true",
              "operator_name": "cloud-credentials",
              "operator_namespace": "openshift-cloud-network-config-controller",
              "rosa_openshift_version": "4.15",
              "rosa_role_prefix": "rosa-ril1cq"
            }
          },
          "sensitive_attributes": [],
          "private": "bnVsbA==",
          "dependencies": [
            "data.rhcs_policies.all_policies",
            "data.rhcs_versions.all",
            "module.create_account_roles.module.rosa_account_roles.random_string.default_random",
            "module.create_account_roles.null_resource.validate_all_version_input",
            "module.create_account_roles.null_resource.validate_openshift_version",
            "random_string.random_name"
          ]
        }
      ]
    },
    {
      "module": "module.create_account_roles.module.rosa_account_roles[0].module.rosa_operator_role_policies[1]",
      "mode": "managed",
      "type": "aws_iam_policy",
      "name": "operator-policy",
      "provider": "provider[\"registry.terraform.io/hashicorp/aws\"]",
      "instances": [
        {
          "schema_version": 0,
          "attributes": {
            "arn": "arn:aws:iam::036473323158:policy/rosa-ril1cq-openshift-machine-api-aws-cloud-credentials",
            "attachment_count": 0,
            "description": "",
            "id": "arn:aws:iam::036473323158:policy/rosa-ril1cq-openshift-machine-api-aws-cloud-credentials",
            "name": "rosa-ril1cq-openshift-machine-api-aws-cloud-credentials",
            "name_prefix": "",
            "path": "/",
            "policy": "{\"Statement\":[{\"Action\":[\"ec2:CreateTags\",\"ec2:DescribeAvailabilityZones\",\"ec2:DescribeDhcpOptions\",\"ec2:DescribeImages\",\"ec2:DescribeInstances\",\"ec2:DescribeInternetGateways\",\"ec2:DescribeInstanceTypes\",\"ec2:DescribeSecurityGroups\",\"ec2:DescribeRegions\",\"ec2:DescribeSubnets\",\"ec2:DescribeVpcs\",\"ec2:RunInstances\",\"ec2:TerminateInstances\",\"elasticloadbalancing:DescribeLoadBalancers\",\"elasticloadbalancing:DescribeTargetGroups\",\"elasticloadbalancing:DescribeTargetHealth\",\"elasticloadbalancing:RegisterInstancesWithLoadBalancer\",\"elasticloadbalancing:RegisterTargets\",\"elasticloadbalancing:DeregisterTargets\",\"iam:PassRole\",\"iam:CreateServiceLinkedRole\"],\"Effect\":\"Allow\",\"Resource\":\"*\"},{\"Action\":[\"kms:Decrypt\",\"kms:Encrypt\",\"kms:GenerateDataKey\",\"kms:GenerateDataKeyWithoutPlainText\",\"kms:DescribeKey\"],\"Effect\":\"Allow\",\"Resource\":\"*\"},{\"Action\":[\"kms:RevokeGrant\",\"kms:CreateGrant\",\"kms:ListGrants\"],\"Condition\":{\"Bool\":{\"kms:GrantIsForAWSResource\":true}},\"Effect\":\"Allow\",\"Resource\":\"*\"}],\"Version\":\"2012-10-17\"}",
            "policy_id": "ANPAQQ7P2X2LH4RRWQBH5",
            "tags": {
              "Terraform": "true",
              "operator_name": "aws-cloud-credentials",
              "operator_namespace": "openshift-machine-api",
              "rosa_openshift_version": "4.15",
              "rosa_role_prefix": "rosa-ril1cq"
            },
            "tags_all": {
              "Terraform": "true",
              "operator_name": "aws-cloud-credentials",
              "operator_namespace": "openshift-machine-api",
              "rosa_openshift_version": "4.15",
              "rosa_role_prefix": "rosa-ril1cq"
            }
          },
          "sensitive_attributes": [],
          "private": "bnVsbA==",
          "dependencies": [
            "data.rhcs_policies.all_policies",
            "data.rhcs_versions.all",
            "module.create_account_roles.module.rosa_account_roles.random_string.default_random",
            "module.create_account_roles.null_resource.validate_all_version_input",
            "module.create_account_roles.null_resource.validate_openshift_version",
            "random_string.random_name"
          ]
        }
      ]
    },
    {
      "module": "module.create_account_roles.module.rosa_account_roles[0].module.rosa_operator_role_policies[2]",
      "mode": "managed",
      "type": "aws_iam_policy",
      "name": "operator-policy",
      "provider": "provider[\"registry.terraform.io/hashicorp/aws\"]",
      "instances": [
        {
          "schema_version": 0,
          "attributes": {
            "arn": "arn:aws:iam::036473323158:policy/rosa-ril1cq-openshift-cloud-credential-operator-cloud-credential",
            "attachment_count": 0,
            "description": "",
            "id": "arn:aws:iam::036473323158:policy/rosa-ril1cq-openshift-cloud-credential-operator-cloud-credential",
            "name": "rosa-ril1cq-openshift-cloud-credential-operator-cloud-credential",
            "name_prefix": "",
            "path": "/",
            "policy": "{\"Statement\":[{\"Action\":[\"iam:GetUser\",\"iam:GetUserPolicy\",\"iam:ListAccessKeys\"],\"Effect\":\"Allow\",\"Resource\":\"*\"}],\"Version\":\"2012-10-17\"}",
            "policy_id": "ANPAQQ7P2X2LLY7YNWM6R",
            "tags": {
              "Terraform": "true",
              "operator_name": "cloud-credential-operator-iam-ro-creds",
              "operator_namespace": "openshift-cloud-credential-operator",
              "rosa_openshift_version": "4.15",
              "rosa_role_prefix": "rosa-ril1cq"
            },
            "tags_all": {
              "Terraform": "true",
              "operator_name": "cloud-credential-operator-iam-ro-creds",
              "operator_namespace": "openshift-cloud-credential-operator",
              "rosa_openshift_version": "4.15",
              "rosa_role_prefix": "rosa-ril1cq"
            }
          },
          "sensitive_attributes": [],
          "private": "bnVsbA==",
          "dependencies": [
            "data.rhcs_policies.all_policies",
            "data.rhcs_versions.all",
            "module.create_account_roles.module.rosa_account_roles.random_string.default_random",
            "module.create_account_roles.null_resource.validate_all_version_input",
            "module.create_account_roles.null_resource.validate_openshift_version",
            "random_string.random_name"
          ]
        }
      ]
    },
    {
      "module": "module.create_account_roles.module.rosa_account_roles[0].module.rosa_operator_role_policies[3]",
      "mode": "managed",
      "type": "aws_iam_policy",
      "name": "operator-policy",
      "provider": "provider[\"registry.terraform.io/hashicorp/aws\"]",
      "instances": [
        {
          "schema_version": 0,
          "attributes": {
            "arn": "arn:aws:iam::036473323158:policy/rosa-ril1cq-openshift-image-registry-installer-cloud-credentials",
            "attachment_count": 0,
            "description": "",
            "id": "arn:aws:iam::036473323158:policy/rosa-ril1cq-openshift-image-registry-installer-cloud-credentials",
            "name": "rosa-ril1cq-openshift-image-registry-installer-cloud-credentials",
            "name_prefix": "",
            "path": "/",
            "policy": "{\"Statement\":[{\"Action\":[\"s3:CreateBucket\",\"s3:DeleteBucket\",\"s3:PutBucketTagging\",\"s3:GetBucketTagging\",\"s3:PutBucketPublicAccessBlock\",\"s3:GetBucketPublicAccessBlock\",\"s3:PutEncryptionConfiguration\",\"s3:GetEncryptionConfiguration\",\"s3:PutLifecycleConfiguration\",\"s3:GetLifecycleConfiguration\",\"s3:GetBucketLocation\",\"s3:ListBucket\",\"s3:GetObject\",\"s3:PutObject\",\"s3:DeleteObject\",\"s3:ListBucketMultipartUploads\",\"s3:AbortMultipartUpload\",\"s3:ListMultipartUploadParts\"],\"Effect\":\"Allow\",\"Resource\":\"*\"}],\"Version\":\"2012-10-17\"}",
            "policy_id": "ANPAQQ7P2X2LGWHWIIANU",
            "tags": {
              "Terraform": "true",
              "operator_name": "installer-cloud-credentials",
              "operator_namespace": "openshift-image-registry",
              "rosa_openshift_version": "4.15",
              "rosa_role_prefix": "rosa-ril1cq"
            },
            "tags_all": {
              "Terraform": "true",
              "operator_name": "installer-cloud-credentials",
              "operator_namespace": "openshift-image-registry",
              "rosa_openshift_version": "4.15",
              "rosa_role_prefix": "rosa-ril1cq"
            }
          },
          "sensitive_attributes": [],
          "private": "bnVsbA==",
          "dependencies": [
            "data.rhcs_policies.all_policies",
            "data.rhcs_versions.all",
            "module.create_account_roles.module.rosa_account_roles.random_string.default_random",
            "module.create_account_roles.null_resource.validate_all_version_input",
            "module.create_account_roles.null_resource.validate_openshift_version",
            "random_string.random_name"
          ]
        }
      ]
    },
    {
      "module": "module.create_account_roles.module.rosa_account_roles[0].module.rosa_operator_role_policies[4]",
      "mode": "managed",
      "type": "aws_iam_policy",
      "name": "operator-policy",
      "provider": "provider[\"registry.terraform.io/hashicorp/aws\"]",
      "instances": [
        {
          "schema_version": 0,
          "attributes": {
            "arn": "arn:aws:iam::036473323158:policy/rosa-ril1cq-openshift-ingress-operator-cloud-credentials",
            "attachment_count": 0,
            "description": "",
            "id": "arn:aws:iam::036473323158:policy/rosa-ril1cq-openshift-ingress-operator-cloud-credentials",
            "name": "rosa-ril1cq-openshift-ingress-operator-cloud-credentials",
            "name_prefix": "",
            "path": "/",
            "policy": "{\"Statement\":[{\"Action\":[\"elasticloadbalancing:DescribeLoadBalancers\",\"route53:ListHostedZones\",\"route53:ListTagsForResources\",\"route53:ChangeResourceRecordSets\",\"tag:GetResources\"],\"Effect\":\"Allow\",\"Resource\":\"*\"}],\"Version\":\"2012-10-17\"}",
            "policy_id": "ANPAQQ7P2X2LPLJCTT3AA",
            "tags": {
              "Terraform": "true",
              "operator_name": "cloud-credentials",
              "operator_namespace": "openshift-ingress-operator",
              "rosa_openshift_version": "4.15",
              "rosa_role_prefix": "rosa-ril1cq"
            },
            "tags_all": {
              "Terraform": "true",
              "operator_name": "cloud-credentials",
              "operator_namespace": "openshift-ingress-operator",
              "rosa_openshift_version": "4.15",
              "rosa_role_prefix": "rosa-ril1cq"
            }
          },
          "sensitive_attributes": [],
          "private": "bnVsbA==",
          "dependencies": [
            "data.rhcs_policies.all_policies",
            "data.rhcs_versions.all",
            "module.create_account_roles.module.rosa_account_roles.random_string.default_random",
            "module.create_account_roles.null_resource.validate_all_version_input",
            "module.create_account_roles.null_resource.validate_openshift_version",
            "random_string.random_name"
          ]
        }
      ]
    },
    {
      "module": "module.create_account_roles.module.rosa_account_roles[0].module.rosa_operator_role_policies[5]",
      "mode": "managed",
      "type": "aws_iam_policy",
      "name": "operator-policy",
      "provider": "provider[\"registry.terraform.io/hashicorp/aws\"]",
      "instances": [
        {
          "schema_version": 0,
          "attributes": {
            "arn": "arn:aws:iam::036473323158:policy/rosa-ril1cq-openshift-cluster-csi-drivers-ebs-cloud-credentials",
            "attachment_count": 0,
            "description": "",
            "id": "arn:aws:iam::036473323158:policy/rosa-ril1cq-openshift-cluster-csi-drivers-ebs-cloud-credentials",
            "name": "rosa-ril1cq-openshift-cluster-csi-drivers-ebs-cloud-credentials",
            "name_prefix": "",
            "path": "/",
            "policy": "{\"Statement\":[{\"Action\":[\"ec2:AttachVolume\",\"ec2:CreateSnapshot\",\"ec2:CreateTags\",\"ec2:CreateVolume\",\"ec2:DeleteSnapshot\",\"ec2:DeleteTags\",\"ec2:DeleteVolume\",\"ec2:DescribeAvailabilityZones\",\"ec2:DescribeInstances\",\"ec2:DescribeSnapshots\",\"ec2:DescribeTags\",\"ec2:DescribeVolumes\",\"ec2:DescribeVolumesModifications\",\"ec2:DetachVolume\",\"ec2:EnableFastSnapshotRestores\",\"ec2:ModifyVolume\"],\"Effect\":\"Allow\",\"Resource\":\"*\"}],\"Version\":\"2012-10-17\"}",
            "policy_id": "ANPAQQ7P2X2LBN5IYB27V",
            "tags": {
              "Terraform": "true",
              "operator_name": "ebs-cloud-credentials",
              "operator_namespace": "openshift-cluster-csi-drivers",
              "rosa_openshift_version": "4.15",
              "rosa_role_prefix": "rosa-ril1cq"
            },
            "tags_all": {
              "Terraform": "true",
              "operator_name": "ebs-cloud-credentials",
              "operator_namespace": "openshift-cluster-csi-drivers",
              "rosa_openshift_version": "4.15",
              "rosa_role_prefix": "rosa-ril1cq"
            }
          },
          "sensitive_attributes": [],
          "private": "bnVsbA==",
          "dependencies": [
            "data.rhcs_policies.all_policies",
            "data.rhcs_versions.all",
            "module.create_account_roles.module.rosa_account_roles.random_string.default_random",
            "module.create_account_roles.null_resource.validate_all_version_input",
            "module.create_account_roles.null_resource.validate_openshift_version",
            "random_string.random_name"
          ]
        }
      ]
    },
    {
      "module": "module.oidc_provider.module.rosa_oidc_provider[0]",
      "mode": "managed",
      "type": "aws_iam_openid_connect_provider",
      "name": "oidc_provider",
      "provider": "provider[\"registry.terraform.io/hashicorp/aws\"]",
      "instances": [
        {
          "schema_version": 0,
          "attributes": {
            "arn": "arn:aws:iam::036473323158:oidc-provider/oidc.op1.openshiftapps.com/2b4d014ffaqfltevbjqac8166oshcaq8",
            "client_id_list": [
              "openshift",
              "sts.amazonaws.com"
            ],
            "id": "arn:aws:iam::036473323158:oidc-provider/oidc.op1.openshiftapps.com/2b4d014ffaqfltevbjqac8166oshcaq8",
            "tags": {
              "Terraform": "true",
              "rosa_cluster_id": ""
            },
            "tags_all": {
              "Terraform": "true",
              "rosa_cluster_id": ""
            },
            "thumbprint_list": [
              "9e99a48a9960b14926bb7f3b02e22da2b0ab7280"
            ],
            "url": "oidc.op1.openshiftapps.com/2b4d014ffaqfltevbjqac8166oshcaq8"
          },
          "sensitive_attributes": [],
          "private": "bnVsbA==",
          "dependencies": [
            "rhcs_rosa_oidc_config.oidc_config"
          ]
        }
      ]
    },
    {
      "module": "module.operator_roles.module.rosa_operator_roles[0].module.rosa_operator_roles[0]",
      "mode": "data",
      "type": "aws_caller_identity",
      "name": "current",
      "provider": "provider[\"registry.terraform.io/hashicorp/aws\"]",
      "instances": [
        {
          "schema_version": 0,
          "attributes": {
            "account_id": "036473323158",
            "arn": "arn:aws:iam::036473323158:user/open-environment-pd5rd-admin",
            "id": "036473323158",
            "user_id": "AIDAQQ7P2X2LOS7XIUQVY"
          },
          "sensitive_attributes": []
        }
      ]
    },
    {
      "module": "module.operator_roles.module.rosa_operator_roles[0].module.rosa_operator_roles[0]",
      "mode": "managed",
      "type": "aws_iam_role",
      "name": "operator_role",
      "provider": "provider[\"registry.terraform.io/hashicorp/aws\"]",
      "instances": [
        {
          "schema_version": 0,
          "attributes": {
            "arn": "arn:aws:iam::036473323158:role/rosa-ril1cq-openshift-cloud-credential-operator-cloud-credential",
            "assume_role_policy": "{\"Statement\":[{\"Action\":\"sts:AssumeRoleWithWebIdentity\",\"Condition\":{\"StringEquals\":{\"oidc.op1.openshiftapps.com/2b4d014ffaqfltevbjqac8166oshcaq8:sub\":[\"system:serviceaccount:openshift-cloud-credential-operator:cloud-credential-operator\"]}},\"Effect\":\"Allow\",\"Principal\":{\"Federated\":\"arn:aws:iam::036473323158:oidc-provider/oidc.op1.openshiftapps.com/2b4d014ffaqfltevbjqac8166oshcaq8\"}}],\"Version\":\"2012-10-17\"}",
            "create_date": "2024-05-08T06:39:01Z",
            "description": "",
            "force_detach_policies": false,
            "id": "rosa-ril1cq-openshift-cloud-credential-operator-cloud-credential",
            "inline_policy": [],
            "managed_policy_arns": [],
            "max_session_duration": 3600,
            "name": "rosa-ril1cq-openshift-cloud-credential-operator-cloud-credential",
            "name_prefix": "",
            "path": "/",
            "permissions_boundary": "",
            "tags": {
              "Terraform": "true",
              "operator_name": "cloud-credential-operator-iam-ro-creds",
              "operator_namespace": "openshift-cloud-credential-operator",
              "red-hat-managed": "true",
              "rosa_cluster_id": ""
            },
            "tags_all": {
              "Terraform": "true",
              "operator_name": "cloud-credential-operator-iam-ro-creds",
              "operator_namespace": "openshift-cloud-credential-operator",
              "red-hat-managed": "true",
              "rosa_cluster_id": ""
            },
            "unique_id": "AROAQQ7P2X2LC5NMDL2BS"
          },
          "sensitive_attributes": [],
          "private": "bnVsbA==",
          "dependencies": [
            "data.rhcs_rosa_operator_roles.operator_roles",
            "module.operator_roles.module.rosa_operator_roles.module.rosa_operator_roles.data.aws_caller_identity.current",
            "random_string.random_name",
            "rhcs_rosa_oidc_config.oidc_config"
          ]
        }
      ]
    },
    {
      "module": "module.operator_roles.module.rosa_operator_roles[0].module.rosa_operator_roles[0]",
      "mode": "managed",
      "type": "aws_iam_role_policy_attachment",
      "name": "operator_role_policy_attachment",
      "provider": "provider[\"registry.terraform.io/hashicorp/aws\"]",
      "instances": [
        {
          "schema_version": 0,
          "attributes": {
            "id": "rosa-ril1cq-openshift-cloud-credential-operator-cloud-credential-20240508063901528800000004",
            "policy_arn": "arn:aws:iam::036473323158:policy/rosa-ril1cq-openshift-cloud-credential-operator-cloud-credential",
            "role": "rosa-ril1cq-openshift-cloud-credential-operator-cloud-credential"
          },
          "sensitive_attributes": [],
          "private": "bnVsbA==",
          "dependencies": [
            "data.rhcs_rosa_operator_roles.operator_roles",
            "module.operator_roles.module.rosa_operator_roles.module.rosa_operator_roles.aws_iam_role.operator_role",
            "module.operator_roles.module.rosa_operator_roles.module.rosa_operator_roles.data.aws_caller_identity.current",
            "random_string.random_name",
            "rhcs_rosa_oidc_config.oidc_config"
          ]
        }
      ]
    },
    {
      "module": "module.operator_roles.module.rosa_operator_roles[0].module.rosa_operator_roles[1]",
      "mode": "data",
      "type": "aws_caller_identity",
      "name": "current",
      "provider": "provider[\"registry.terraform.io/hashicorp/aws\"]",
      "instances": [
        {
          "schema_version": 0,
          "attributes": {
            "account_id": "036473323158",
            "arn": "arn:aws:iam::036473323158:user/open-environment-pd5rd-admin",
            "id": "036473323158",
            "user_id": "AIDAQQ7P2X2LOS7XIUQVY"
          },
          "sensitive_attributes": []
        }
      ]
    },
    {
      "module": "module.operator_roles.module.rosa_operator_roles[0].module.rosa_operator_roles[1]",
      "mode": "managed",
      "type": "aws_iam_role",
      "name": "operator_role",
      "provider": "provider[\"registry.terraform.io/hashicorp/aws\"]",
      "instances": [
        {
          "schema_version": 0,
          "attributes": {
            "arn": "arn:aws:iam::036473323158:role/rosa-ril1cq-openshift-cloud-network-config-controller-cloud-cred",
            "assume_role_policy": "{\"Statement\":[{\"Action\":\"sts:AssumeRoleWithWebIdentity\",\"Condition\":{\"StringEquals\":{\"oidc.op1.openshiftapps.com/2b4d014ffaqfltevbjqac8166oshcaq8:sub\":[\"system:serviceaccount:openshift-cloud-network-config-controller:cloud-network-config-controller\"]}},\"Effect\":\"Allow\",\"Principal\":{\"Federated\":\"arn:aws:iam::036473323158:oidc-provider/oidc.op1.openshiftapps.com/2b4d014ffaqfltevbjqac8166oshcaq8\"}}],\"Version\":\"2012-10-17\"}",
            "create_date": "2024-05-08T06:39:01Z",
            "description": "",
            "force_detach_policies": false,
            "id": "rosa-ril1cq-openshift-cloud-network-config-controller-cloud-cred",
            "inline_policy": [],
            "managed_policy_arns": [],
            "max_session_duration": 3600,
            "name": "rosa-ril1cq-openshift-cloud-network-config-controller-cloud-cred",
            "name_prefix": "",
            "path": "/",
            "permissions_boundary": "",
            "tags": {
              "Terraform": "true",
              "operator_name": "cloud-credentials",
              "operator_namespace": "openshift-cloud-network-config-controller",
              "red-hat-managed": "true",
              "rosa_cluster_id": ""
            },
            "tags_all": {
              "Terraform": "true",
              "operator_name": "cloud-credentials",
              "operator_namespace": "openshift-cloud-network-config-controller",
              "red-hat-managed": "true",
              "rosa_cluster_id": ""
            },
            "unique_id": "AROAQQ7P2X2LDZTLPK7T2"
          },
          "sensitive_attributes": [],
          "private": "bnVsbA==",
          "dependencies": [
            "data.rhcs_rosa_operator_roles.operator_roles",
            "module.operator_roles.module.rosa_operator_roles.module.rosa_operator_roles.data.aws_caller_identity.current",
            "random_string.random_name",
            "rhcs_rosa_oidc_config.oidc_config"
          ]
        }
      ]
    },
    {
      "module": "module.operator_roles.module.rosa_operator_roles[0].module.rosa_operator_roles[1]",
      "mode": "managed",
      "type": "aws_iam_role_policy_attachment",
      "name": "operator_role_policy_attachment",
      "provider": "provider[\"registry.terraform.io/hashicorp/aws\"]",
      "instances": [
        {
          "schema_version": 0,
          "attributes": {
            "id": "rosa-ril1cq-openshift-cloud-network-config-controller-cloud-cred-20240508063901522500000001",
            "policy_arn": "arn:aws:iam::036473323158:policy/rosa-ril1cq-openshift-cloud-network-config-controller-cloud-cred",
            "role": "rosa-ril1cq-openshift-cloud-network-config-controller-cloud-cred"
          },
          "sensitive_attributes": [],
          "private": "bnVsbA==",
          "dependencies": [
            "data.rhcs_rosa_operator_roles.operator_roles",
            "module.operator_roles.module.rosa_operator_roles.module.rosa_operator_roles.aws_iam_role.operator_role",
            "module.operator_roles.module.rosa_operator_roles.module.rosa_operator_roles.data.aws_caller_identity.current",
            "random_string.random_name",
            "rhcs_rosa_oidc_config.oidc_config"
          ]
        }
      ]
    },
    {
      "module": "module.operator_roles.module.rosa_operator_roles[0].module.rosa_operator_roles[2]",
      "mode": "data",
      "type": "aws_caller_identity",
      "name": "current",
      "provider": "provider[\"registry.terraform.io/hashicorp/aws\"]",
      "instances": [
        {
          "schema_version": 0,
          "attributes": {
            "account_id": "036473323158",
            "arn": "arn:aws:iam::036473323158:user/open-environment-pd5rd-admin",
            "id": "036473323158",
            "user_id": "AIDAQQ7P2X2LOS7XIUQVY"
          },
          "sensitive_attributes": []
        }
      ]
    },
    {
      "module": "module.operator_roles.module.rosa_operator_roles[0].module.rosa_operator_roles[2]",
      "mode": "managed",
      "type": "aws_iam_role",
      "name": "operator_role",
      "provider": "provider[\"registry.terraform.io/hashicorp/aws\"]",
      "instances": [
        {
          "schema_version": 0,
          "attributes": {
            "arn": "arn:aws:iam::036473323158:role/rosa-ril1cq-openshift-cluster-csi-drivers-ebs-cloud-credentials",
            "assume_role_policy": "{\"Statement\":[{\"Action\":\"sts:AssumeRoleWithWebIdentity\",\"Condition\":{\"StringEquals\":{\"oidc.op1.openshiftapps.com/2b4d014ffaqfltevbjqac8166oshcaq8:sub\":[\"system:serviceaccount:openshift-cluster-csi-drivers:aws-ebs-csi-driver-operator\",\"system:serviceaccount:openshift-cluster-csi-drivers:aws-ebs-csi-driver-controller-sa\"]}},\"Effect\":\"Allow\",\"Principal\":{\"Federated\":\"arn:aws:iam::036473323158:oidc-provider/oidc.op1.openshiftapps.com/2b4d014ffaqfltevbjqac8166oshcaq8\"}}],\"Version\":\"2012-10-17\"}",
            "create_date": "2024-05-08T06:39:01Z",
            "description": "",
            "force_detach_policies": false,
            "id": "rosa-ril1cq-openshift-cluster-csi-drivers-ebs-cloud-credentials",
            "inline_policy": [],
            "managed_policy_arns": [],
            "max_session_duration": 3600,
            "name": "rosa-ril1cq-openshift-cluster-csi-drivers-ebs-cloud-credentials",
            "name_prefix": "",
            "path": "/",
            "permissions_boundary": "",
            "tags": {
              "Terraform": "true",
              "operator_name": "ebs-cloud-credentials",
              "operator_namespace": "openshift-cluster-csi-drivers",
              "red-hat-managed": "true",
              "rosa_cluster_id": ""
            },
            "tags_all": {
              "Terraform": "true",
              "operator_name": "ebs-cloud-credentials",
              "operator_namespace": "openshift-cluster-csi-drivers",
              "red-hat-managed": "true",
              "rosa_cluster_id": ""
            },
            "unique_id": "AROAQQ7P2X2LJJP2X7OW5"
          },
          "sensitive_attributes": [],
          "private": "bnVsbA==",
          "dependencies": [
            "data.rhcs_rosa_operator_roles.operator_roles",
            "module.operator_roles.module.rosa_operator_roles.module.rosa_operator_roles.data.aws_caller_identity.current",
            "random_string.random_name",
            "rhcs_rosa_oidc_config.oidc_config"
          ]
        }
      ]
    },
    {
      "module": "module.operator_roles.module.rosa_operator_roles[0].module.rosa_operator_roles[2]",
      "mode": "managed",
      "type": "aws_iam_role_policy_attachment",
      "name": "operator_role_policy_attachment",
      "provider": "provider[\"registry.terraform.io/hashicorp/aws\"]",
      "instances": [
        {
          "schema_version": 0,
          "attributes": {
            "id": "rosa-ril1cq-openshift-cluster-csi-drivers-ebs-cloud-credentials-20240508063901554600000005",
            "policy_arn": "arn:aws:iam::036473323158:policy/rosa-ril1cq-openshift-cluster-csi-drivers-ebs-cloud-credentials",
            "role": "rosa-ril1cq-openshift-cluster-csi-drivers-ebs-cloud-credentials"
          },
          "sensitive_attributes": [],
          "private": "bnVsbA==",
          "dependencies": [
            "data.rhcs_rosa_operator_roles.operator_roles",
            "module.operator_roles.module.rosa_operator_roles.module.rosa_operator_roles.aws_iam_role.operator_role",
            "module.operator_roles.module.rosa_operator_roles.module.rosa_operator_roles.data.aws_caller_identity.current",
            "random_string.random_name",
            "rhcs_rosa_oidc_config.oidc_config"
          ]
        }
      ]
    },
    {
      "module": "module.operator_roles.module.rosa_operator_roles[0].module.rosa_operator_roles[3]",
      "mode": "data",
      "type": "aws_caller_identity",
      "name": "current",
      "provider": "provider[\"registry.terraform.io/hashicorp/aws\"]",
      "instances": [
        {
          "schema_version": 0,
          "attributes": {
            "account_id": "036473323158",
            "arn": "arn:aws:iam::036473323158:user/open-environment-pd5rd-admin",
            "id": "036473323158",
            "user_id": "AIDAQQ7P2X2LOS7XIUQVY"
          },
          "sensitive_attributes": []
        }
      ]
    },
    {
      "module": "module.operator_roles.module.rosa_operator_roles[0].module.rosa_operator_roles[3]",
      "mode": "managed",
      "type": "aws_iam_role",
      "name": "operator_role",
      "provider": "provider[\"registry.terraform.io/hashicorp/aws\"]",
      "instances": [
        {
          "schema_version": 0,
          "attributes": {
            "arn": "arn:aws:iam::036473323158:role/rosa-ril1cq-openshift-image-registry-installer-cloud-credentials",
            "assume_role_policy": "{\"Statement\":[{\"Action\":\"sts:AssumeRoleWithWebIdentity\",\"Condition\":{\"StringEquals\":{\"oidc.op1.openshiftapps.com/2b4d014ffaqfltevbjqac8166oshcaq8:sub\":[\"system:serviceaccount:openshift-image-registry:cluster-image-registry-operator\",\"system:serviceaccount:openshift-image-registry:registry\"]}},\"Effect\":\"Allow\",\"Principal\":{\"Federated\":\"arn:aws:iam::036473323158:oidc-provider/oidc.op1.openshiftapps.com/2b4d014ffaqfltevbjqac8166oshcaq8\"}}],\"Version\":\"2012-10-17\"}",
            "create_date": "2024-05-08T06:39:01Z",
            "description": "",
            "force_detach_policies": false,
            "id": "rosa-ril1cq-openshift-image-registry-installer-cloud-credentials",
            "inline_policy": [],
            "managed_policy_arns": [],
            "max_session_duration": 3600,
            "name": "rosa-ril1cq-openshift-image-registry-installer-cloud-credentials",
            "name_prefix": "",
            "path": "/",
            "permissions_boundary": "",
            "tags": {
              "Terraform": "true",
              "operator_name": "installer-cloud-credentials",
              "operator_namespace": "openshift-image-registry",
              "red-hat-managed": "true",
              "rosa_cluster_id": ""
            },
            "tags_all": {
              "Terraform": "true",
              "operator_name": "installer-cloud-credentials",
              "operator_namespace": "openshift-image-registry",
              "red-hat-managed": "true",
              "rosa_cluster_id": ""
            },
            "unique_id": "AROAQQ7P2X2LKVU52FMFK"
          },
          "sensitive_attributes": [],
          "private": "bnVsbA==",
          "dependencies": [
            "data.rhcs_rosa_operator_roles.operator_roles",
            "module.operator_roles.module.rosa_operator_roles.module.rosa_operator_roles.data.aws_caller_identity.current",
            "random_string.random_name",
            "rhcs_rosa_oidc_config.oidc_config"
          ]
        }
      ]
    },
    {
      "module": "module.operator_roles.module.rosa_operator_roles[0].module.rosa_operator_roles[3]",
      "mode": "managed",
      "type": "aws_iam_role_policy_attachment",
      "name": "operator_role_policy_attachment",
      "provider": "provider[\"registry.terraform.io/hashicorp/aws\"]",
      "instances": [
        {
          "schema_version": 0,
          "attributes": {
            "id": "rosa-ril1cq-openshift-image-registry-installer-cloud-credentials-20240508063901526900000002",
            "policy_arn": "arn:aws:iam::036473323158:policy/rosa-ril1cq-openshift-image-registry-installer-cloud-credentials",
            "role": "rosa-ril1cq-openshift-image-registry-installer-cloud-credentials"
          },
          "sensitive_attributes": [],
          "private": "bnVsbA==",
          "dependencies": [
            "data.rhcs_rosa_operator_roles.operator_roles",
            "module.operator_roles.module.rosa_operator_roles.module.rosa_operator_roles.aws_iam_role.operator_role",
            "module.operator_roles.module.rosa_operator_roles.module.rosa_operator_roles.data.aws_caller_identity.current",
            "random_string.random_name",
            "rhcs_rosa_oidc_config.oidc_config"
          ]
        }
      ]
    },
    {
      "module": "module.operator_roles.module.rosa_operator_roles[0].module.rosa_operator_roles[4]",
      "mode": "data",
      "type": "aws_caller_identity",
      "name": "current",
      "provider": "provider[\"registry.terraform.io/hashicorp/aws\"]",
      "instances": [
        {
          "schema_version": 0,
          "attributes": {
            "account_id": "036473323158",
            "arn": "arn:aws:iam::036473323158:user/open-environment-pd5rd-admin",
            "id": "036473323158",
            "user_id": "AIDAQQ7P2X2LOS7XIUQVY"
          },
          "sensitive_attributes": []
        }
      ]
    },
    {
      "module": "module.operator_roles.module.rosa_operator_roles[0].module.rosa_operator_roles[4]",
      "mode": "managed",
      "type": "aws_iam_role",
      "name": "operator_role",
      "provider": "provider[\"registry.terraform.io/hashicorp/aws\"]",
      "instances": [
        {
          "schema_version": 0,
          "attributes": {
            "arn": "arn:aws:iam::036473323158:role/rosa-ril1cq-openshift-ingress-operator-cloud-credentials",
            "assume_role_policy": "{\"Statement\":[{\"Action\":\"sts:AssumeRoleWithWebIdentity\",\"Condition\":{\"StringEquals\":{\"oidc.op1.openshiftapps.com/2b4d014ffaqfltevbjqac8166oshcaq8:sub\":[\"system:serviceaccount:openshift-ingress-operator:ingress-operator\"]}},\"Effect\":\"Allow\",\"Principal\":{\"Federated\":\"arn:aws:iam::036473323158:oidc-provider/oidc.op1.openshiftapps.com/2b4d014ffaqfltevbjqac8166oshcaq8\"}}],\"Version\":\"2012-10-17\"}",
            "create_date": "2024-05-08T06:39:01Z",
            "description": "",
            "force_detach_policies": false,
            "id": "rosa-ril1cq-openshift-ingress-operator-cloud-credentials",
            "inline_policy": [],
            "managed_policy_arns": [],
            "max_session_duration": 3600,
            "name": "rosa-ril1cq-openshift-ingress-operator-cloud-credentials",
            "name_prefix": "",
            "path": "/",
            "permissions_boundary": "",
            "tags": {
              "Terraform": "true",
              "operator_name": "cloud-credentials",
              "operator_namespace": "openshift-ingress-operator",
              "red-hat-managed": "true",
              "rosa_cluster_id": ""
            },
            "tags_all": {
              "Terraform": "true",
              "operator_name": "cloud-credentials",
              "operator_namespace": "openshift-ingress-operator",
              "red-hat-managed": "true",
              "rosa_cluster_id": ""
            },
            "unique_id": "AROAQQ7P2X2LCLB6W25UJ"
          },
          "sensitive_attributes": [],
          "private": "bnVsbA==",
          "dependencies": [
            "data.rhcs_rosa_operator_roles.operator_roles",
            "module.operator_roles.module.rosa_operator_roles.module.rosa_operator_roles.data.aws_caller_identity.current",
            "random_string.random_name",
            "rhcs_rosa_oidc_config.oidc_config"
          ]
        }
      ]
    },
    {
      "module": "module.operator_roles.module.rosa_operator_roles[0].module.rosa_operator_roles[4]",
      "mode": "managed",
      "type": "aws_iam_role_policy_attachment",
      "name": "operator_role_policy_attachment",
      "provider": "provider[\"registry.terraform.io/hashicorp/aws\"]",
      "instances": [
        {
          "schema_version": 0,
          "attributes": {
            "id": "rosa-ril1cq-openshift-ingress-operator-cloud-credentials-20240508063901527000000003",
            "policy_arn": "arn:aws:iam::036473323158:policy/rosa-ril1cq-openshift-ingress-operator-cloud-credentials",
            "role": "rosa-ril1cq-openshift-ingress-operator-cloud-credentials"
          },
          "sensitive_attributes": [],
          "private": "bnVsbA==",
          "dependencies": [
            "data.rhcs_rosa_operator_roles.operator_roles",
            "module.operator_roles.module.rosa_operator_roles.module.rosa_operator_roles.aws_iam_role.operator_role",
            "module.operator_roles.module.rosa_operator_roles.module.rosa_operator_roles.data.aws_caller_identity.current",
            "random_string.random_name",
            "rhcs_rosa_oidc_config.oidc_config"
          ]
        }
      ]
    },
    {
      "module": "module.operator_roles.module.rosa_operator_roles[0].module.rosa_operator_roles[5]",
      "mode": "data",
      "type": "aws_caller_identity",
      "name": "current",
      "provider": "provider[\"registry.terraform.io/hashicorp/aws\"]",
      "instances": [
        {
          "schema_version": 0,
          "attributes": {
            "account_id": "036473323158",
            "arn": "arn:aws:iam::036473323158:user/open-environment-pd5rd-admin",
            "id": "036473323158",
            "user_id": "AIDAQQ7P2X2LOS7XIUQVY"
          },
          "sensitive_attributes": []
        }
      ]
    },
    {
      "module": "module.operator_roles.module.rosa_operator_roles[0].module.rosa_operator_roles[5]",
      "mode": "managed",
      "type": "aws_iam_role",
      "name": "operator_role",
      "provider": "provider[\"registry.terraform.io/hashicorp/aws\"]",
      "instances": [
        {
          "schema_version": 0,
          "attributes": {
            "arn": "arn:aws:iam::036473323158:role/rosa-ril1cq-openshift-machine-api-aws-cloud-credentials",
            "assume_role_policy": "{\"Statement\":[{\"Action\":\"sts:AssumeRoleWithWebIdentity\",\"Condition\":{\"StringEquals\":{\"oidc.op1.openshiftapps.com/2b4d014ffaqfltevbjqac8166oshcaq8:sub\":[\"system:serviceaccount:openshift-machine-api:machine-api-controllers\"]}},\"Effect\":\"Allow\",\"Principal\":{\"Federated\":\"arn:aws:iam::036473323158:oidc-provider/oidc.op1.openshiftapps.com/2b4d014ffaqfltevbjqac8166oshcaq8\"}}],\"Version\":\"2012-10-17\"}",
            "create_date": "2024-05-08T06:39:01Z",
            "description": "",
            "force_detach_policies": false,
            "id": "rosa-ril1cq-openshift-machine-api-aws-cloud-credentials",
            "inline_policy": [],
            "managed_policy_arns": [],
            "max_session_duration": 3600,
            "name": "rosa-ril1cq-openshift-machine-api-aws-cloud-credentials",
            "name_prefix": "",
            "path": "/",
            "permissions_boundary": "",
            "tags": {
              "Terraform": "true",
              "operator_name": "aws-cloud-credentials",
              "operator_namespace": "openshift-machine-api",
              "red-hat-managed": "true",
              "rosa_cluster_id": ""
            },
            "tags_all": {
              "Terraform": "true",
              "operator_name": "aws-cloud-credentials",
              "operator_namespace": "openshift-machine-api",
              "red-hat-managed": "true",
              "rosa_cluster_id": ""
            },
            "unique_id": "AROAQQ7P2X2LNDW3XDHV3"
          },
          "sensitive_attributes": [],
          "private": "bnVsbA==",
          "dependencies": [
            "data.rhcs_rosa_operator_roles.operator_roles",
            "module.operator_roles.module.rosa_operator_roles.module.rosa_operator_roles.data.aws_caller_identity.current",
            "random_string.random_name",
            "rhcs_rosa_oidc_config.oidc_config"
          ]
        }
      ]
    },
    {
      "module": "module.operator_roles.module.rosa_operator_roles[0].module.rosa_operator_roles[5]",
      "mode": "managed",
      "type": "aws_iam_role_policy_attachment",
      "name": "operator_role_policy_attachment",
      "provider": "provider[\"registry.terraform.io/hashicorp/aws\"]",
      "instances": [
        {
          "schema_version": 0,
          "attributes": {
            "id": "rosa-ril1cq-openshift-machine-api-aws-cloud-credentials-20240508063901555600000006",
            "policy_arn": "arn:aws:iam::036473323158:policy/rosa-ril1cq-openshift-machine-api-aws-cloud-credentials",
            "role": "rosa-ril1cq-openshift-machine-api-aws-cloud-credentials"
          },
          "sensitive_attributes": [],
          "private": "bnVsbA==",
          "dependencies": [
            "data.rhcs_rosa_operator_roles.operator_roles",
            "module.operator_roles.module.rosa_operator_roles.module.rosa_operator_roles.aws_iam_role.operator_role",
            "module.operator_roles.module.rosa_operator_roles.module.rosa_operator_roles.data.aws_caller_identity.current",
            "random_string.random_name",
            "rhcs_rosa_oidc_config.oidc_config"
          ]
        }
      ]
    }
  ],
  "check_results": [
    {
      "object_kind": "resource",
      "config_addr": "module.oidc_provider.null_resource.validate_openshift_version",
      "status": "pass",
      "objects": null
    },
    {
      "object_kind": "var",
      "config_addr": "module.oidc_provider.module.rosa_account_roles.var.ocm_environment",
      "status": "pass",
      "objects": null
    },
    {
      "object_kind": "var",
      "config_addr": "module.create_account_roles.module.rosa_operator_roles.var.operator_roles_properties",
      "status": "pass",
      "objects": null
    },
    {
      "object_kind": "resource",
      "config_addr": "module.operator_roles.null_resource.validate_all_version_input",
      "status": "pass",
      "objects": null
    },
    {
      "object_kind": "var",
      "config_addr": "module.create_account_roles.module.rosa_account_roles.var.ocm_environment",
      "status": "pass",
      "objects": [
        {
          "object_addr": "module.create_account_roles.module.rosa_account_roles[0].var.ocm_environment",
          "status": "pass"
        }
      ]
    },
    {
      "object_kind": "var",
      "config_addr": "module.oidc_provider.module.rosa_operator_roles.var.operator_roles_properties",
      "status": "pass",
      "objects": null
    },
    {
      "object_kind": "resource",
      "config_addr": "module.operator_roles.null_resource.validate_openshift_version",
      "status": "pass",
      "objects": null
    },
    {
      "object_kind": "var",
      "config_addr": "module.operator_roles.module.rosa_operator_roles.var.operator_roles_properties",
      "status": "pass",
      "objects": [
        {
          "object_addr": "module.operator_roles.module.rosa_operator_roles[0].var.operator_roles_properties",
          "status": "pass"
        }
      ]
    },
    {
      "object_kind": "resource",
      "config_addr": "rhcs_cluster_rosa_classic.rosa_sts_cluster",
      "status": "pass",
      "objects": [
        {
          "object_addr": "rhcs_cluster_rosa_classic.rosa_sts_cluster",
          "status": "pass"
        }
      ]
    },
    {
      "object_kind": "resource",
      "config_addr": "module.create_account_roles.null_resource.validate_openshift_version",
      "status": "pass",
      "objects": [
        {
          "object_addr": "module.create_account_roles.null_resource.validate_openshift_version[0]",
          "status": "pass"
        }
      ]
    },
    {
      "object_kind": "resource",
      "config_addr": "module.create_account_roles.null_resource.validate_all_version_input",
      "status": "pass",
      "objects": [
        {
          "object_addr": "module.create_account_roles.null_resource.validate_all_version_input[0]",
          "status": "pass"
        }
      ]
    },
    {
      "object_kind": "var",
      "config_addr": "module.operator_roles.module.rosa_account_roles.var.ocm_environment",
      "status": "pass",
      "objects": null
    },
    {
      "object_kind": "resource",
      "config_addr": "module.oidc_provider.null_resource.validate_all_version_input",
      "status": "pass",
      "objects": null
    }
  ]
}
